
Microsoft Visual Studio Solution File, Format Version 12.00
# Visual Studio 14
VisualStudioVersion = 14.0.25420.1
MinimumVisualStudioVersion = 10.0.40219.1
Project("{8BC9CEB8-8B4A-11D0-8D11-00A0C91BC942}") = "Example04_01", "Chapter04\Chapter04.vcxproj", "{722AEAC9-4E25-41D4-A128-9B3FB5D1D027}"
EndProject
Project("{8BC9CEB8-8B4A-11D0-8D11-00A0C91BC942}") = "Example04_33", "Example04_33\Example04_33.vcxproj", "{F88966E9-564A-4ADF-B501-159891060BEC}"
EndProject
Project("{8BC9CEB8-8B4A-11D0-8D11-00A0C91BC942}") = "Example04_02", "Example04_02\Example04_02.vcxproj", "{305E5F97-A2F0-4CE8-8672-465A1DEA528A}"
EndProject
Project("{8BC9CEB8-8B4A-11D0-8D11-00A0C91BC942}") = "Example04_03", "Example04_03\Example04_03.vcxproj", "{AFB11495-E567-4F29-8901-54A8BAA81FDD}"
EndProject
Project("{8BC9CEB8-8B4A-11D0-8D11-00A0C91BC942}") = "Example04_04", "Example04_04\Example04_04.vcxproj", "{26FCE588-22FB-46B7-8379-18E61AC3F3B2}"
EndProject
Project("{8BC9CEB8-8B4A-11D0-8D11-00A0C91BC942}") = "Example04_05", "Example04_05\Example04_05.vcxproj", "{1CBB1EB7-57A2-434A-A572-FC9FA8412B3B}"
EndProject
Project("{8BC9CEB8-8B4A-11D0-8D11-00A0C91BC942}") = "Example04_06", "Example04_06\Example04_06.vcxproj", "{5ACD8BCF-98F3-4331-B78D-EFEB5E44B288}"
EndProject
Project("{8BC9CEB8-8B4A-11D0-8D11-00A0C91BC942}") = "Example04_07", "Example04_07\Example04_07.vcxproj", "{FAEDDE74-8D65-4047-9988-84A2C8E13579}"
EndProject
Project("{8BC9CEB8-8B4A-11D0-8D11-00A0C91BC942}") = "Example04_08", "Example04_08\Example04_08.vcxproj", "{E9BA63C3-6D26-49BC-96B1-585145EDB2A0}"
EndProject
Project("{8BC9CEB8-8B4A-11D0-8D11-00A0C91BC942}") = "Example04_09", "Example04_09\Example04_09.vcxproj", "{160197DD-808F-414A-B268-895491E74558}"
EndProject
Project("{8BC9CEB8-8B4A-11D0-8D11-00A0C91BC942}") = "Example04_10", "Example04_10\Example04_10.vcxproj", "{46CF9D7A-42E4-4790-AFEE-5E620A22C20D}"
EndProject
Project("{8BC9CEB8-8B4A-11D0-8D11-00A0C91BC942}") = "Example04_11", "Example04_11\Example04_11.vcxproj", "{FE2EADAD-86D1-49A4-BED6-DB9567279448}"
EndProject
Project("{8BC9CEB8-8B4A-11D0-8D11-00A0C91BC942}") = "Example04_12", "Example04_12\Example04_12.vcxproj", "{95B7C23E-6764-4130-A099-8E4EC92E1A22}"
EndProject
Project("{8BC9CEB8-8B4A-11D0-8D11-00A0C91BC942}") = "Example04_14", "Example04_14\Example04_14.vcxproj", "{190F353C-8B6B-43D7-A640-F8A2A00B1407}"
EndProject
Project("{8BC9CEB8-8B4A-11D0-8D11-00A0C91BC942}") = "Example04_13", "Example04_13\Example04_13.vcxproj", "{979C16B5-799D-4FC2-8A8C-7D23F0B12586}"
EndProject
Project("{8BC9CEB8-8B4A-11D0-8D11-00A0C91BC942}") = "Example04_15", "Example04_15\Example04_15.vcxproj", "{BE514875-75F4-49BC-874D-608F388F16AE}"
EndProject
Project("{8BC9CEB8-8B4A-11D0-8D11-00A0C91BC942}") = "Example04_16", "Example04_16\Example04_16.vcxproj", "{276A537C-FC31-48A0-929C-D0DE585E810A}"
EndProject
Project("{8BC9CEB8-8B4A-11D0-8D11-00A0C91BC942}") = "Example04_17", "Example04_17\Example04_17.vcxproj", "{38CA6FEC-BAFA-4914-8318-8C552815CAB7}"
EndProject
Project("{8BC9CEB8-8B4A-11D0-8D11-00A0C91BC942}") = "Example04_18", "Example04_18\Example04_18.vcxproj", "{5E060749-36E1-4270-8EB3-AC9BE782C8FB}"
EndProject
Project("{8BC9CEB8-8B4A-11D0-8D11-00A0C91BC942}") = "Example04_19", "Example04_19\Example04_19.vcxproj", "{82F44835-D64E-4E0F-AD48-AACD9070D7DC}"
EndProject
Project("{8BC9CEB8-8B4A-11D0-8D11-00A0C91BC942}") = "Example04_20", "Example04_20\Example04_20.vcxproj", "{EE2D12E5-410F-4AD2-99FD-09EA2736A9C6}"
EndProject
Project("{8BC9CEB8-8B4A-11D0-8D11-00A0C91BC942}") = "Example04_21", "Example04_21\Example04_21.vcxproj", "{7101E829-6CE1-406E-B3DE-63651D1A7CBA}"
EndProject
Project("{8BC9CEB8-8B4A-11D0-8D11-00A0C91BC942}") = "Example04_22", "Example04_22\Example04_22.vcxproj", "{CE570C7B-3B02-4672-8BC4-3E614F38907E}"
EndProject
Project("{8BC9CEB8-8B4A-11D0-8D11-00A0C91BC942}") = "Example04_23", "Example04_23\Example04_23.vcxproj", "{BC405A08-7758-40B0-ACAE-2CABE981F0F2}"
EndProject
Project("{8BC9CEB8-8B4A-11D0-8D11-00A0C91BC942}") = "Example04_24", "Example04_24\Example04_24.vcxproj", "{1688DB35-B8EB-43D3-BCA0-28D72F39F9BE}"
EndProject
Project("{8BC9CEB8-8B4A-11D0-8D11-00A0C91BC942}") = "Example04_25", "Example04_25\Example04_25.vcxproj", "{C298D1D4-092B-4EB1-BC3C-5D62F34E2079}"
EndProject
Project("{8BC9CEB8-8B4A-11D0-8D11-00A0C91BC942}") = "Example04_26", "Example04_26\Example04_26.vcxproj", "{5947A209-A9D9-4F18-B6B3-3516DC72C6D5}"
EndProject
Project("{8BC9CEB8-8B4A-11D0-8D11-00A0C91BC942}") = "Example04_27", "Example04_27\Example04_27.vcxproj", "{58FDC03C-1AE2-4AD3-B814-ECA06964A9EA}"
EndProject
Project("{8BC9CEB8-8B4A-11D0-8D11-00A0C91BC942}") = "Example04_28", "Example04_28\Example04_28.vcxproj", "{808E58E9-8B3C-4872-BF8C-D30E96E89D56}"
EndProject
Project("{8BC9CEB8-8B4A-11D0-8D11-00A0C91BC942}") = "Example04_29", "Example04_29\Example04_29.vcxproj", "{30CCC36A-EA61-450B-B38F-CAC31CA06AAF}"
EndProject
Project("{8BC9CEB8-8B4A-11D0-8D11-00A0C91BC942}") = "Example04_30", "Example04_30\Example04_30.vcxproj", "{A50CAFC4-4ACB-4B91-9646-90A7633FC1A7}"
EndProject
Project("{8BC9CEB8-8B4A-11D0-8D11-00A0C91BC942}") = "Example04_31", "Example04_31\Example04_31.vcxproj", "{325A6585-048D-4F88-B628-FC41B5E90998}"
EndProject
Project("{8BC9CEB8-8B4A-11D0-8D11-00A0C91BC942}") = "Example04_32", "Example04_32\Example04_32.vcxproj", "{1E63CF45-540F-4673-A437-52354ABA20D7}"
EndProject
Global
	GlobalSection(SolutionConfigurationPlatforms) = preSolution
		Debug|x64 = Debug|x64
		Debug|x86 = Debug|x86
		Release|x64 = Release|x64
		Release|x86 = Release|x86
	EndGlobalSection
	GlobalSection(ProjectConfigurationPlatforms) = postSolution
		{722AEAC9-4E25-41D4-A128-9B3FB5D1D027}.Debug|x64.ActiveCfg = Debug|x64
		{722AEAC9-4E25-41D4-A128-9B3FB5D1D027}.Debug|x64.Build.0 = Debug|x64
		{722AEAC9-4E25-41D4-A128-9B3FB5D1D027}.Debug|x86.ActiveCfg = Debug|Win32
		{722AEAC9-4E25-41D4-A128-9B3FB5D1D027}.Debug|x86.Build.0 = Debug|Win32
		{722AEAC9-4E25-41D4-A128-9B3FB5D1D027}.Release|x64.ActiveCfg = Release|x64
		{722AEAC9-4E25-41D4-A128-9B3FB5D1D027}.Release|x64.Build.0 = Release|x64
		{722AEAC9-4E25-41D4-A128-9B3FB5D1D027}.Release|x86.ActiveCfg = Release|Win32
		{722AEAC9-4E25-41D4-A128-9B3FB5D1D027}.Release|x86.Build.0 = Release|Win32
		{F88966E9-564A-4ADF-B501-159891060BEC}.Debug|x64.ActiveCfg = Debug|x64
		{F88966E9-564A-4ADF-B501-159891060BEC}.Debug|x64.Build.0 = Debug|x64
		{F88966E9-564A-4ADF-B501-159891060BEC}.Debug|x86.ActiveCfg = Debug|Win32
		{F88966E9-564A-4ADF-B501-159891060BEC}.Debug|x86.Build.0 = Debug|Win32
		{F88966E9-564A-4ADF-B501-159891060BEC}.Release|x64.ActiveCfg = Release|x64
		{F88966E9-564A-4ADF-B501-159891060BEC}.Release|x64.Build.0 = Release|x64
		{F88966E9-564A-4ADF-B501-159891060BEC}.Release|x86.ActiveCfg = Release|Win32
		{F88966E9-564A-4ADF-B501-159891060BEC}.Release|x86.Build.0 = Release|Win32
		{305E5F97-A2F0-4CE8-8672-465A1DEA528A}.Debug|x64.ActiveCfg = Debug|x64
		{305E5F97-A2F0-4CE8-8672-465A1DEA528A}.Debug|x64.Build.0 = Debug|x64
		{305E5F97-A2F0-4CE8-8672-465A1DEA528A}.Debug|x86.ActiveCfg = Debug|Win32
		{305E5F97-A2F0-4CE8-8672-465A1DEA528A}.Debug|x86.Build.0 = Debug|Win32
		{305E5F97-A2F0-4CE8-8672-465A1DEA528A}.Release|x64.ActiveCfg = Release|x64
		{305E5F97-A2F0-4CE8-8672-465A1DEA528A}.Release|x64.Build.0 = Release|x64
		{305E5F97-A2F0-4CE8-8672-465A1DEA528A}.Release|x86.ActiveCfg = Release|Win32
		{305E5F97-A2F0-4CE8-8672-465A1DEA528A}.Release|x86.Build.0 = Release|Win32
		{AFB11495-E567-4F29-8901-54A8BAA81FDD}.Debug|x64.ActiveCfg = Debug|x64
		{AFB11495-E567-4F29-8901-54A8BAA81FDD}.Debug|x64.Build.0 = Debug|x64
		{AFB11495-E567-4F29-8901-54A8BAA81FDD}.Debug|x86.ActiveCfg = Debug|Win32
		{AFB11495-E567-4F29-8901-54A8BAA81FDD}.Debug|x86.Build.0 = Debug|Win32
		{AFB11495-E567-4F29-8901-54A8BAA81FDD}.Release|x64.ActiveCfg = Release|x64
		{AFB11495-E567-4F29-8901-54A8BAA81FDD}.Release|x64.Build.0 = Release|x64
		{AFB11495-E567-4F29-8901-54A8BAA81FDD}.Release|x86.ActiveCfg = Release|Win32
		{AFB11495-E567-4F29-8901-54A8BAA81FDD}.Release|x86.Build.0 = Release|Win32
		{26FCE588-22FB-46B7-8379-18E61AC3F3B2}.Debug|x64.ActiveCfg = Debug|x64
		{26FCE588-22FB-46B7-8379-18E61AC3F3B2}.Debug|x64.Build.0 = Debug|x64
		{26FCE588-22FB-46B7-8379-18E61AC3F3B2}.Debug|x86.ActiveCfg = Debug|Win32
		{26FCE588-22FB-46B7-8379-18E61AC3F3B2}.Debug|x86.Build.0 = Debug|Win32
		{26FCE588-22FB-46B7-8379-18E61AC3F3B2}.Release|x64.ActiveCfg = Release|x64
		{26FCE588-22FB-46B7-8379-18E61AC3F3B2}.Release|x64.Build.0 = Release|x64
		{26FCE588-22FB-46B7-8379-18E61AC3F3B2}.Release|x86.ActiveCfg = Release|Win32
		{26FCE588-22FB-46B7-8379-18E61AC3F3B2}.Release|x86.Build.0 = Release|Win32
		{1CBB1EB7-57A2-434A-A572-FC9FA8412B3B}.Debug|x64.ActiveCfg = Debug|x64
		{1CBB1EB7-57A2-434A-A572-FC9FA8412B3B}.Debug|x64.Build.0 = Debug|x64
		{1CBB1EB7-57A2-434A-A572-FC9FA8412B3B}.Debug|x86.ActiveCfg = Debug|Win32
		{1CBB1EB7-57A2-434A-A572-FC9FA8412B3B}.Debug|x86.Build.0 = Debug|Win32
		{1CBB1EB7-57A2-434A-A572-FC9FA8412B3B}.Release|x64.ActiveCfg = Release|x64
		{1CBB1EB7-57A2-434A-A572-FC9FA8412B3B}.Release|x64.Build.0 = Release|x64
		{1CBB1EB7-57A2-434A-A572-FC9FA8412B3B}.Release|x86.ActiveCfg = Release|Win32
		{1CBB1EB7-57A2-434A-A572-FC9FA8412B3B}.Release|x86.Build.0 = Release|Win32
		{5ACD8BCF-98F3-4331-B78D-EFEB5E44B288}.Debug|x64.ActiveCfg = Debug|x64
		{5ACD8BCF-98F3-4331-B78D-EFEB5E44B288}.Debug|x64.Build.0 = Debug|x64
		{5ACD8BCF-98F3-4331-B78D-EFEB5E44B288}.Debug|x86.ActiveCfg = Debug|Win32
		{5ACD8BCF-98F3-4331-B78D-EFEB5E44B288}.Debug|x86.Build.0 = Debug|Win32
		{5ACD8BCF-98F3-4331-B78D-EFEB5E44B288}.Release|x64.ActiveCfg = Release|x64
		{5ACD8BCF-98F3-4331-B78D-EFEB5E44B288}.Release|x64.Build.0 = Release|x64
		{5ACD8BCF-98F3-4331-B78D-EFEB5E44B288}.Release|x86.ActiveCfg = Release|Win32
		{5ACD8BCF-98F3-4331-B78D-EFEB5E44B288}.Release|x86.Build.0 = Release|Win32
		{FAEDDE74-8D65-4047-9988-84A2C8E13579}.Debug|x64.ActiveCfg = Debug|x64
		{FAEDDE74-8D65-4047-9988-84A2C8E13579}.Debug|x64.Build.0 = Debug|x64
		{FAEDDE74-8D65-4047-9988-84A2C8E13579}.Debug|x86.ActiveCfg = Debug|Win32
		{FAEDDE74-8D65-4047-9988-84A2C8E13579}.Debug|x86.Build.0 = Debug|Win32
		{FAEDDE74-8D65-4047-9988-84A2C8E13579}.Release|x64.ActiveCfg = Release|x64
		{FAEDDE74-8D65-4047-9988-84A2C8E13579}.Release|x64.Build.0 = Release|x64
		{FAEDDE74-8D65-4047-9988-84A2C8E13579}.Release|x86.ActiveCfg = Release|Win32
		{FAEDDE74-8D65-4047-9988-84A2C8E13579}.Release|x86.Build.0 = Release|Win32
		{E9BA63C3-6D26-49BC-96B1-585145EDB2A0}.Debug|x64.ActiveCfg = Debug|x64
		{E9BA63C3-6D26-49BC-96B1-585145EDB2A0}.Debug|x64.Build.0 = Debug|x64
		{E9BA63C3-6D26-49BC-96B1-585145EDB2A0}.Debug|x86.ActiveCfg = Debug|Win32
		{E9BA63C3-6D26-49BC-96B1-585145EDB2A0}.Debug|x86.Build.0 = Debug|Win32
		{E9BA63C3-6D26-49BC-96B1-585145EDB2A0}.Release|x64.ActiveCfg = Release|x64
		{E9BA63C3-6D26-49BC-96B1-585145EDB2A0}.Release|x64.Build.0 = Release|x64
		{E9BA63C3-6D26-49BC-96B1-585145EDB2A0}.Release|x86.ActiveCfg = Release|Win32
		{E9BA63C3-6D26-49BC-96B1-585145EDB2A0}.Release|x86.Build.0 = Release|Win32
		{160197DD-808F-414A-B268-895491E74558}.Debug|x64.ActiveCfg = Debug|x64
		{160197DD-808F-414A-B268-895491E74558}.Debug|x64.Build.0 = Debug|x64
		{160197DD-808F-414A-B268-895491E74558}.Debug|x86.ActiveCfg = Debug|Win32
		{160197DD-808F-414A-B268-895491E74558}.Debug|x86.Build.0 = Debug|Win32
		{160197DD-808F-414A-B268-895491E74558}.Release|x64.ActiveCfg = Release|x64
		{160197DD-808F-414A-B268-895491E74558}.Release|x64.Build.0 = Release|x64
		{160197DD-808F-414A-B268-895491E74558}.Release|x86.ActiveCfg = Release|Win32
		{160197DD-808F-414A-B268-895491E74558}.Release|x86.Build.0 = Release|Win32
		{46CF9D7A-42E4-4790-AFEE-5E620A22C20D}.Debug|x64.ActiveCfg = Debug|x64
		{46CF9D7A-42E4-4790-AFEE-5E620A22C20D}.Debug|x64.Build.0 = Debug|x64
		{46CF9D7A-42E4-4790-AFEE-5E620A22C20D}.Debug|x86.ActiveCfg = Debug|Win32
		{46CF9D7A-42E4-4790-AFEE-5E620A22C20D}.Debug|x86.Build.0 = Debug|Win32
		{46CF9D7A-42E4-4790-AFEE-5E620A22C20D}.Release|x64.ActiveCfg = Release|x64
		{46CF9D7A-42E4-4790-AFEE-5E620A22C20D}.Release|x64.Build.0 = Release|x64
		{46CF9D7A-42E4-4790-AFEE-5E620A22C20D}.Release|x86.ActiveCfg = Release|Win32
		{46CF9D7A-42E4-4790-AFEE-5E620A22C20D}.Release|x86.Build.0 = Release|Win32
		{FE2EADAD-86D1-49A4-BED6-DB9567279448}.Debug|x64.ActiveCfg = Debug|x64
		{FE2EADAD-86D1-49A4-BED6-DB9567279448}.Debug|x64.Build.0 = Debug|x64
		{FE2EADAD-86D1-49A4-BED6-DB9567279448}.Debug|x86.ActiveCfg = Debug|Win32
		{FE2EADAD-86D1-49A4-BED6-DB9567279448}.Debug|x86.Build.0 = Debug|Win32
		{FE2EADAD-86D1-49A4-BED6-DB9567279448}.Release|x64.ActiveCfg = Release|x64
		{FE2EADAD-86D1-49A4-BED6-DB9567279448}.Release|x64.Build.0 = Release|x64
		{FE2EADAD-86D1-49A4-BED6-DB9567279448}.Release|x86.ActiveCfg = Release|Win32
		{FE2EADAD-86D1-49A4-BED6-DB9567279448}.Release|x86.Build.0 = Release|Win32
		{95B7C23E-6764-4130-A099-8E4EC92E1A22}.Debug|x64.ActiveCfg = Debug|x64
		{95B7C23E-6764-4130-A099-8E4EC92E1A22}.Debug|x64.Build.0 = Debug|x64
		{95B7C23E-6764-4130-A099-8E4EC92E1A22}.Debug|x86.ActiveCfg = Debug|Win32
		{95B7C23E-6764-4130-A099-8E4EC92E1A22}.Debug|x86.Build.0 = Debug|Win32
		{95B7C23E-6764-4130-A099-8E4EC92E1A22}.Release|x64.ActiveCfg = Release|x64
		{95B7C23E-6764-4130-A099-8E4EC92E1A22}.Release|x64.Build.0 = Release|x64
		{95B7C23E-6764-4130-A099-8E4EC92E1A22}.Release|x86.ActiveCfg = Release|Win32
		{95B7C23E-6764-4130-A099-8E4EC92E1A22}.Release|x86.Build.0 = Release|Win32
		{190F353C-8B6B-43D7-A640-F8A2A00B1407}.Debug|x64.ActiveCfg = Debug|x64
		{190F353C-8B6B-43D7-A640-F8A2A00B1407}.Debug|x64.Build.0 = Debug|x64
		{190F353C-8B6B-43D7-A640-F8A2A00B1407}.Debug|x86.ActiveCfg = Debug|Win32
		{190F353C-8B6B-43D7-A640-F8A2A00B1407}.Debug|x86.Build.0 = Debug|Win32
		{190F353C-8B6B-43D7-A640-F8A2A00B1407}.Release|x64.ActiveCfg = Release|x64
		{190F353C-8B6B-43D7-A640-F8A2A00B1407}.Release|x64.Build.0 = Release|x64
		{190F353C-8B6B-43D7-A640-F8A2A00B1407}.Release|x86.ActiveCfg = Release|Win32
		{190F353C-8B6B-43D7-A640-F8A2A00B1407}.Release|x86.Build.0 = Release|Win32
		{979C16B5-799D-4FC2-8A8C-7D23F0B12586}.Debug|x64.ActiveCfg = Debug|x64
		{979C16B5-799D-4FC2-8A8C-7D23F0B12586}.Debug|x64.Build.0 = Debug|x64
		{979C16B5-799D-4FC2-8A8C-7D23F0B12586}.Debug|x86.ActiveCfg = Debug|Win32
		{979C16B5-799D-4FC2-8A8C-7D23F0B12586}.Debug|x86.Build.0 = Debug|Win32
		{979C16B5-799D-4FC2-8A8C-7D23F0B12586}.Release|x64.ActiveCfg = Release|x64
		{979C16B5-799D-4FC2-8A8C-7D23F0B12586}.Release|x64.Build.0 = Release|x64
		{979C16B5-799D-4FC2-8A8C-7D23F0B12586}.Release|x86.ActiveCfg = Release|Win32
		{979C16B5-799D-4FC2-8A8C-7D23F0B12586}.Release|x86.Build.0 = Release|Win32
		{BE514875-75F4-49BC-874D-608F388F16AE}.Debug|x64.ActiveCfg = Debug|x64
		{BE514875-75F4-49BC-874D-608F388F16AE}.Debug|x64.Build.0 = Debug|x64
		{BE514875-75F4-49BC-874D-608F388F16AE}.Debug|x86.ActiveCfg = Debug|Win32
		{BE514875-75F4-49BC-874D-608F388F16AE}.Debug|x86.Build.0 = Debug|Win32
		{BE514875-75F4-49BC-874D-608F388F16AE}.Release|x64.ActiveCfg = Release|x64
		{BE514875-75F4-49BC-874D-608F388F16AE}.Release|x64.Build.0 = Release|x64
		{BE514875-75F4-49BC-874D-608F388F16AE}.Release|x86.ActiveCfg = Release|Win32
		{BE514875-75F4-49BC-874D-608F388F16AE}.Release|x86.Build.0 = Release|Win32
		{276A537C-FC31-48A0-929C-D0DE585E810A}.Debug|x64.ActiveCfg = Debug|x64
		{276A537C-FC31-48A0-929C-D0DE585E810A}.Debug|x64.Build.0 = Debug|x64
		{276A537C-FC31-48A0-929C-D0DE585E810A}.Debug|x86.ActiveCfg = Debug|Win32
		{276A537C-FC31-48A0-929C-D0DE585E810A}.Debug|x86.Build.0 = Debug|Win32
		{276A537C-FC31-48A0-929C-D0DE585E810A}.Release|x64.ActiveCfg = Release|x64
		{276A537C-FC31-48A0-929C-D0DE585E810A}.Release|x64.Build.0 = Release|x64
		{276A537C-FC31-48A0-929C-D0DE585E810A}.Release|x86.ActiveCfg = Release|Win32
		{276A537C-FC31-48A0-929C-D0DE585E810A}.Release|x86.Build.0 = Release|Win32
		{38CA6FEC-BAFA-4914-8318-8C552815CAB7}.Debug|x64.ActiveCfg = Debug|x64
		{38CA6FEC-BAFA-4914-8318-8C552815CAB7}.Debug|x64.Build.0 = Debug|x64
		{38CA6FEC-BAFA-4914-8318-8C552815CAB7}.Debug|x86.ActiveCfg = Debug|Win32
		{38CA6FEC-BAFA-4914-8318-8C552815CAB7}.Debug|x86.Build.0 = Debug|Win32
		{38CA6FEC-BAFA-4914-8318-8C552815CAB7}.Release|x64.ActiveCfg = Release|x64
		{38CA6FEC-BAFA-4914-8318-8C552815CAB7}.Release|x64.Build.0 = Release|x64
		{38CA6FEC-BAFA-4914-8318-8C552815CAB7}.Release|x86.ActiveCfg = Release|Win32
		{38CA6FEC-BAFA-4914-8318-8C552815CAB7}.Release|x86.Build.0 = Release|Win32
		{5E060749-36E1-4270-8EB3-AC9BE782C8FB}.Debug|x64.ActiveCfg = Debug|x64
		{5E060749-36E1-4270-8EB3-AC9BE782C8FB}.Debug|x64.Build.0 = Debug|x64
		{5E060749-36E1-4270-8EB3-AC9BE782C8FB}.Debug|x86.ActiveCfg = Debug|Win32
		{5E060749-36E1-4270-8EB3-AC9BE782C8FB}.Debug|x86.Build.0 = Debug|Win32
		{5E060749-36E1-4270-8EB3-AC9BE782C8FB}.Release|x64.ActiveCfg = Release|x64
		{5E060749-36E1-4270-8EB3-AC9BE782C8FB}.Release|x64.Build.0 = Release|x64
		{5E060749-36E1-4270-8EB3-AC9BE782C8FB}.Release|x86.ActiveCfg = Release|Win32
		{5E060749-36E1-4270-8EB3-AC9BE782C8FB}.Release|x86.Build.0 = Release|Win32
		{82F44835-D64E-4E0F-AD48-AACD9070D7DC}.Debug|x64.ActiveCfg = Debug|x64
		{82F44835-D64E-4E0F-AD48-AACD9070D7DC}.Debug|x64.Build.0 = Debug|x64
		{82F44835-D64E-4E0F-AD48-AACD9070D7DC}.Debug|x86.ActiveCfg = Debug|Win32
		{82F44835-D64E-4E0F-AD48-AACD9070D7DC}.Debug|x86.Build.0 = Debug|Win32
		{82F44835-D64E-4E0F-AD48-AACD9070D7DC}.Release|x64.ActiveCfg = Release|x64
		{82F44835-D64E-4E0F-AD48-AACD9070D7DC}.Release|x64.Build.0 = Release|x64
		{82F44835-D64E-4E0F-AD48-AACD9070D7DC}.Release|x86.ActiveCfg = Release|Win32
		{82F44835-D64E-4E0F-AD48-AACD9070D7DC}.Release|x86.Build.0 = Release|Win32
		{EE2D12E5-410F-4AD2-99FD-09EA2736A9C6}.Debug|x64.ActiveCfg = Debug|x64
		{EE2D12E5-410F-4AD2-99FD-09EA2736A9C6}.Debug|x64.Build.0 = Debug|x64
		{EE2D12E5-410F-4AD2-99FD-09EA2736A9C6}.Debug|x86.ActiveCfg = Debug|Win32
		{EE2D12E5-410F-4AD2-99FD-09EA2736A9C6}.Debug|x86.Build.0 = Debug|Win32
		{EE2D12E5-410F-4AD2-99FD-09EA2736A9C6}.Release|x64.ActiveCfg = Release|x64
		{EE2D12E5-410F-4AD2-99FD-09EA2736A9C6}.Release|x64.Build.0 = Release|x64
		{EE2D12E5-410F-4AD2-99FD-09EA2736A9C6}.Release|x86.ActiveCfg = Release|Win32
		{EE2D12E5-410F-4AD2-99FD-09EA2736A9C6}.Release|x86.Build.0 = Release|Win32
		{7101E829-6CE1-406E-B3DE-63651D1A7CBA}.Debug|x64.ActiveCfg = Debug|x64
		{7101E829-6CE1-406E-B3DE-63651D1A7CBA}.Debug|x64.Build.0 = Debug|x64
		{7101E829-6CE1-406E-B3DE-63651D1A7CBA}.Debug|x86.ActiveCfg = Debug|Win32
		{7101E829-6CE1-406E-B3DE-63651D1A7CBA}.Debug|x86.Build.0 = Debug|Win32
		{7101E829-6CE1-406E-B3DE-63651D1A7CBA}.Release|x64.ActiveCfg = Release|x64
		{7101E829-6CE1-406E-B3DE-63651D1A7CBA}.Release|x64.Build.0 = Release|x64
		{7101E829-6CE1-406E-B3DE-63651D1A7CBA}.Release|x86.ActiveCfg = Release|Win32
		{7101E829-6CE1-406E-B3DE-63651D1A7CBA}.Release|x86.Build.0 = Release|Win32
		{CE570C7B-3B02-4672-8BC4-3E614F38907E}.Debug|x64.ActiveCfg = Debug|x64
		{CE570C7B-3B02-4672-8BC4-3E614F38907E}.Debug|x64.Build.0 = Debug|x64
		{CE570C7B-3B02-4672-8BC4-3E614F38907E}.Debug|x86.ActiveCfg = Debug|Win32
		{CE570C7B-3B02-4672-8BC4-3E614F38907E}.Debug|x86.Build.0 = Debug|Win32
		{CE570C7B-3B02-4672-8BC4-3E614F38907E}.Release|x64.ActiveCfg = Release|x64
		{CE570C7B-3B02-4672-8BC4-3E614F38907E}.Release|x64.Build.0 = Release|x64
		{CE570C7B-3B02-4672-8BC4-3E614F38907E}.Release|x86.ActiveCfg = Release|Win32
		{CE570C7B-3B02-4672-8BC4-3E614F38907E}.Release|x86.Build.0 = Release|Win32
		{BC405A08-7758-40B0-ACAE-2CABE981F0F2}.Debug|x64.ActiveCfg = Debug|x64
		{BC405A08-7758-40B0-ACAE-2CABE981F0F2}.Debug|x64.Build.0 = Debug|x64
		{BC405A08-7758-40B0-ACAE-2CABE981F0F2}.Debug|x86.ActiveCfg = Debug|Win32
		{BC405A08-7758-40B0-ACAE-2CABE981F0F2}.Debug|x86.Build.0 = Debug|Win32
		{BC405A08-7758-40B0-ACAE-2CABE981F0F2}.Release|x64.ActiveCfg = Release|x64
		{BC405A08-7758-40B0-ACAE-2CABE981F0F2}.Release|x64.Build.0 = Release|x64
		{BC405A08-7758-40B0-ACAE-2CABE981F0F2}.Release|x86.ActiveCfg = Release|Win32
		{BC405A08-7758-40B0-ACAE-2CABE981F0F2}.Release|x86.Build.0 = Release|Win32
		{1688DB35-B8EB-43D3-BCA0-28D72F39F9BE}.Debug|x64.ActiveCfg = Debug|x64
		{1688DB35-B8EB-43D3-BCA0-28D72F39F9BE}.Debug|x64.Build.0 = Debug|x64
		{1688DB35-B8EB-43D3-BCA0-28D72F39F9BE}.Debug|x86.ActiveCfg = Debug|Win32
		{1688DB35-B8EB-43D3-BCA0-28D72F39F9BE}.Debug|x86.Build.0 = Debug|Win32
		{1688DB35-B8EB-43D3-BCA0-28D72F39F9BE}.Release|x64.ActiveCfg = Release|x64
		{1688DB35-B8EB-43D3-BCA0-28D72F39F9BE}.Release|x64.Build.0 = Release|x64
		{1688DB35-B8EB-43D3-BCA0-28D72F39F9BE}.Release|x86.ActiveCfg = Release|Win32
		{1688DB35-B8EB-43D3-BCA0-28D72F39F9BE}.Release|x86.Build.0 = Release|Win32
		{C298D1D4-092B-4EB1-BC3C-5D62F34E2079}.Debug|x64.ActiveCfg = Debug|x64
		{C298D1D4-092B-4EB1-BC3C-5D62F34E2079}.Debug|x64.Build.0 = Debug|x64
		{C298D1D4-092B-4EB1-BC3C-5D62F34E2079}.Debug|x86.ActiveCfg = Debug|Win32
		{C298D1D4-092B-4EB1-BC3C-5D62F34E2079}.Debug|x86.Build.0 = Debug|Win32
		{C298D1D4-092B-4EB1-BC3C-5D62F34E2079}.Release|x64.ActiveCfg = Release|x64
		{C298D1D4-092B-4EB1-BC3C-5D62F34E2079}.Release|x64.Build.0 = Release|x64
		{C298D1D4-092B-4EB1-BC3C-5D62F34E2079}.Release|x86.ActiveCfg = Release|Win32
		{C298D1D4-092B-4EB1-BC3C-5D62F34E2079}.Release|x86.Build.0 = Release|Win32
		{5947A209-A9D9-4F18-B6B3-3516DC72C6D5}.Debug|x64.ActiveCfg = Debug|x64
		{5947A209-A9D9-4F18-B6B3-3516DC72C6D5}.Debug|x64.Build.0 = Debug|x64
		{5947A209-A9D9-4F18-B6B3-3516DC72C6D5}.Debug|x86.ActiveCfg = Debug|Win32
		{5947A209-A9D9-4F18-B6B3-3516DC72C6D5}.Debug|x86.Build.0 = Debug|Win32
		{5947A209-A9D9-4F18-B6B3-3516DC72C6D5}.Release|x64.ActiveCfg = Release|x64
		{5947A209-A9D9-4F18-B6B3-3516DC72C6D5}.Release|x64.Build.0 = Release|x64
		{5947A209-A9D9-4F18-B6B3-3516DC72C6D5}.Release|x86.ActiveCfg = Release|Win32
		{5947A209-A9D9-4F18-B6B3-3516DC72C6D5}.Release|x86.Build.0 = Release|Win32
		{58FDC03C-1AE2-4AD3-B814-ECA06964A9EA}.Debug|x64.ActiveCfg = Debug|x64
		{58FDC03C-1AE2-4AD3-B814-ECA06964A9EA}.Debug|x64.Build.0 = Debug|x64
		{58FDC03C-1AE2-4AD3-B814-ECA06964A9EA}.Debug|x86.ActiveCfg = Debug|Win32
		{58FDC03C-1AE2-4AD3-B814-ECA06964A9EA}.Debug|x86.Build.0 = Debug|Win32
		{58FDC03C-1AE2-4AD3-B814-ECA06964A9EA}.Release|x64.ActiveCfg = Release|x64
		{58FDC03C-1AE2-4AD3-B814-ECA06964A9EA}.Release|x64.Build.0 = Release|x64
		{58FDC03C-1AE2-4AD3-B814-ECA06964A9EA}.Release|x86.ActiveCfg = Release|Win32
		{58FDC03C-1AE2-4AD3-B814-ECA06964A9EA}.Release|x86.Build.0 = Release|Win32
		{808E58E9-8B3C-4872-BF8C-D30E96E89D56}.Debug|x64.ActiveCfg = Debug|x64
		{808E58E9-8B3C-4872-BF8C-D30E96E89D56}.Debug|x64.Build.0 = Debug|x64
		{808E58E9-8B3C-4872-BF8C-D30E96E89D56}.Debug|x86.ActiveCfg = Debug|Win32
		{808E58E9-8B3C-4872-BF8C-D30E96E89D56}.Debug|x86.Build.0 = Debug|Win32
		{808E58E9-8B3C-4872-BF8C-D30E96E89D56}.Release|x64.ActiveCfg = Release|x64
		{808E58E9-8B3C-4872-BF8C-D30E96E89D56}.Release|x64.Build.0 = Release|x64
		{808E58E9-8B3C-4872-BF8C-D30E96E89D56}.Release|x86.ActiveCfg = Release|Win32
		{808E58E9-8B3C-4872-BF8C-D30E96E89D56}.Release|x86.Build.0 = Release|Win32
		{30CCC36A-EA61-450B-B38F-CAC31CA06AAF}.Debug|x64.ActiveCfg = Debug|x64
		{30CCC36A-EA61-450B-B38F-CAC31CA06AAF}.Debug|x64.Build.0 = Debug|x64
		{30CCC36A-EA61-450B-B38F-CAC31CA06AAF}.Debug|x86.ActiveCfg = Debug|Win32
		{30CCC36A-EA61-450B-B38F-CAC31CA06AAF}.Debug|x86.Build.0 = Debug|Win32
		{30CCC36A-EA61-450B-B38F-CAC31CA06AAF}.Release|x64.ActiveCfg = Release|x64
		{30CCC36A-EA61-450B-B38F-CAC31CA06AAF}.Release|x64.Build.0 = Release|x64
		{30CCC36A-EA61-450B-B38F-CAC31CA06AAF}.Release|x86.ActiveCfg = Release|Win32
		{30CCC36A-EA61-450B-B38F-CAC31CA06AAF}.Release|x86.Build.0 = Release|Win32
		{A50CAFC4-4ACB-4B91-9646-90A7633FC1A7}.Debug|x64.ActiveCfg = Debug|x64
		{A50CAFC4-4ACB-4B91-9646-90A7633FC1A7}.Debug|x64.Build.0 = Debug|x64
		{A50CAFC4-4ACB-4B91-9646-90A7633FC1A7}.Debug|x86.ActiveCfg = Debug|Win32
		{A50CAFC4-4ACB-4B91-9646-90A7633FC1A7}.Debug|x86.Build.0 = Debug|Win32
		{A50CAFC4-4ACB-4B91-9646-90A7633FC1A7}.Release|x64.ActiveCfg = Release|x64
		{A50CAFC4-4ACB-4B91-9646-90A7633FC1A7}.Release|x64.Build.0 = Release|x64
		{A50CAFC4-4ACB-4B91-9646-90A7633FC1A7}.Release|x86.ActiveCfg = Release|Win32
		{A50CAFC4-4ACB-4B91-9646-90A7633FC1A7}.Release|x86.Build.0 = Release|Win32
		{325A6585-048D-4F88-B628-FC41B5E90998}.Debug|x64.ActiveCfg = Debug|x64
		{325A6585-048D-4F88-B628-FC41B5E90998}.Debug|x64.Build.0 = Debug|x64
		{325A6585-048D-4F88-B628-FC41B5E90998}.Debug|x86.ActiveCfg = Debug|Win32
		{325A6585-048D-4F88-B628-FC41B5E90998}.Debug|x86.Build.0 = Debug|Win32
		{325A6585-048D-4F88-B628-FC41B5E90998}.Release|x64.ActiveCfg = Release|x64
		{325A6585-048D-4F88-B628-FC41B5E90998}.Release|x64.Build.0 = Release|x64
		{325A6585-048D-4F88-B628-FC41B5E90998}.Release|x86.ActiveCfg = Release|Win32
		{325A6585-048D-4F88-B628-FC41B5E90998}.Release|x86.Build.0 = Release|Win32
		{1E63CF45-540F-4673-A437-52354ABA20D7}.Debug|x64.ActiveCfg = Debug|x64
		{1E63CF45-540F-4673-A437-52354ABA20D7}.Debug|x64.Build.0 = Debug|x64
		{1E63CF45-540F-4673-A437-52354ABA20D7}.Debug|x86.ActiveCfg = Debug|Win32
		{1E63CF45-540F-4673-A437-52354ABA20D7}.Debug|x86.Build.0 = Debug|Win32
		{1E63CF45-540F-4673-A437-52354ABA20D7}.Release|x64.ActiveCfg = Release|x64
		{1E63CF45-540F-4673-A437-52354ABA20D7}.Release|x64.Build.0 = Release|x64
		{1E63CF45-540F-4673-A437-52354ABA20D7}.Release|x86.ActiveCfg = Release|Win32
		{1E63CF45-540F-4673-A437-52354ABA20D7}.Release|x86.Build.0 = Release|Win32
	EndGlobalSection
	GlobalSection(SolutionProperties) = preSolution
		HideSolutionNode = FALSE
	EndGlobalSection
EndGlobal
