
Microsoft Visual Studio Solution File, Format Version 12.00
# Visual Studio 14
VisualStudioVersion = 14.0.25420.1
MinimumVisualStudioVersion = 10.0.40219.1
Project("{8BC9CEB8-8B4A-11D0-8D11-00A0C91BC942}") = "Example05_01", "Chapter05\Chapter05.vcxproj", "{993BB616-D51C-4E98-B20A-A305BC268CBA}"
EndProject
Project("{8BC9CEB8-8B4A-11D0-8D11-00A0C91BC942}") = "Example05_02", "Example05_02\Example05_02.vcxproj", "{25199BF5-6CFE-452D-8243-3F0194EE2693}"
EndProject
Project("{8BC9CEB8-8B4A-11D0-8D11-00A0C91BC942}") = "Example05_03", "Example05_03\Example05_03.vcxproj", "{B1EC52C5-E662-4908-A524-F9710250EF42}"
EndProject
Project("{8BC9CEB8-8B4A-11D0-8D11-00A0C91BC942}") = "Example05_21", "Example05_21\Example05_21.vcxproj", "{ED5A95D8-9ACF-47FD-A03C-DA2F9B41440C}"
EndProject
Project("{8BC9CEB8-8B4A-11D0-8D11-00A0C91BC942}") = "Example05_04", "Example05_04\Example05_04.vcxproj", "{6510ED37-5FB9-409F-B849-16CB4362A688}"
EndProject
Project("{8BC9CEB8-8B4A-11D0-8D11-00A0C91BC942}") = "Example05_05", "Example05_05\Example05_05.vcxproj", "{DE70584E-B77A-49B0-B9AD-F2F022A1EA02}"
EndProject
Project("{8BC9CEB8-8B4A-11D0-8D11-00A0C91BC942}") = "Example05_06", "Example05_06\Example05_06.vcxproj", "{B82C44BE-6DC2-4BFC-983B-5C3138E48484}"
EndProject
Project("{8BC9CEB8-8B4A-11D0-8D11-00A0C91BC942}") = "Example05_07", "Example05_07\Example05_07.vcxproj", "{9B092D1A-DA90-4B7E-B49D-DBDBC1F9CF48}"
EndProject
Project("{8BC9CEB8-8B4A-11D0-8D11-00A0C91BC942}") = "Example05_08", "Example05_08\Example05_08.vcxproj", "{BAAE9122-BED0-462E-B930-70BB5D6658CE}"
EndProject
Project("{8BC9CEB8-8B4A-11D0-8D11-00A0C91BC942}") = "Example05_09", "Example05_09\Example05_09.vcxproj", "{01AFBC3F-64FB-4FBA-92CC-C23D67E6ADFD}"
EndProject
Project("{8BC9CEB8-8B4A-11D0-8D11-00A0C91BC942}") = "Example05_10", "Example05_10\Example05_10.vcxproj", "{5A306E54-894A-4A86-B192-61DC3B006045}"
EndProject
Project("{8BC9CEB8-8B4A-11D0-8D11-00A0C91BC942}") = "Example05_11", "Example05_11\Example05_11.vcxproj", "{517D0DB7-93D4-4305-98D5-E516594FD8DE}"
EndProject
Project("{8BC9CEB8-8B4A-11D0-8D11-00A0C91BC942}") = "Example05_12", "Example05_12\Example05_12.vcxproj", "{BA1A74DC-F990-45FA-A498-D4689F989275}"
EndProject
Project("{8BC9CEB8-8B4A-11D0-8D11-00A0C91BC942}") = "Example05_13", "Example05_13\Example05_13.vcxproj", "{58C42C29-1684-4CF4-AB0F-3E1EC6A8D4CB}"
EndProject
Project("{8BC9CEB8-8B4A-11D0-8D11-00A0C91BC942}") = "Example05_14", "Example05_14\Example05_14.vcxproj", "{CA2232EF-7221-4549-8A3E-D52FCAB85C6D}"
EndProject
Project("{8BC9CEB8-8B4A-11D0-8D11-00A0C91BC942}") = "Example05_15", "Example05_15\Example05_15.vcxproj", "{D9F2D356-942F-4F0B-89E2-C7F26F4E0C3F}"
EndProject
Project("{8BC9CEB8-8B4A-11D0-8D11-00A0C91BC942}") = "Example05_16", "Example05_16\Example05_16.vcxproj", "{5644D634-F104-4F08-ABE1-9FDCD2ADD419}"
EndProject
Project("{8BC9CEB8-8B4A-11D0-8D11-00A0C91BC942}") = "Example05_17", "Example05_17\Example05_17.vcxproj", "{9C53CA01-19BE-43F1-B903-B4AC7D58FAFC}"
EndProject
Project("{8BC9CEB8-8B4A-11D0-8D11-00A0C91BC942}") = "Example05_18", "Example05_18\Example05_18.vcxproj", "{2A2B41A7-1560-4C2E-B66A-92C10F55B4E2}"
EndProject
Project("{8BC9CEB8-8B4A-11D0-8D11-00A0C91BC942}") = "Example05_19", "Example05_19\Example05_19.vcxproj", "{6822D796-A114-4746-8EC1-45C71622F44E}"
EndProject
Project("{8BC9CEB8-8B4A-11D0-8D11-00A0C91BC942}") = "Example05_20", "Example05_20\Example05_20.vcxproj", "{98E9E8F4-2E76-48F6-91BC-B449190B3C5F}"
EndProject
Global
	GlobalSection(SolutionConfigurationPlatforms) = preSolution
		Debug|x64 = Debug|x64
		Debug|x86 = Debug|x86
		Release|x64 = Release|x64
		Release|x86 = Release|x86
	EndGlobalSection
	GlobalSection(ProjectConfigurationPlatforms) = postSolution
		{993BB616-D51C-4E98-B20A-A305BC268CBA}.Debug|x64.ActiveCfg = Debug|x64
		{993BB616-D51C-4E98-B20A-A305BC268CBA}.Debug|x64.Build.0 = Debug|x64
		{993BB616-D51C-4E98-B20A-A305BC268CBA}.Debug|x86.ActiveCfg = Debug|Win32
		{993BB616-D51C-4E98-B20A-A305BC268CBA}.Debug|x86.Build.0 = Debug|Win32
		{993BB616-D51C-4E98-B20A-A305BC268CBA}.Release|x64.ActiveCfg = Release|x64
		{993BB616-D51C-4E98-B20A-A305BC268CBA}.Release|x64.Build.0 = Release|x64
		{993BB616-D51C-4E98-B20A-A305BC268CBA}.Release|x86.ActiveCfg = Release|Win32
		{993BB616-D51C-4E98-B20A-A305BC268CBA}.Release|x86.Build.0 = Release|Win32
		{25199BF5-6CFE-452D-8243-3F0194EE2693}.Debug|x64.ActiveCfg = Debug|x64
		{25199BF5-6CFE-452D-8243-3F0194EE2693}.Debug|x64.Build.0 = Debug|x64
		{25199BF5-6CFE-452D-8243-3F0194EE2693}.Debug|x86.ActiveCfg = Debug|Win32
		{25199BF5-6CFE-452D-8243-3F0194EE2693}.Debug|x86.Build.0 = Debug|Win32
		{25199BF5-6CFE-452D-8243-3F0194EE2693}.Release|x64.ActiveCfg = Release|x64
		{25199BF5-6CFE-452D-8243-3F0194EE2693}.Release|x64.Build.0 = Release|x64
		{25199BF5-6CFE-452D-8243-3F0194EE2693}.Release|x86.ActiveCfg = Release|Win32
		{25199BF5-6CFE-452D-8243-3F0194EE2693}.Release|x86.Build.0 = Release|Win32
		{B1EC52C5-E662-4908-A524-F9710250EF42}.Debug|x64.ActiveCfg = Debug|x64
		{B1EC52C5-E662-4908-A524-F9710250EF42}.Debug|x64.Build.0 = Debug|x64
		{B1EC52C5-E662-4908-A524-F9710250EF42}.Debug|x86.ActiveCfg = Debug|Win32
		{B1EC52C5-E662-4908-A524-F9710250EF42}.Debug|x86.Build.0 = Debug|Win32
		{B1EC52C5-E662-4908-A524-F9710250EF42}.Release|x64.ActiveCfg = Release|x64
		{B1EC52C5-E662-4908-A524-F9710250EF42}.Release|x64.Build.0 = Release|x64
		{B1EC52C5-E662-4908-A524-F9710250EF42}.Release|x86.ActiveCfg = Release|Win32
		{B1EC52C5-E662-4908-A524-F9710250EF42}.Release|x86.Build.0 = Release|Win32
		{ED5A95D8-9ACF-47FD-A03C-DA2F9B41440C}.Debug|x64.ActiveCfg = Debug|x64
		{ED5A95D8-9ACF-47FD-A03C-DA2F9B41440C}.Debug|x64.Build.0 = Debug|x64
		{ED5A95D8-9ACF-47FD-A03C-DA2F9B41440C}.Debug|x86.ActiveCfg = Debug|Win32
		{ED5A95D8-9ACF-47FD-A03C-DA2F9B41440C}.Debug|x86.Build.0 = Debug|Win32
		{ED5A95D8-9ACF-47FD-A03C-DA2F9B41440C}.Release|x64.ActiveCfg = Release|x64
		{ED5A95D8-9ACF-47FD-A03C-DA2F9B41440C}.Release|x64.Build.0 = Release|x64
		{ED5A95D8-9ACF-47FD-A03C-DA2F9B41440C}.Release|x86.ActiveCfg = Release|Win32
		{ED5A95D8-9ACF-47FD-A03C-DA2F9B41440C}.Release|x86.Build.0 = Release|Win32
		{6510ED37-5FB9-409F-B849-16CB4362A688}.Debug|x64.ActiveCfg = Debug|x64
		{6510ED37-5FB9-409F-B849-16CB4362A688}.Debug|x64.Build.0 = Debug|x64
		{6510ED37-5FB9-409F-B849-16CB4362A688}.Debug|x86.ActiveCfg = Debug|Win32
		{6510ED37-5FB9-409F-B849-16CB4362A688}.Debug|x86.Build.0 = Debug|Win32
		{6510ED37-5FB9-409F-B849-16CB4362A688}.Release|x64.ActiveCfg = Release|x64
		{6510ED37-5FB9-409F-B849-16CB4362A688}.Release|x64.Build.0 = Release|x64
		{6510ED37-5FB9-409F-B849-16CB4362A688}.Release|x86.ActiveCfg = Release|Win32
		{6510ED37-5FB9-409F-B849-16CB4362A688}.Release|x86.Build.0 = Release|Win32
		{DE70584E-B77A-49B0-B9AD-F2F022A1EA02}.Debug|x64.ActiveCfg = Debug|x64
		{DE70584E-B77A-49B0-B9AD-F2F022A1EA02}.Debug|x64.Build.0 = Debug|x64
		{DE70584E-B77A-49B0-B9AD-F2F022A1EA02}.Debug|x86.ActiveCfg = Debug|Win32
		{DE70584E-B77A-49B0-B9AD-F2F022A1EA02}.Debug|x86.Build.0 = Debug|Win32
		{DE70584E-B77A-49B0-B9AD-F2F022A1EA02}.Release|x64.ActiveCfg = Release|x64
		{DE70584E-B77A-49B0-B9AD-F2F022A1EA02}.Release|x64.Build.0 = Release|x64
		{DE70584E-B77A-49B0-B9AD-F2F022A1EA02}.Release|x86.ActiveCfg = Release|Win32
		{DE70584E-B77A-49B0-B9AD-F2F022A1EA02}.Release|x86.Build.0 = Release|Win32
		{B82C44BE-6DC2-4BFC-983B-5C3138E48484}.Debug|x64.ActiveCfg = Debug|x64
		{B82C44BE-6DC2-4BFC-983B-5C3138E48484}.Debug|x64.Build.0 = Debug|x64
		{B82C44BE-6DC2-4BFC-983B-5C3138E48484}.Debug|x86.ActiveCfg = Debug|Win32
		{B82C44BE-6DC2-4BFC-983B-5C3138E48484}.Debug|x86.Build.0 = Debug|Win32
		{B82C44BE-6DC2-4BFC-983B-5C3138E48484}.Release|x64.ActiveCfg = Release|x64
		{B82C44BE-6DC2-4BFC-983B-5C3138E48484}.Release|x64.Build.0 = Release|x64
		{B82C44BE-6DC2-4BFC-983B-5C3138E48484}.Release|x86.ActiveCfg = Release|Win32
		{B82C44BE-6DC2-4BFC-983B-5C3138E48484}.Release|x86.Build.0 = Release|Win32
		{9B092D1A-DA90-4B7E-B49D-DBDBC1F9CF48}.Debug|x64.ActiveCfg = Debug|x64
		{9B092D1A-DA90-4B7E-B49D-DBDBC1F9CF48}.Debug|x64.Build.0 = Debug|x64
		{9B092D1A-DA90-4B7E-B49D-DBDBC1F9CF48}.Debug|x86.ActiveCfg = Debug|Win32
		{9B092D1A-DA90-4B7E-B49D-DBDBC1F9CF48}.Debug|x86.Build.0 = Debug|Win32
		{9B092D1A-DA90-4B7E-B49D-DBDBC1F9CF48}.Release|x64.ActiveCfg = Release|x64
		{9B092D1A-DA90-4B7E-B49D-DBDBC1F9CF48}.Release|x64.Build.0 = Release|x64
		{9B092D1A-DA90-4B7E-B49D-DBDBC1F9CF48}.Release|x86.ActiveCfg = Release|Win32
		{9B092D1A-DA90-4B7E-B49D-DBDBC1F9CF48}.Release|x86.Build.0 = Release|Win32
		{BAAE9122-BED0-462E-B930-70BB5D6658CE}.Debug|x64.ActiveCfg = Debug|x64
		{BAAE9122-BED0-462E-B930-70BB5D6658CE}.Debug|x64.Build.0 = Debug|x64
		{BAAE9122-BED0-462E-B930-70BB5D6658CE}.Debug|x86.ActiveCfg = Debug|Win32
		{BAAE9122-BED0-462E-B930-70BB5D6658CE}.Debug|x86.Build.0 = Debug|Win32
		{BAAE9122-BED0-462E-B930-70BB5D6658CE}.Release|x64.ActiveCfg = Release|x64
		{BAAE9122-BED0-462E-B930-70BB5D6658CE}.Release|x64.Build.0 = Release|x64
		{BAAE9122-BED0-462E-B930-70BB5D6658CE}.Release|x86.ActiveCfg = Release|Win32
		{BAAE9122-BED0-462E-B930-70BB5D6658CE}.Release|x86.Build.0 = Release|Win32
		{01AFBC3F-64FB-4FBA-92CC-C23D67E6ADFD}.Debug|x64.ActiveCfg = Debug|x64
		{01AFBC3F-64FB-4FBA-92CC-C23D67E6ADFD}.Debug|x64.Build.0 = Debug|x64
		{01AFBC3F-64FB-4FBA-92CC-C23D67E6ADFD}.Debug|x86.ActiveCfg = Debug|Win32
		{01AFBC3F-64FB-4FBA-92CC-C23D67E6ADFD}.Debug|x86.Build.0 = Debug|Win32
		{01AFBC3F-64FB-4FBA-92CC-C23D67E6ADFD}.Release|x64.ActiveCfg = Release|x64
		{01AFBC3F-64FB-4FBA-92CC-C23D67E6ADFD}.Release|x64.Build.0 = Release|x64
		{01AFBC3F-64FB-4FBA-92CC-C23D67E6ADFD}.Release|x86.ActiveCfg = Release|Win32
		{01AFBC3F-64FB-4FBA-92CC-C23D67E6ADFD}.Release|x86.Build.0 = Release|Win32
		{5A306E54-894A-4A86-B192-61DC3B006045}.Debug|x64.ActiveCfg = Debug|x64
		{5A306E54-894A-4A86-B192-61DC3B006045}.Debug|x64.Build.0 = Debug|x64
		{5A306E54-894A-4A86-B192-61DC3B006045}.Debug|x86.ActiveCfg = Debug|Win32
		{5A306E54-894A-4A86-B192-61DC3B006045}.Debug|x86.Build.0 = Debug|Win32
		{5A306E54-894A-4A86-B192-61DC3B006045}.Release|x64.ActiveCfg = Release|x64
		{5A306E54-894A-4A86-B192-61DC3B006045}.Release|x64.Build.0 = Release|x64
		{5A306E54-894A-4A86-B192-61DC3B006045}.Release|x86.ActiveCfg = Release|Win32
		{5A306E54-894A-4A86-B192-61DC3B006045}.Release|x86.Build.0 = Release|Win32
		{517D0DB7-93D4-4305-98D5-E516594FD8DE}.Debug|x64.ActiveCfg = Debug|x64
		{517D0DB7-93D4-4305-98D5-E516594FD8DE}.Debug|x64.Build.0 = Debug|x64
		{517D0DB7-93D4-4305-98D5-E516594FD8DE}.Debug|x86.ActiveCfg = Debug|Win32
		{517D0DB7-93D4-4305-98D5-E516594FD8DE}.Debug|x86.Build.0 = Debug|Win32
		{517D0DB7-93D4-4305-98D5-E516594FD8DE}.Release|x64.ActiveCfg = Release|x64
		{517D0DB7-93D4-4305-98D5-E516594FD8DE}.Release|x64.Build.0 = Release|x64
		{517D0DB7-93D4-4305-98D5-E516594FD8DE}.Release|x86.ActiveCfg = Release|Win32
		{517D0DB7-93D4-4305-98D5-E516594FD8DE}.Release|x86.Build.0 = Release|Win32
		{BA1A74DC-F990-45FA-A498-D4689F989275}.Debug|x64.ActiveCfg = Debug|x64
		{BA1A74DC-F990-45FA-A498-D4689F989275}.Debug|x64.Build.0 = Debug|x64
		{BA1A74DC-F990-45FA-A498-D4689F989275}.Debug|x86.ActiveCfg = Debug|Win32
		{BA1A74DC-F990-45FA-A498-D4689F989275}.Debug|x86.Build.0 = Debug|Win32
		{BA1A74DC-F990-45FA-A498-D4689F989275}.Release|x64.ActiveCfg = Release|x64
		{BA1A74DC-F990-45FA-A498-D4689F989275}.Release|x64.Build.0 = Release|x64
		{BA1A74DC-F990-45FA-A498-D4689F989275}.Release|x86.ActiveCfg = Release|Win32
		{BA1A74DC-F990-45FA-A498-D4689F989275}.Release|x86.Build.0 = Release|Win32
		{58C42C29-1684-4CF4-AB0F-3E1EC6A8D4CB}.Debug|x64.ActiveCfg = Debug|x64
		{58C42C29-1684-4CF4-AB0F-3E1EC6A8D4CB}.Debug|x64.Build.0 = Debug|x64
		{58C42C29-1684-4CF4-AB0F-3E1EC6A8D4CB}.Debug|x86.ActiveCfg = Debug|Win32
		{58C42C29-1684-4CF4-AB0F-3E1EC6A8D4CB}.Debug|x86.Build.0 = Debug|Win32
		{58C42C29-1684-4CF4-AB0F-3E1EC6A8D4CB}.Release|x64.ActiveCfg = Release|x64
		{58C42C29-1684-4CF4-AB0F-3E1EC6A8D4CB}.Release|x64.Build.0 = Release|x64
		{58C42C29-1684-4CF4-AB0F-3E1EC6A8D4CB}.Release|x86.ActiveCfg = Release|Win32
		{58C42C29-1684-4CF4-AB0F-3E1EC6A8D4CB}.Release|x86.Build.0 = Release|Win32
		{CA2232EF-7221-4549-8A3E-D52FCAB85C6D}.Debug|x64.ActiveCfg = Debug|x64
		{CA2232EF-7221-4549-8A3E-D52FCAB85C6D}.Debug|x64.Build.0 = Debug|x64
		{CA2232EF-7221-4549-8A3E-D52FCAB85C6D}.Debug|x86.ActiveCfg = Debug|Win32
		{CA2232EF-7221-4549-8A3E-D52FCAB85C6D}.Debug|x86.Build.0 = Debug|Win32
		{CA2232EF-7221-4549-8A3E-D52FCAB85C6D}.Release|x64.ActiveCfg = Release|x64
		{CA2232EF-7221-4549-8A3E-D52FCAB85C6D}.Release|x64.Build.0 = Release|x64
		{CA2232EF-7221-4549-8A3E-D52FCAB85C6D}.Release|x86.ActiveCfg = Release|Win32
		{CA2232EF-7221-4549-8A3E-D52FCAB85C6D}.Release|x86.Build.0 = Release|Win32
		{D9F2D356-942F-4F0B-89E2-C7F26F4E0C3F}.Debug|x64.ActiveCfg = Debug|x64
		{D9F2D356-942F-4F0B-89E2-C7F26F4E0C3F}.Debug|x64.Build.0 = Debug|x64
		{D9F2D356-942F-4F0B-89E2-C7F26F4E0C3F}.Debug|x86.ActiveCfg = Debug|Win32
		{D9F2D356-942F-4F0B-89E2-C7F26F4E0C3F}.Debug|x86.Build.0 = Debug|Win32
		{D9F2D356-942F-4F0B-89E2-C7F26F4E0C3F}.Release|x64.ActiveCfg = Release|x64
		{D9F2D356-942F-4F0B-89E2-C7F26F4E0C3F}.Release|x64.Build.0 = Release|x64
		{D9F2D356-942F-4F0B-89E2-C7F26F4E0C3F}.Release|x86.ActiveCfg = Release|Win32
		{D9F2D356-942F-4F0B-89E2-C7F26F4E0C3F}.Release|x86.Build.0 = Release|Win32
		{5644D634-F104-4F08-ABE1-9FDCD2ADD419}.Debug|x64.ActiveCfg = Debug|x64
		{5644D634-F104-4F08-ABE1-9FDCD2ADD419}.Debug|x64.Build.0 = Debug|x64
		{5644D634-F104-4F08-ABE1-9FDCD2ADD419}.Debug|x86.ActiveCfg = Debug|Win32
		{5644D634-F104-4F08-ABE1-9FDCD2ADD419}.Debug|x86.Build.0 = Debug|Win32
		{5644D634-F104-4F08-ABE1-9FDCD2ADD419}.Release|x64.ActiveCfg = Release|x64
		{5644D634-F104-4F08-ABE1-9FDCD2ADD419}.Release|x64.Build.0 = Release|x64
		{5644D634-F104-4F08-ABE1-9FDCD2ADD419}.Release|x86.ActiveCfg = Release|Win32
		{5644D634-F104-4F08-ABE1-9FDCD2ADD419}.Release|x86.Build.0 = Release|Win32
		{9C53CA01-19BE-43F1-B903-B4AC7D58FAFC}.Debug|x64.ActiveCfg = Debug|x64
		{9C53CA01-19BE-43F1-B903-B4AC7D58FAFC}.Debug|x64.Build.0 = Debug|x64
		{9C53CA01-19BE-43F1-B903-B4AC7D58FAFC}.Debug|x86.ActiveCfg = Debug|Win32
		{9C53CA01-19BE-43F1-B903-B4AC7D58FAFC}.Debug|x86.Build.0 = Debug|Win32
		{9C53CA01-19BE-43F1-B903-B4AC7D58FAFC}.Release|x64.ActiveCfg = Release|x64
		{9C53CA01-19BE-43F1-B903-B4AC7D58FAFC}.Release|x64.Build.0 = Release|x64
		{9C53CA01-19BE-43F1-B903-B4AC7D58FAFC}.Release|x86.ActiveCfg = Release|Win32
		{9C53CA01-19BE-43F1-B903-B4AC7D58FAFC}.Release|x86.Build.0 = Release|Win32
		{2A2B41A7-1560-4C2E-B66A-92C10F55B4E2}.Debug|x64.ActiveCfg = Debug|x64
		{2A2B41A7-1560-4C2E-B66A-92C10F55B4E2}.Debug|x64.Build.0 = Debug|x64
		{2A2B41A7-1560-4C2E-B66A-92C10F55B4E2}.Debug|x86.ActiveCfg = Debug|Win32
		{2A2B41A7-1560-4C2E-B66A-92C10F55B4E2}.Debug|x86.Build.0 = Debug|Win32
		{2A2B41A7-1560-4C2E-B66A-92C10F55B4E2}.Release|x64.ActiveCfg = Release|x64
		{2A2B41A7-1560-4C2E-B66A-92C10F55B4E2}.Release|x64.Build.0 = Release|x64
		{2A2B41A7-1560-4C2E-B66A-92C10F55B4E2}.Release|x86.ActiveCfg = Release|Win32
		{2A2B41A7-1560-4C2E-B66A-92C10F55B4E2}.Release|x86.Build.0 = Release|Win32
		{6822D796-A114-4746-8EC1-45C71622F44E}.Debug|x64.ActiveCfg = Debug|x64
		{6822D796-A114-4746-8EC1-45C71622F44E}.Debug|x64.Build.0 = Debug|x64
		{6822D796-A114-4746-8EC1-45C71622F44E}.Debug|x86.ActiveCfg = Debug|Win32
		{6822D796-A114-4746-8EC1-45C71622F44E}.Debug|x86.Build.0 = Debug|Win32
		{6822D796-A114-4746-8EC1-45C71622F44E}.Release|x64.ActiveCfg = Release|x64
		{6822D796-A114-4746-8EC1-45C71622F44E}.Release|x64.Build.0 = Release|x64
		{6822D796-A114-4746-8EC1-45C71622F44E}.Release|x86.ActiveCfg = Release|Win32
		{6822D796-A114-4746-8EC1-45C71622F44E}.Release|x86.Build.0 = Release|Win32
		{98E9E8F4-2E76-48F6-91BC-B449190B3C5F}.Debug|x64.ActiveCfg = Debug|x64
		{98E9E8F4-2E76-48F6-91BC-B449190B3C5F}.Debug|x64.Build.0 = Debug|x64
		{98E9E8F4-2E76-48F6-91BC-B449190B3C5F}.Debug|x86.ActiveCfg = Debug|Win32
		{98E9E8F4-2E76-48F6-91BC-B449190B3C5F}.Debug|x86.Build.0 = Debug|Win32
		{98E9E8F4-2E76-48F6-91BC-B449190B3C5F}.Release|x64.ActiveCfg = Release|x64
		{98E9E8F4-2E76-48F6-91BC-B449190B3C5F}.Release|x64.Build.0 = Release|x64
		{98E9E8F4-2E76-48F6-91BC-B449190B3C5F}.Release|x86.ActiveCfg = Release|Win32
		{98E9E8F4-2E76-48F6-91BC-B449190B3C5F}.Release|x86.Build.0 = Release|Win32
	EndGlobalSection
	GlobalSection(SolutionProperties) = preSolution
		HideSolutionNode = FALSE
	EndGlobalSection
EndGlobal
