
Microsoft Visual Studio Solution File, Format Version 12.00
# Visual Studio 14
VisualStudioVersion = 14.0.25420.1
MinimumVisualStudioVersion = 10.0.40219.1
Project("{8BC9CEB8-8B4A-11D0-8D11-00A0C91BC942}") = "Example06_01", "Chapter06\Chapter06.vcxproj", "{51E61632-AC75-483D-81FA-CE39F9FDB65F}"
EndProject
Project("{8BC9CEB8-8B4A-11D0-8D11-00A0C91BC942}") = "Example06_16", "Example06_16\Example06_16.vcxproj", "{0A0B5042-031E-4365-B26C-35CEC3BA69FD}"
EndProject
Project("{8BC9CEB8-8B4A-11D0-8D11-00A0C91BC942}") = "Example06_02", "Example06_02\Example06_02.vcxproj", "{4F41D5ED-E2C7-4C3B-AFA9-301906094002}"
EndProject
Project("{8BC9CEB8-8B4A-11D0-8D11-00A0C91BC942}") = "Example06_03", "Example06_03\Example06_03.vcxproj", "{DEF3EED3-3CB0-4DCF-A493-18C8EA553D54}"
EndProject
Project("{8BC9CEB8-8B4A-11D0-8D11-00A0C91BC942}") = "Example06_04", "Example06_04\Example06_04.vcxproj", "{789D2BEE-802F-44E6-A758-855795F81183}"
EndProject
Project("{8BC9CEB8-8B4A-11D0-8D11-00A0C91BC942}") = "Example06_05", "Example06_05\Example06_05.vcxproj", "{1DF42663-9EA8-46D4-8FA0-5A2E2B62AC31}"
EndProject
Project("{8BC9CEB8-8B4A-11D0-8D11-00A0C91BC942}") = "Example06_06", "Example06_06\Example06_06.vcxproj", "{EF51536F-5E21-4C58-A24C-82EB78648E87}"
EndProject
Project("{8BC9CEB8-8B4A-11D0-8D11-00A0C91BC942}") = "Example06_07", "Example06_07\Example06_07.vcxproj", "{F2EBE3D6-FD5C-4EFC-B84A-3B702A34F19A}"
EndProject
Project("{8BC9CEB8-8B4A-11D0-8D11-00A0C91BC942}") = "Example06_08", "Example06_08\Example06_08.vcxproj", "{82E54BDB-2D47-45CA-A3E2-7DBFB0ED2E4E}"
EndProject
Project("{8BC9CEB8-8B4A-11D0-8D11-00A0C91BC942}") = "Example06_09", "Example06_09\Example06_09.vcxproj", "{ABC16BC8-C4F7-4AB2-90C2-D0197C6471D5}"
EndProject
Project("{8BC9CEB8-8B4A-11D0-8D11-00A0C91BC942}") = "Example06_10", "Example06_10\Example06_10.vcxproj", "{7F63250A-8490-4D77-9990-3FB513955E31}"
EndProject
Project("{8BC9CEB8-8B4A-11D0-8D11-00A0C91BC942}") = "Example06_11", "Example06_11\Example06_11.vcxproj", "{B27EC9CB-A183-4474-98DD-A42D43132941}"
EndProject
Project("{8BC9CEB8-8B4A-11D0-8D11-00A0C91BC942}") = "Example06_12", "Example06_12\Example06_12.vcxproj", "{B3B1934C-CC33-4832-A091-66D489BF1686}"
EndProject
Project("{8BC9CEB8-8B4A-11D0-8D11-00A0C91BC942}") = "Example06_13", "Example06_13\Example06_13.vcxproj", "{DE0CB60D-0410-41AD-B65A-4B7359309159}"
EndProject
Project("{8BC9CEB8-8B4A-11D0-8D11-00A0C91BC942}") = "Example06_14", "Example06_14\Example06_14.vcxproj", "{E29E697D-53B0-45C4-A608-E4DCF909FD34}"
EndProject
Project("{8BC9CEB8-8B4A-11D0-8D11-00A0C91BC942}") = "Example06_15", "Example06_15\Example06_15.vcxproj", "{D18203AA-DA82-4D5B-BC4F-254FA6A44603}"
EndProject
Global
	GlobalSection(SolutionConfigurationPlatforms) = preSolution
		Debug|x64 = Debug|x64
		Debug|x86 = Debug|x86
		Release|x64 = Release|x64
		Release|x86 = Release|x86
	EndGlobalSection
	GlobalSection(ProjectConfigurationPlatforms) = postSolution
		{51E61632-AC75-483D-81FA-CE39F9FDB65F}.Debug|x64.ActiveCfg = Debug|x64
		{51E61632-AC75-483D-81FA-CE39F9FDB65F}.Debug|x64.Build.0 = Debug|x64
		{51E61632-AC75-483D-81FA-CE39F9FDB65F}.Debug|x86.ActiveCfg = Debug|Win32
		{51E61632-AC75-483D-81FA-CE39F9FDB65F}.Debug|x86.Build.0 = Debug|Win32
		{51E61632-AC75-483D-81FA-CE39F9FDB65F}.Release|x64.ActiveCfg = Release|x64
		{51E61632-AC75-483D-81FA-CE39F9FDB65F}.Release|x64.Build.0 = Release|x64
		{51E61632-AC75-483D-81FA-CE39F9FDB65F}.Release|x86.ActiveCfg = Release|Win32
		{51E61632-AC75-483D-81FA-CE39F9FDB65F}.Release|x86.Build.0 = Release|Win32
		{0A0B5042-031E-4365-B26C-35CEC3BA69FD}.Debug|x64.ActiveCfg = Debug|x64
		{0A0B5042-031E-4365-B26C-35CEC3BA69FD}.Debug|x64.Build.0 = Debug|x64
		{0A0B5042-031E-4365-B26C-35CEC3BA69FD}.Debug|x86.ActiveCfg = Debug|Win32
		{0A0B5042-031E-4365-B26C-35CEC3BA69FD}.Debug|x86.Build.0 = Debug|Win32
		{0A0B5042-031E-4365-B26C-35CEC3BA69FD}.Release|x64.ActiveCfg = Release|x64
		{0A0B5042-031E-4365-B26C-35CEC3BA69FD}.Release|x64.Build.0 = Release|x64
		{0A0B5042-031E-4365-B26C-35CEC3BA69FD}.Release|x86.ActiveCfg = Release|Win32
		{0A0B5042-031E-4365-B26C-35CEC3BA69FD}.Release|x86.Build.0 = Release|Win32
		{4F41D5ED-E2C7-4C3B-AFA9-301906094002}.Debug|x64.ActiveCfg = Debug|x64
		{4F41D5ED-E2C7-4C3B-AFA9-301906094002}.Debug|x64.Build.0 = Debug|x64
		{4F41D5ED-E2C7-4C3B-AFA9-301906094002}.Debug|x86.ActiveCfg = Debug|Win32
		{4F41D5ED-E2C7-4C3B-AFA9-301906094002}.Debug|x86.Build.0 = Debug|Win32
		{4F41D5ED-E2C7-4C3B-AFA9-301906094002}.Release|x64.ActiveCfg = Release|x64
		{4F41D5ED-E2C7-4C3B-AFA9-301906094002}.Release|x64.Build.0 = Release|x64
		{4F41D5ED-E2C7-4C3B-AFA9-301906094002}.Release|x86.ActiveCfg = Release|Win32
		{4F41D5ED-E2C7-4C3B-AFA9-301906094002}.Release|x86.Build.0 = Release|Win32
		{DEF3EED3-3CB0-4DCF-A493-18C8EA553D54}.Debug|x64.ActiveCfg = Debug|x64
		{DEF3EED3-3CB0-4DCF-A493-18C8EA553D54}.Debug|x64.Build.0 = Debug|x64
		{DEF3EED3-3CB0-4DCF-A493-18C8EA553D54}.Debug|x86.ActiveCfg = Debug|Win32
		{DEF3EED3-3CB0-4DCF-A493-18C8EA553D54}.Debug|x86.Build.0 = Debug|Win32
		{DEF3EED3-3CB0-4DCF-A493-18C8EA553D54}.Release|x64.ActiveCfg = Release|x64
		{DEF3EED3-3CB0-4DCF-A493-18C8EA553D54}.Release|x64.Build.0 = Release|x64
		{DEF3EED3-3CB0-4DCF-A493-18C8EA553D54}.Release|x86.ActiveCfg = Release|Win32
		{DEF3EED3-3CB0-4DCF-A493-18C8EA553D54}.Release|x86.Build.0 = Release|Win32
		{789D2BEE-802F-44E6-A758-855795F81183}.Debug|x64.ActiveCfg = Debug|x64
		{789D2BEE-802F-44E6-A758-855795F81183}.Debug|x64.Build.0 = Debug|x64
		{789D2BEE-802F-44E6-A758-855795F81183}.Debug|x86.ActiveCfg = Debug|Win32
		{789D2BEE-802F-44E6-A758-855795F81183}.Debug|x86.Build.0 = Debug|Win32
		{789D2BEE-802F-44E6-A758-855795F81183}.Release|x64.ActiveCfg = Release|x64
		{789D2BEE-802F-44E6-A758-855795F81183}.Release|x64.Build.0 = Release|x64
		{789D2BEE-802F-44E6-A758-855795F81183}.Release|x86.ActiveCfg = Release|Win32
		{789D2BEE-802F-44E6-A758-855795F81183}.Release|x86.Build.0 = Release|Win32
		{1DF42663-9EA8-46D4-8FA0-5A2E2B62AC31}.Debug|x64.ActiveCfg = Debug|x64
		{1DF42663-9EA8-46D4-8FA0-5A2E2B62AC31}.Debug|x64.Build.0 = Debug|x64
		{1DF42663-9EA8-46D4-8FA0-5A2E2B62AC31}.Debug|x86.ActiveCfg = Debug|Win32
		{1DF42663-9EA8-46D4-8FA0-5A2E2B62AC31}.Debug|x86.Build.0 = Debug|Win32
		{1DF42663-9EA8-46D4-8FA0-5A2E2B62AC31}.Release|x64.ActiveCfg = Release|x64
		{1DF42663-9EA8-46D4-8FA0-5A2E2B62AC31}.Release|x64.Build.0 = Release|x64
		{1DF42663-9EA8-46D4-8FA0-5A2E2B62AC31}.Release|x86.ActiveCfg = Release|Win32
		{1DF42663-9EA8-46D4-8FA0-5A2E2B62AC31}.Release|x86.Build.0 = Release|Win32
		{EF51536F-5E21-4C58-A24C-82EB78648E87}.Debug|x64.ActiveCfg = Debug|x64
		{EF51536F-5E21-4C58-A24C-82EB78648E87}.Debug|x64.Build.0 = Debug|x64
		{EF51536F-5E21-4C58-A24C-82EB78648E87}.Debug|x86.ActiveCfg = Debug|Win32
		{EF51536F-5E21-4C58-A24C-82EB78648E87}.Debug|x86.Build.0 = Debug|Win32
		{EF51536F-5E21-4C58-A24C-82EB78648E87}.Release|x64.ActiveCfg = Release|x64
		{EF51536F-5E21-4C58-A24C-82EB78648E87}.Release|x64.Build.0 = Release|x64
		{EF51536F-5E21-4C58-A24C-82EB78648E87}.Release|x86.ActiveCfg = Release|Win32
		{EF51536F-5E21-4C58-A24C-82EB78648E87}.Release|x86.Build.0 = Release|Win32
		{F2EBE3D6-FD5C-4EFC-B84A-3B702A34F19A}.Debug|x64.ActiveCfg = Debug|x64
		{F2EBE3D6-FD5C-4EFC-B84A-3B702A34F19A}.Debug|x64.Build.0 = Debug|x64
		{F2EBE3D6-FD5C-4EFC-B84A-3B702A34F19A}.Debug|x86.ActiveCfg = Debug|Win32
		{F2EBE3D6-FD5C-4EFC-B84A-3B702A34F19A}.Debug|x86.Build.0 = Debug|Win32
		{F2EBE3D6-FD5C-4EFC-B84A-3B702A34F19A}.Release|x64.ActiveCfg = Release|x64
		{F2EBE3D6-FD5C-4EFC-B84A-3B702A34F19A}.Release|x64.Build.0 = Release|x64
		{F2EBE3D6-FD5C-4EFC-B84A-3B702A34F19A}.Release|x86.ActiveCfg = Release|Win32
		{F2EBE3D6-FD5C-4EFC-B84A-3B702A34F19A}.Release|x86.Build.0 = Release|Win32
		{82E54BDB-2D47-45CA-A3E2-7DBFB0ED2E4E}.Debug|x64.ActiveCfg = Debug|x64
		{82E54BDB-2D47-45CA-A3E2-7DBFB0ED2E4E}.Debug|x64.Build.0 = Debug|x64
		{82E54BDB-2D47-45CA-A3E2-7DBFB0ED2E4E}.Debug|x86.ActiveCfg = Debug|Win32
		{82E54BDB-2D47-45CA-A3E2-7DBFB0ED2E4E}.Debug|x86.Build.0 = Debug|Win32
		{82E54BDB-2D47-45CA-A3E2-7DBFB0ED2E4E}.Release|x64.ActiveCfg = Release|x64
		{82E54BDB-2D47-45CA-A3E2-7DBFB0ED2E4E}.Release|x64.Build.0 = Release|x64
		{82E54BDB-2D47-45CA-A3E2-7DBFB0ED2E4E}.Release|x86.ActiveCfg = Release|Win32
		{82E54BDB-2D47-45CA-A3E2-7DBFB0ED2E4E}.Release|x86.Build.0 = Release|Win32
		{ABC16BC8-C4F7-4AB2-90C2-D0197C6471D5}.Debug|x64.ActiveCfg = Debug|x64
		{ABC16BC8-C4F7-4AB2-90C2-D0197C6471D5}.Debug|x64.Build.0 = Debug|x64
		{ABC16BC8-C4F7-4AB2-90C2-D0197C6471D5}.Debug|x86.ActiveCfg = Debug|Win32
		{ABC16BC8-C4F7-4AB2-90C2-D0197C6471D5}.Debug|x86.Build.0 = Debug|Win32
		{ABC16BC8-C4F7-4AB2-90C2-D0197C6471D5}.Release|x64.ActiveCfg = Release|x64
		{ABC16BC8-C4F7-4AB2-90C2-D0197C6471D5}.Release|x64.Build.0 = Release|x64
		{ABC16BC8-C4F7-4AB2-90C2-D0197C6471D5}.Release|x86.ActiveCfg = Release|Win32
		{ABC16BC8-C4F7-4AB2-90C2-D0197C6471D5}.Release|x86.Build.0 = Release|Win32
		{7F63250A-8490-4D77-9990-3FB513955E31}.Debug|x64.ActiveCfg = Debug|x64
		{7F63250A-8490-4D77-9990-3FB513955E31}.Debug|x64.Build.0 = Debug|x64
		{7F63250A-8490-4D77-9990-3FB513955E31}.Debug|x86.ActiveCfg = Debug|Win32
		{7F63250A-8490-4D77-9990-3FB513955E31}.Debug|x86.Build.0 = Debug|Win32
		{7F63250A-8490-4D77-9990-3FB513955E31}.Release|x64.ActiveCfg = Release|x64
		{7F63250A-8490-4D77-9990-3FB513955E31}.Release|x64.Build.0 = Release|x64
		{7F63250A-8490-4D77-9990-3FB513955E31}.Release|x86.ActiveCfg = Release|Win32
		{7F63250A-8490-4D77-9990-3FB513955E31}.Release|x86.Build.0 = Release|Win32
		{B27EC9CB-A183-4474-98DD-A42D43132941}.Debug|x64.ActiveCfg = Debug|x64
		{B27EC9CB-A183-4474-98DD-A42D43132941}.Debug|x64.Build.0 = Debug|x64
		{B27EC9CB-A183-4474-98DD-A42D43132941}.Debug|x86.ActiveCfg = Debug|Win32
		{B27EC9CB-A183-4474-98DD-A42D43132941}.Debug|x86.Build.0 = Debug|Win32
		{B27EC9CB-A183-4474-98DD-A42D43132941}.Release|x64.ActiveCfg = Release|x64
		{B27EC9CB-A183-4474-98DD-A42D43132941}.Release|x64.Build.0 = Release|x64
		{B27EC9CB-A183-4474-98DD-A42D43132941}.Release|x86.ActiveCfg = Release|Win32
		{B27EC9CB-A183-4474-98DD-A42D43132941}.Release|x86.Build.0 = Release|Win32
		{B3B1934C-CC33-4832-A091-66D489BF1686}.Debug|x64.ActiveCfg = Debug|x64
		{B3B1934C-CC33-4832-A091-66D489BF1686}.Debug|x64.Build.0 = Debug|x64
		{B3B1934C-CC33-4832-A091-66D489BF1686}.Debug|x86.ActiveCfg = Debug|Win32
		{B3B1934C-CC33-4832-A091-66D489BF1686}.Debug|x86.Build.0 = Debug|Win32
		{B3B1934C-CC33-4832-A091-66D489BF1686}.Release|x64.ActiveCfg = Release|x64
		{B3B1934C-CC33-4832-A091-66D489BF1686}.Release|x64.Build.0 = Release|x64
		{B3B1934C-CC33-4832-A091-66D489BF1686}.Release|x86.ActiveCfg = Release|Win32
		{B3B1934C-CC33-4832-A091-66D489BF1686}.Release|x86.Build.0 = Release|Win32
		{DE0CB60D-0410-41AD-B65A-4B7359309159}.Debug|x64.ActiveCfg = Debug|x64
		{DE0CB60D-0410-41AD-B65A-4B7359309159}.Debug|x64.Build.0 = Debug|x64
		{DE0CB60D-0410-41AD-B65A-4B7359309159}.Debug|x86.ActiveCfg = Debug|Win32
		{DE0CB60D-0410-41AD-B65A-4B7359309159}.Debug|x86.Build.0 = Debug|Win32
		{DE0CB60D-0410-41AD-B65A-4B7359309159}.Release|x64.ActiveCfg = Release|x64
		{DE0CB60D-0410-41AD-B65A-4B7359309159}.Release|x64.Build.0 = Release|x64
		{DE0CB60D-0410-41AD-B65A-4B7359309159}.Release|x86.ActiveCfg = Release|Win32
		{DE0CB60D-0410-41AD-B65A-4B7359309159}.Release|x86.Build.0 = Release|Win32
		{E29E697D-53B0-45C4-A608-E4DCF909FD34}.Debug|x64.ActiveCfg = Debug|x64
		{E29E697D-53B0-45C4-A608-E4DCF909FD34}.Debug|x64.Build.0 = Debug|x64
		{E29E697D-53B0-45C4-A608-E4DCF909FD34}.Debug|x86.ActiveCfg = Debug|Win32
		{E29E697D-53B0-45C4-A608-E4DCF909FD34}.Debug|x86.Build.0 = Debug|Win32
		{E29E697D-53B0-45C4-A608-E4DCF909FD34}.Release|x64.ActiveCfg = Release|x64
		{E29E697D-53B0-45C4-A608-E4DCF909FD34}.Release|x64.Build.0 = Release|x64
		{E29E697D-53B0-45C4-A608-E4DCF909FD34}.Release|x86.ActiveCfg = Release|Win32
		{E29E697D-53B0-45C4-A608-E4DCF909FD34}.Release|x86.Build.0 = Release|Win32
		{D18203AA-DA82-4D5B-BC4F-254FA6A44603}.Debug|x64.ActiveCfg = Debug|x64
		{D18203AA-DA82-4D5B-BC4F-254FA6A44603}.Debug|x64.Build.0 = Debug|x64
		{D18203AA-DA82-4D5B-BC4F-254FA6A44603}.Debug|x86.ActiveCfg = Debug|Win32
		{D18203AA-DA82-4D5B-BC4F-254FA6A44603}.Debug|x86.Build.0 = Debug|Win32
		{D18203AA-DA82-4D5B-BC4F-254FA6A44603}.Release|x64.ActiveCfg = Release|x64
		{D18203AA-DA82-4D5B-BC4F-254FA6A44603}.Release|x64.Build.0 = Release|x64
		{D18203AA-DA82-4D5B-BC4F-254FA6A44603}.Release|x86.ActiveCfg = Release|Win32
		{D18203AA-DA82-4D5B-BC4F-254FA6A44603}.Release|x86.Build.0 = Release|Win32
	EndGlobalSection
	GlobalSection(SolutionProperties) = preSolution
		HideSolutionNode = FALSE
	EndGlobalSection
EndGlobal
