
Microsoft Visual Studio Solution File, Format Version 12.00
# Visual Studio 15
VisualStudioVersion = 15.0.26228.9
MinimumVisualStudioVersion = 10.0.40219.1
Project("{8BC9CEB8-8B4A-11D0-8D11-00A0C91BC942}") = "ExampleB_01", "ExampleB_01\ExampleB_01.vcxproj", "{6A0422D1-546A-4BF8-8CAE-2CD10F742777}"
EndProject
Project("{8BC9CEB8-8B4A-11D0-8D11-00A0C91BC942}") = "ExampleB_02", "ExampleB_02\ExampleB_02.vcxproj", "{9CD3D898-CC7E-44A4-B4A3-2AA5C7E94EDB}"
EndProject
Project("{8BC9CEB8-8B4A-11D0-8D11-00A0C91BC942}") = "ExampleB_03", "ExampleB_03\ExampleB_03.vcxproj", "{9CCF7F4D-F95D-4278-9D44-055FCFFEE719}"
EndProject
Project("{8BC9CEB8-8B4A-11D0-8D11-00A0C91BC942}") = "ExampleC_01", "ExampleC_01\ExampleC_01.vcxproj", "{0960A363-F8DE-4D03-ABFB-62F1EC9DF602}"
EndProject
Project("{8BC9CEB8-8B4A-11D0-8D11-00A0C91BC942}") = "ExampleD_01", "ExampleD_01\ExampleD_01.vcxproj", "{E9E9CA05-7C19-4449-9215-54CD03EC4CF2}"
EndProject
Project("{8BC9CEB8-8B4A-11D0-8D11-00A0C91BC942}") = "ExampleE_01", "ExampleE_01\ExampleE_01.vcxproj", "{52D08841-D0D9-4C53-B447-F962365AC02F}"
EndProject
Project("{8BC9CEB8-8B4A-11D0-8D11-00A0C91BC942}") = "ExampleE_02", "ExampleE_02\ExampleE_02.vcxproj", "{10F47C31-DA03-4F90-A93C-A59171310B82}"
EndProject
Project("{8BC9CEB8-8B4A-11D0-8D11-00A0C91BC942}") = "ExampleB_04", "ExampleB_04\ExampleB_04.vcxproj", "{D7B0BDCC-130E-4533-B3EC-0A29B181E749}"
EndProject
Project("{8BC9CEB8-8B4A-11D0-8D11-00A0C91BC942}") = "ExampleB_05", "ExampleB_05\ExampleB_05.vcxproj", "{94FC97FD-F7F1-47BE-98EB-68A04C6CF449}"
EndProject
Global
	GlobalSection(SolutionConfigurationPlatforms) = preSolution
		Debug|x64 = Debug|x64
		Debug|x86 = Debug|x86
		Release|x64 = Release|x64
		Release|x86 = Release|x86
	EndGlobalSection
	GlobalSection(ProjectConfigurationPlatforms) = postSolution
		{6A0422D1-546A-4BF8-8CAE-2CD10F742777}.Debug|x64.ActiveCfg = Debug|x64
		{6A0422D1-546A-4BF8-8CAE-2CD10F742777}.Debug|x64.Build.0 = Debug|x64
		{6A0422D1-546A-4BF8-8CAE-2CD10F742777}.Debug|x86.ActiveCfg = Debug|Win32
		{6A0422D1-546A-4BF8-8CAE-2CD10F742777}.Debug|x86.Build.0 = Debug|Win32
		{6A0422D1-546A-4BF8-8CAE-2CD10F742777}.Release|x64.ActiveCfg = Release|x64
		{6A0422D1-546A-4BF8-8CAE-2CD10F742777}.Release|x64.Build.0 = Release|x64
		{6A0422D1-546A-4BF8-8CAE-2CD10F742777}.Release|x86.ActiveCfg = Release|Win32
		{6A0422D1-546A-4BF8-8CAE-2CD10F742777}.Release|x86.Build.0 = Release|Win32
		{9CD3D898-CC7E-44A4-B4A3-2AA5C7E94EDB}.Debug|x64.ActiveCfg = Debug|x64
		{9CD3D898-CC7E-44A4-B4A3-2AA5C7E94EDB}.Debug|x64.Build.0 = Debug|x64
		{9CD3D898-CC7E-44A4-B4A3-2AA5C7E94EDB}.Debug|x86.ActiveCfg = Debug|Win32
		{9CD3D898-CC7E-44A4-B4A3-2AA5C7E94EDB}.Debug|x86.Build.0 = Debug|Win32
		{9CD3D898-CC7E-44A4-B4A3-2AA5C7E94EDB}.Release|x64.ActiveCfg = Release|x64
		{9CD3D898-CC7E-44A4-B4A3-2AA5C7E94EDB}.Release|x64.Build.0 = Release|x64
		{9CD3D898-CC7E-44A4-B4A3-2AA5C7E94EDB}.Release|x86.ActiveCfg = Release|Win32
		{9CD3D898-CC7E-44A4-B4A3-2AA5C7E94EDB}.Release|x86.Build.0 = Release|Win32
		{9CCF7F4D-F95D-4278-9D44-055FCFFEE719}.Debug|x64.ActiveCfg = Debug|x64
		{9CCF7F4D-F95D-4278-9D44-055FCFFEE719}.Debug|x64.Build.0 = Debug|x64
		{9CCF7F4D-F95D-4278-9D44-055FCFFEE719}.Debug|x86.ActiveCfg = Debug|Win32
		{9CCF7F4D-F95D-4278-9D44-055FCFFEE719}.Debug|x86.Build.0 = Debug|Win32
		{9CCF7F4D-F95D-4278-9D44-055FCFFEE719}.Release|x64.ActiveCfg = Release|x64
		{9CCF7F4D-F95D-4278-9D44-055FCFFEE719}.Release|x64.Build.0 = Release|x64
		{9CCF7F4D-F95D-4278-9D44-055FCFFEE719}.Release|x86.ActiveCfg = Release|Win32
		{9CCF7F4D-F95D-4278-9D44-055FCFFEE719}.Release|x86.Build.0 = Release|Win32
		{0960A363-F8DE-4D03-ABFB-62F1EC9DF602}.Debug|x64.ActiveCfg = Debug|x64
		{0960A363-F8DE-4D03-ABFB-62F1EC9DF602}.Debug|x64.Build.0 = Debug|x64
		{0960A363-F8DE-4D03-ABFB-62F1EC9DF602}.Debug|x86.ActiveCfg = Debug|Win32
		{0960A363-F8DE-4D03-ABFB-62F1EC9DF602}.Debug|x86.Build.0 = Debug|Win32
		{0960A363-F8DE-4D03-ABFB-62F1EC9DF602}.Release|x64.ActiveCfg = Release|x64
		{0960A363-F8DE-4D03-ABFB-62F1EC9DF602}.Release|x64.Build.0 = Release|x64
		{0960A363-F8DE-4D03-ABFB-62F1EC9DF602}.Release|x86.ActiveCfg = Release|Win32
		{0960A363-F8DE-4D03-ABFB-62F1EC9DF602}.Release|x86.Build.0 = Release|Win32
		{E9E9CA05-7C19-4449-9215-54CD03EC4CF2}.Debug|x64.ActiveCfg = Debug|x64
		{E9E9CA05-7C19-4449-9215-54CD03EC4CF2}.Debug|x64.Build.0 = Debug|x64
		{E9E9CA05-7C19-4449-9215-54CD03EC4CF2}.Debug|x86.ActiveCfg = Debug|Win32
		{E9E9CA05-7C19-4449-9215-54CD03EC4CF2}.Debug|x86.Build.0 = Debug|Win32
		{E9E9CA05-7C19-4449-9215-54CD03EC4CF2}.Release|x64.ActiveCfg = Release|x64
		{E9E9CA05-7C19-4449-9215-54CD03EC4CF2}.Release|x64.Build.0 = Release|x64
		{E9E9CA05-7C19-4449-9215-54CD03EC4CF2}.Release|x86.ActiveCfg = Release|Win32
		{E9E9CA05-7C19-4449-9215-54CD03EC4CF2}.Release|x86.Build.0 = Release|Win32
		{52D08841-D0D9-4C53-B447-F962365AC02F}.Debug|x64.ActiveCfg = Debug|x64
		{52D08841-D0D9-4C53-B447-F962365AC02F}.Debug|x64.Build.0 = Debug|x64
		{52D08841-D0D9-4C53-B447-F962365AC02F}.Debug|x86.ActiveCfg = Debug|Win32
		{52D08841-D0D9-4C53-B447-F962365AC02F}.Debug|x86.Build.0 = Debug|Win32
		{52D08841-D0D9-4C53-B447-F962365AC02F}.Release|x64.ActiveCfg = Release|x64
		{52D08841-D0D9-4C53-B447-F962365AC02F}.Release|x64.Build.0 = Release|x64
		{52D08841-D0D9-4C53-B447-F962365AC02F}.Release|x86.ActiveCfg = Release|Win32
		{52D08841-D0D9-4C53-B447-F962365AC02F}.Release|x86.Build.0 = Release|Win32
		{10F47C31-DA03-4F90-A93C-A59171310B82}.Debug|x64.ActiveCfg = Debug|x64
		{10F47C31-DA03-4F90-A93C-A59171310B82}.Debug|x64.Build.0 = Debug|x64
		{10F47C31-DA03-4F90-A93C-A59171310B82}.Debug|x86.ActiveCfg = Debug|Win32
		{10F47C31-DA03-4F90-A93C-A59171310B82}.Debug|x86.Build.0 = Debug|Win32
		{10F47C31-DA03-4F90-A93C-A59171310B82}.Release|x64.ActiveCfg = Release|x64
		{10F47C31-DA03-4F90-A93C-A59171310B82}.Release|x64.Build.0 = Release|x64
		{10F47C31-DA03-4F90-A93C-A59171310B82}.Release|x86.ActiveCfg = Release|Win32
		{10F47C31-DA03-4F90-A93C-A59171310B82}.Release|x86.Build.0 = Release|Win32
		{D7B0BDCC-130E-4533-B3EC-0A29B181E749}.Debug|x64.ActiveCfg = Debug|x64
		{D7B0BDCC-130E-4533-B3EC-0A29B181E749}.Debug|x64.Build.0 = Debug|x64
		{D7B0BDCC-130E-4533-B3EC-0A29B181E749}.Debug|x86.ActiveCfg = Debug|Win32
		{D7B0BDCC-130E-4533-B3EC-0A29B181E749}.Debug|x86.Build.0 = Debug|Win32
		{D7B0BDCC-130E-4533-B3EC-0A29B181E749}.Release|x64.ActiveCfg = Release|x64
		{D7B0BDCC-130E-4533-B3EC-0A29B181E749}.Release|x64.Build.0 = Release|x64
		{D7B0BDCC-130E-4533-B3EC-0A29B181E749}.Release|x86.ActiveCfg = Release|Win32
		{D7B0BDCC-130E-4533-B3EC-0A29B181E749}.Release|x86.Build.0 = Release|Win32
		{94FC97FD-F7F1-47BE-98EB-68A04C6CF449}.Debug|x64.ActiveCfg = Debug|x64
		{94FC97FD-F7F1-47BE-98EB-68A04C6CF449}.Debug|x64.Build.0 = Debug|x64
		{94FC97FD-F7F1-47BE-98EB-68A04C6CF449}.Debug|x86.ActiveCfg = Debug|Win32
		{94FC97FD-F7F1-47BE-98EB-68A04C6CF449}.Debug|x86.Build.0 = Debug|Win32
		{94FC97FD-F7F1-47BE-98EB-68A04C6CF449}.Release|x64.ActiveCfg = Release|x64
		{94FC97FD-F7F1-47BE-98EB-68A04C6CF449}.Release|x64.Build.0 = Release|x64
		{94FC97FD-F7F1-47BE-98EB-68A04C6CF449}.Release|x86.ActiveCfg = Release|Win32
		{94FC97FD-F7F1-47BE-98EB-68A04C6CF449}.Release|x86.Build.0 = Release|Win32
	EndGlobalSection
	GlobalSection(SolutionProperties) = preSolution
		HideSolutionNode = FALSE
	EndGlobalSection
EndGlobal
