
Microsoft Visual Studio Solution File, Format Version 12.00
# Visual Studio 14
VisualStudioVersion = 14.0.25420.1
MinimumVisualStudioVersion = 10.0.40219.1
Project("{8BC9CEB8-8B4A-11D0-8D11-00A0C91BC942}") = "Example07_01", "Chapter07\Chapter07.vcxproj", "{1AA4FE1A-B486-467E-A274-7C769C4E2131}"
EndProject
Project("{8BC9CEB8-8B4A-11D0-8D11-00A0C91BC942}") = "Example07_13", "Example07_13\Example07_13.vcxproj", "{BBD2D3BA-10E5-4B5C-BC4C-4567AB2FFEED}"
EndProject
Project("{8BC9CEB8-8B4A-11D0-8D11-00A0C91BC942}") = "Example07_02", "Example07_02\Example07_02.vcxproj", "{37EDA354-8B18-49FB-84A9-046C475AB72E}"
EndProject
Project("{8BC9CEB8-8B4A-11D0-8D11-00A0C91BC942}") = "Example07_03", "Example07_03\Example07_03.vcxproj", "{45905123-898F-4A5C-B803-23B5888126D3}"
EndProject
Project("{8BC9CEB8-8B4A-11D0-8D11-00A0C91BC942}") = "Example07_04", "Example07_04\Example07_04.vcxproj", "{C47EB85F-D9E0-44A5-A02F-12079BF9EBE2}"
EndProject
Project("{8BC9CEB8-8B4A-11D0-8D11-00A0C91BC942}") = "Example07_05", "Example07_05\Example07_05.vcxproj", "{E160220C-13BE-4E87-B63C-A442971F1889}"
EndProject
Project("{8BC9CEB8-8B4A-11D0-8D11-00A0C91BC942}") = "Example07_06", "Example07_06\Example07_06.vcxproj", "{EE3AC120-5A5D-42D4-88F4-6BE43DE58379}"
EndProject
Project("{8BC9CEB8-8B4A-11D0-8D11-00A0C91BC942}") = "Example07_07", "Example07_07\Example07_07.vcxproj", "{AEED3BB3-5E5A-4678-9506-C4C792213695}"
EndProject
Project("{8BC9CEB8-8B4A-11D0-8D11-00A0C91BC942}") = "Example07_08", "Example07_08\Example07_08.vcxproj", "{59B674D1-3056-4A17-8668-2A95426B363D}"
EndProject
Project("{8BC9CEB8-8B4A-11D0-8D11-00A0C91BC942}") = "Example07_09", "Example07_09\Example07_09.vcxproj", "{44215EE0-89E4-48C8-992E-C631A051445D}"
EndProject
Project("{8BC9CEB8-8B4A-11D0-8D11-00A0C91BC942}") = "Example07_10", "Example07_10\Example07_10.vcxproj", "{2EA67F41-079D-40EA-9CE4-F6FF4985B305}"
EndProject
Project("{8BC9CEB8-8B4A-11D0-8D11-00A0C91BC942}") = "Example07_11", "Example07_11\Example07_11.vcxproj", "{F88EBFBD-6EE4-45D7-8539-73980C8F5270}"
EndProject
Project("{8BC9CEB8-8B4A-11D0-8D11-00A0C91BC942}") = "Example07_12", "Example07_12\Example07_12.vcxproj", "{E2834CE0-EBD9-4D3D-8820-BC74C69012E3}"
EndProject
Global
	GlobalSection(SolutionConfigurationPlatforms) = preSolution
		Debug|x64 = Debug|x64
		Debug|x86 = Debug|x86
		Release|x64 = Release|x64
		Release|x86 = Release|x86
	EndGlobalSection
	GlobalSection(ProjectConfigurationPlatforms) = postSolution
		{1AA4FE1A-B486-467E-A274-7C769C4E2131}.Debug|x64.ActiveCfg = Debug|x64
		{1AA4FE1A-B486-467E-A274-7C769C4E2131}.Debug|x64.Build.0 = Debug|x64
		{1AA4FE1A-B486-467E-A274-7C769C4E2131}.Debug|x86.ActiveCfg = Debug|Win32
		{1AA4FE1A-B486-467E-A274-7C769C4E2131}.Debug|x86.Build.0 = Debug|Win32
		{1AA4FE1A-B486-467E-A274-7C769C4E2131}.Release|x64.ActiveCfg = Release|x64
		{1AA4FE1A-B486-467E-A274-7C769C4E2131}.Release|x64.Build.0 = Release|x64
		{1AA4FE1A-B486-467E-A274-7C769C4E2131}.Release|x86.ActiveCfg = Release|Win32
		{1AA4FE1A-B486-467E-A274-7C769C4E2131}.Release|x86.Build.0 = Release|Win32
		{BBD2D3BA-10E5-4B5C-BC4C-4567AB2FFEED}.Debug|x64.ActiveCfg = Debug|x64
		{BBD2D3BA-10E5-4B5C-BC4C-4567AB2FFEED}.Debug|x64.Build.0 = Debug|x64
		{BBD2D3BA-10E5-4B5C-BC4C-4567AB2FFEED}.Debug|x86.ActiveCfg = Debug|Win32
		{BBD2D3BA-10E5-4B5C-BC4C-4567AB2FFEED}.Debug|x86.Build.0 = Debug|Win32
		{BBD2D3BA-10E5-4B5C-BC4C-4567AB2FFEED}.Release|x64.ActiveCfg = Release|x64
		{BBD2D3BA-10E5-4B5C-BC4C-4567AB2FFEED}.Release|x64.Build.0 = Release|x64
		{BBD2D3BA-10E5-4B5C-BC4C-4567AB2FFEED}.Release|x86.ActiveCfg = Release|Win32
		{BBD2D3BA-10E5-4B5C-BC4C-4567AB2FFEED}.Release|x86.Build.0 = Release|Win32
		{37EDA354-8B18-49FB-84A9-046C475AB72E}.Debug|x64.ActiveCfg = Debug|x64
		{37EDA354-8B18-49FB-84A9-046C475AB72E}.Debug|x64.Build.0 = Debug|x64
		{37EDA354-8B18-49FB-84A9-046C475AB72E}.Debug|x86.ActiveCfg = Debug|Win32
		{37EDA354-8B18-49FB-84A9-046C475AB72E}.Debug|x86.Build.0 = Debug|Win32
		{37EDA354-8B18-49FB-84A9-046C475AB72E}.Release|x64.ActiveCfg = Release|x64
		{37EDA354-8B18-49FB-84A9-046C475AB72E}.Release|x64.Build.0 = Release|x64
		{37EDA354-8B18-49FB-84A9-046C475AB72E}.Release|x86.ActiveCfg = Release|Win32
		{37EDA354-8B18-49FB-84A9-046C475AB72E}.Release|x86.Build.0 = Release|Win32
		{45905123-898F-4A5C-B803-23B5888126D3}.Debug|x64.ActiveCfg = Debug|x64
		{45905123-898F-4A5C-B803-23B5888126D3}.Debug|x64.Build.0 = Debug|x64
		{45905123-898F-4A5C-B803-23B5888126D3}.Debug|x86.ActiveCfg = Debug|Win32
		{45905123-898F-4A5C-B803-23B5888126D3}.Debug|x86.Build.0 = Debug|Win32
		{45905123-898F-4A5C-B803-23B5888126D3}.Release|x64.ActiveCfg = Release|x64
		{45905123-898F-4A5C-B803-23B5888126D3}.Release|x64.Build.0 = Release|x64
		{45905123-898F-4A5C-B803-23B5888126D3}.Release|x86.ActiveCfg = Release|Win32
		{45905123-898F-4A5C-B803-23B5888126D3}.Release|x86.Build.0 = Release|Win32
		{C47EB85F-D9E0-44A5-A02F-12079BF9EBE2}.Debug|x64.ActiveCfg = Debug|x64
		{C47EB85F-D9E0-44A5-A02F-12079BF9EBE2}.Debug|x64.Build.0 = Debug|x64
		{C47EB85F-D9E0-44A5-A02F-12079BF9EBE2}.Debug|x86.ActiveCfg = Debug|Win32
		{C47EB85F-D9E0-44A5-A02F-12079BF9EBE2}.Debug|x86.Build.0 = Debug|Win32
		{C47EB85F-D9E0-44A5-A02F-12079BF9EBE2}.Release|x64.ActiveCfg = Release|x64
		{C47EB85F-D9E0-44A5-A02F-12079BF9EBE2}.Release|x64.Build.0 = Release|x64
		{C47EB85F-D9E0-44A5-A02F-12079BF9EBE2}.Release|x86.ActiveCfg = Release|Win32
		{C47EB85F-D9E0-44A5-A02F-12079BF9EBE2}.Release|x86.Build.0 = Release|Win32
		{E160220C-13BE-4E87-B63C-A442971F1889}.Debug|x64.ActiveCfg = Debug|x64
		{E160220C-13BE-4E87-B63C-A442971F1889}.Debug|x64.Build.0 = Debug|x64
		{E160220C-13BE-4E87-B63C-A442971F1889}.Debug|x86.ActiveCfg = Debug|Win32
		{E160220C-13BE-4E87-B63C-A442971F1889}.Debug|x86.Build.0 = Debug|Win32
		{E160220C-13BE-4E87-B63C-A442971F1889}.Release|x64.ActiveCfg = Release|x64
		{E160220C-13BE-4E87-B63C-A442971F1889}.Release|x64.Build.0 = Release|x64
		{E160220C-13BE-4E87-B63C-A442971F1889}.Release|x86.ActiveCfg = Release|Win32
		{E160220C-13BE-4E87-B63C-A442971F1889}.Release|x86.Build.0 = Release|Win32
		{EE3AC120-5A5D-42D4-88F4-6BE43DE58379}.Debug|x64.ActiveCfg = Debug|x64
		{EE3AC120-5A5D-42D4-88F4-6BE43DE58379}.Debug|x64.Build.0 = Debug|x64
		{EE3AC120-5A5D-42D4-88F4-6BE43DE58379}.Debug|x86.ActiveCfg = Debug|Win32
		{EE3AC120-5A5D-42D4-88F4-6BE43DE58379}.Debug|x86.Build.0 = Debug|Win32
		{EE3AC120-5A5D-42D4-88F4-6BE43DE58379}.Release|x64.ActiveCfg = Release|x64
		{EE3AC120-5A5D-42D4-88F4-6BE43DE58379}.Release|x64.Build.0 = Release|x64
		{EE3AC120-5A5D-42D4-88F4-6BE43DE58379}.Release|x86.ActiveCfg = Release|Win32
		{EE3AC120-5A5D-42D4-88F4-6BE43DE58379}.Release|x86.Build.0 = Release|Win32
		{AEED3BB3-5E5A-4678-9506-C4C792213695}.Debug|x64.ActiveCfg = Debug|x64
		{AEED3BB3-5E5A-4678-9506-C4C792213695}.Debug|x64.Build.0 = Debug|x64
		{AEED3BB3-5E5A-4678-9506-C4C792213695}.Debug|x86.ActiveCfg = Debug|Win32
		{AEED3BB3-5E5A-4678-9506-C4C792213695}.Debug|x86.Build.0 = Debug|Win32
		{AEED3BB3-5E5A-4678-9506-C4C792213695}.Release|x64.ActiveCfg = Release|x64
		{AEED3BB3-5E5A-4678-9506-C4C792213695}.Release|x64.Build.0 = Release|x64
		{AEED3BB3-5E5A-4678-9506-C4C792213695}.Release|x86.ActiveCfg = Release|Win32
		{AEED3BB3-5E5A-4678-9506-C4C792213695}.Release|x86.Build.0 = Release|Win32
		{59B674D1-3056-4A17-8668-2A95426B363D}.Debug|x64.ActiveCfg = Debug|x64
		{59B674D1-3056-4A17-8668-2A95426B363D}.Debug|x64.Build.0 = Debug|x64
		{59B674D1-3056-4A17-8668-2A95426B363D}.Debug|x86.ActiveCfg = Debug|Win32
		{59B674D1-3056-4A17-8668-2A95426B363D}.Debug|x86.Build.0 = Debug|Win32
		{59B674D1-3056-4A17-8668-2A95426B363D}.Release|x64.ActiveCfg = Release|x64
		{59B674D1-3056-4A17-8668-2A95426B363D}.Release|x64.Build.0 = Release|x64
		{59B674D1-3056-4A17-8668-2A95426B363D}.Release|x86.ActiveCfg = Release|Win32
		{59B674D1-3056-4A17-8668-2A95426B363D}.Release|x86.Build.0 = Release|Win32
		{44215EE0-89E4-48C8-992E-C631A051445D}.Debug|x64.ActiveCfg = Debug|x64
		{44215EE0-89E4-48C8-992E-C631A051445D}.Debug|x64.Build.0 = Debug|x64
		{44215EE0-89E4-48C8-992E-C631A051445D}.Debug|x86.ActiveCfg = Debug|Win32
		{44215EE0-89E4-48C8-992E-C631A051445D}.Debug|x86.Build.0 = Debug|Win32
		{44215EE0-89E4-48C8-992E-C631A051445D}.Release|x64.ActiveCfg = Release|x64
		{44215EE0-89E4-48C8-992E-C631A051445D}.Release|x64.Build.0 = Release|x64
		{44215EE0-89E4-48C8-992E-C631A051445D}.Release|x86.ActiveCfg = Release|Win32
		{44215EE0-89E4-48C8-992E-C631A051445D}.Release|x86.Build.0 = Release|Win32
		{2EA67F41-079D-40EA-9CE4-F6FF4985B305}.Debug|x64.ActiveCfg = Debug|x64
		{2EA67F41-079D-40EA-9CE4-F6FF4985B305}.Debug|x64.Build.0 = Debug|x64
		{2EA67F41-079D-40EA-9CE4-F6FF4985B305}.Debug|x86.ActiveCfg = Debug|Win32
		{2EA67F41-079D-40EA-9CE4-F6FF4985B305}.Debug|x86.Build.0 = Debug|Win32
		{2EA67F41-079D-40EA-9CE4-F6FF4985B305}.Release|x64.ActiveCfg = Release|x64
		{2EA67F41-079D-40EA-9CE4-F6FF4985B305}.Release|x64.Build.0 = Release|x64
		{2EA67F41-079D-40EA-9CE4-F6FF4985B305}.Release|x86.ActiveCfg = Release|Win32
		{2EA67F41-079D-40EA-9CE4-F6FF4985B305}.Release|x86.Build.0 = Release|Win32
		{F88EBFBD-6EE4-45D7-8539-73980C8F5270}.Debug|x64.ActiveCfg = Debug|x64
		{F88EBFBD-6EE4-45D7-8539-73980C8F5270}.Debug|x64.Build.0 = Debug|x64
		{F88EBFBD-6EE4-45D7-8539-73980C8F5270}.Debug|x86.ActiveCfg = Debug|Win32
		{F88EBFBD-6EE4-45D7-8539-73980C8F5270}.Debug|x86.Build.0 = Debug|Win32
		{F88EBFBD-6EE4-45D7-8539-73980C8F5270}.Release|x64.ActiveCfg = Release|x64
		{F88EBFBD-6EE4-45D7-8539-73980C8F5270}.Release|x64.Build.0 = Release|x64
		{F88EBFBD-6EE4-45D7-8539-73980C8F5270}.Release|x86.ActiveCfg = Release|Win32
		{F88EBFBD-6EE4-45D7-8539-73980C8F5270}.Release|x86.Build.0 = Release|Win32
		{E2834CE0-EBD9-4D3D-8820-BC74C69012E3}.Debug|x64.ActiveCfg = Debug|x64
		{E2834CE0-EBD9-4D3D-8820-BC74C69012E3}.Debug|x64.Build.0 = Debug|x64
		{E2834CE0-EBD9-4D3D-8820-BC74C69012E3}.Debug|x86.ActiveCfg = Debug|Win32
		{E2834CE0-EBD9-4D3D-8820-BC74C69012E3}.Debug|x86.Build.0 = Debug|Win32
		{E2834CE0-EBD9-4D3D-8820-BC74C69012E3}.Release|x64.ActiveCfg = Release|x64
		{E2834CE0-EBD9-4D3D-8820-BC74C69012E3}.Release|x64.Build.0 = Release|x64
		{E2834CE0-EBD9-4D3D-8820-BC74C69012E3}.Release|x86.ActiveCfg = Release|Win32
		{E2834CE0-EBD9-4D3D-8820-BC74C69012E3}.Release|x86.Build.0 = Release|Win32
	EndGlobalSection
	GlobalSection(SolutionProperties) = preSolution
		HideSolutionNode = FALSE
	EndGlobalSection
EndGlobal
