
Microsoft Visual Studio Solution File, Format Version 12.00
# Visual Studio 14
VisualStudioVersion = 14.0.25420.1
MinimumVisualStudioVersion = 10.0.40219.1
Project("{8BC9CEB8-8B4A-11D0-8D11-00A0C91BC942}") = "Example09_12", "Chapter09\Chapter09.vcxproj", "{33BC527C-C622-461F-8E53-4DE520D1ADD7}"
EndProject
Project("{8BC9CEB8-8B4A-11D0-8D11-00A0C91BC942}") = "Example09_11", "Example09_11\Example09_11.vcxproj", "{952C88A3-A325-4F60-93E3-A6CCB3657A58}"
EndProject
Project("{8BC9CEB8-8B4A-11D0-8D11-00A0C91BC942}") = "Example09_10", "Example09_10\Example09_10.vcxproj", "{65F2A1E0-FF26-4DC6-B853-D8F9ACD29206}"
EndProject
Project("{8BC9CEB8-8B4A-11D0-8D11-00A0C91BC942}") = "Example09_09", "Example09_09\Example09_09.vcxproj", "{18A4BD9A-051E-426A-B3DC-65BE20C7B413}"
EndProject
Project("{8BC9CEB8-8B4A-11D0-8D11-00A0C91BC942}") = "Example09_08", "Example09_08\Example09_08.vcxproj", "{63246EEE-F5F4-4EFC-B3BD-F3650ABE03DB}"
EndProject
Project("{8BC9CEB8-8B4A-11D0-8D11-00A0C91BC942}") = "Example09_07", "Example09_07\Example09_07.vcxproj", "{FD0EC292-0FF9-43AB-9B4F-80513C7DF534}"
EndProject
Project("{8BC9CEB8-8B4A-11D0-8D11-00A0C91BC942}") = "Example09_06", "Example09_06\Example09_06.vcxproj", "{2C8C4C16-1753-4FD7-B5D3-73D97D1F43A7}"
EndProject
Project("{8BC9CEB8-8B4A-11D0-8D11-00A0C91BC942}") = "Example09_05", "Example09_05\Example09_05.vcxproj", "{B9FD618C-9811-4080-9EFC-EC13F72C680B}"
EndProject
Project("{8BC9CEB8-8B4A-11D0-8D11-00A0C91BC942}") = "Example09_04", "Example09_04\Example09_04.vcxproj", "{0543E5DF-B72F-4B8A-9933-E0169878D61F}"
EndProject
Project("{8BC9CEB8-8B4A-11D0-8D11-00A0C91BC942}") = "Example09_03", "Example09_03\Example09_03.vcxproj", "{491FE2E5-131B-4BF1-AEA4-C688D08DF419}"
EndProject
Project("{8BC9CEB8-8B4A-11D0-8D11-00A0C91BC942}") = "Example09_02", "Example09_02\Example09_02.vcxproj", "{4150D169-FB20-4055-932C-427FD13B0A7F}"
EndProject
Project("{8BC9CEB8-8B4A-11D0-8D11-00A0C91BC942}") = "Example09_01", "Example09_01\Example09_01.vcxproj", "{299E1130-6EBA-430D-BB06-AD152C02BC2C}"
EndProject
Global
	GlobalSection(SolutionConfigurationPlatforms) = preSolution
		Debug|x64 = Debug|x64
		Debug|x86 = Debug|x86
		Release|x64 = Release|x64
		Release|x86 = Release|x86
	EndGlobalSection
	GlobalSection(ProjectConfigurationPlatforms) = postSolution
		{33BC527C-C622-461F-8E53-4DE520D1ADD7}.Debug|x64.ActiveCfg = Debug|x64
		{33BC527C-C622-461F-8E53-4DE520D1ADD7}.Debug|x64.Build.0 = Debug|x64
		{33BC527C-C622-461F-8E53-4DE520D1ADD7}.Debug|x86.ActiveCfg = Debug|Win32
		{33BC527C-C622-461F-8E53-4DE520D1ADD7}.Debug|x86.Build.0 = Debug|Win32
		{33BC527C-C622-461F-8E53-4DE520D1ADD7}.Release|x64.ActiveCfg = Release|x64
		{33BC527C-C622-461F-8E53-4DE520D1ADD7}.Release|x64.Build.0 = Release|x64
		{33BC527C-C622-461F-8E53-4DE520D1ADD7}.Release|x86.ActiveCfg = Release|Win32
		{33BC527C-C622-461F-8E53-4DE520D1ADD7}.Release|x86.Build.0 = Release|Win32
		{952C88A3-A325-4F60-93E3-A6CCB3657A58}.Debug|x64.ActiveCfg = Debug|x64
		{952C88A3-A325-4F60-93E3-A6CCB3657A58}.Debug|x64.Build.0 = Debug|x64
		{952C88A3-A325-4F60-93E3-A6CCB3657A58}.Debug|x86.ActiveCfg = Debug|Win32
		{952C88A3-A325-4F60-93E3-A6CCB3657A58}.Debug|x86.Build.0 = Debug|Win32
		{952C88A3-A325-4F60-93E3-A6CCB3657A58}.Release|x64.ActiveCfg = Release|x64
		{952C88A3-A325-4F60-93E3-A6CCB3657A58}.Release|x64.Build.0 = Release|x64
		{952C88A3-A325-4F60-93E3-A6CCB3657A58}.Release|x86.ActiveCfg = Release|Win32
		{952C88A3-A325-4F60-93E3-A6CCB3657A58}.Release|x86.Build.0 = Release|Win32
		{65F2A1E0-FF26-4DC6-B853-D8F9ACD29206}.Debug|x64.ActiveCfg = Debug|x64
		{65F2A1E0-FF26-4DC6-B853-D8F9ACD29206}.Debug|x64.Build.0 = Debug|x64
		{65F2A1E0-FF26-4DC6-B853-D8F9ACD29206}.Debug|x86.ActiveCfg = Debug|Win32
		{65F2A1E0-FF26-4DC6-B853-D8F9ACD29206}.Debug|x86.Build.0 = Debug|Win32
		{65F2A1E0-FF26-4DC6-B853-D8F9ACD29206}.Release|x64.ActiveCfg = Release|x64
		{65F2A1E0-FF26-4DC6-B853-D8F9ACD29206}.Release|x64.Build.0 = Release|x64
		{65F2A1E0-FF26-4DC6-B853-D8F9ACD29206}.Release|x86.ActiveCfg = Release|Win32
		{65F2A1E0-FF26-4DC6-B853-D8F9ACD29206}.Release|x86.Build.0 = Release|Win32
		{18A4BD9A-051E-426A-B3DC-65BE20C7B413}.Debug|x64.ActiveCfg = Debug|x64
		{18A4BD9A-051E-426A-B3DC-65BE20C7B413}.Debug|x64.Build.0 = Debug|x64
		{18A4BD9A-051E-426A-B3DC-65BE20C7B413}.Debug|x86.ActiveCfg = Debug|Win32
		{18A4BD9A-051E-426A-B3DC-65BE20C7B413}.Debug|x86.Build.0 = Debug|Win32
		{18A4BD9A-051E-426A-B3DC-65BE20C7B413}.Release|x64.ActiveCfg = Release|x64
		{18A4BD9A-051E-426A-B3DC-65BE20C7B413}.Release|x64.Build.0 = Release|x64
		{18A4BD9A-051E-426A-B3DC-65BE20C7B413}.Release|x86.ActiveCfg = Release|Win32
		{18A4BD9A-051E-426A-B3DC-65BE20C7B413}.Release|x86.Build.0 = Release|Win32
		{63246EEE-F5F4-4EFC-B3BD-F3650ABE03DB}.Debug|x64.ActiveCfg = Debug|x64
		{63246EEE-F5F4-4EFC-B3BD-F3650ABE03DB}.Debug|x64.Build.0 = Debug|x64
		{63246EEE-F5F4-4EFC-B3BD-F3650ABE03DB}.Debug|x86.ActiveCfg = Debug|Win32
		{63246EEE-F5F4-4EFC-B3BD-F3650ABE03DB}.Debug|x86.Build.0 = Debug|Win32
		{63246EEE-F5F4-4EFC-B3BD-F3650ABE03DB}.Release|x64.ActiveCfg = Release|x64
		{63246EEE-F5F4-4EFC-B3BD-F3650ABE03DB}.Release|x64.Build.0 = Release|x64
		{63246EEE-F5F4-4EFC-B3BD-F3650ABE03DB}.Release|x86.ActiveCfg = Release|Win32
		{63246EEE-F5F4-4EFC-B3BD-F3650ABE03DB}.Release|x86.Build.0 = Release|Win32
		{FD0EC292-0FF9-43AB-9B4F-80513C7DF534}.Debug|x64.ActiveCfg = Debug|x64
		{FD0EC292-0FF9-43AB-9B4F-80513C7DF534}.Debug|x64.Build.0 = Debug|x64
		{FD0EC292-0FF9-43AB-9B4F-80513C7DF534}.Debug|x86.ActiveCfg = Debug|Win32
		{FD0EC292-0FF9-43AB-9B4F-80513C7DF534}.Debug|x86.Build.0 = Debug|Win32
		{FD0EC292-0FF9-43AB-9B4F-80513C7DF534}.Release|x64.ActiveCfg = Release|x64
		{FD0EC292-0FF9-43AB-9B4F-80513C7DF534}.Release|x64.Build.0 = Release|x64
		{FD0EC292-0FF9-43AB-9B4F-80513C7DF534}.Release|x86.ActiveCfg = Release|Win32
		{FD0EC292-0FF9-43AB-9B4F-80513C7DF534}.Release|x86.Build.0 = Release|Win32
		{2C8C4C16-1753-4FD7-B5D3-73D97D1F43A7}.Debug|x64.ActiveCfg = Debug|x64
		{2C8C4C16-1753-4FD7-B5D3-73D97D1F43A7}.Debug|x64.Build.0 = Debug|x64
		{2C8C4C16-1753-4FD7-B5D3-73D97D1F43A7}.Debug|x86.ActiveCfg = Debug|Win32
		{2C8C4C16-1753-4FD7-B5D3-73D97D1F43A7}.Debug|x86.Build.0 = Debug|Win32
		{2C8C4C16-1753-4FD7-B5D3-73D97D1F43A7}.Release|x64.ActiveCfg = Release|x64
		{2C8C4C16-1753-4FD7-B5D3-73D97D1F43A7}.Release|x64.Build.0 = Release|x64
		{2C8C4C16-1753-4FD7-B5D3-73D97D1F43A7}.Release|x86.ActiveCfg = Release|Win32
		{2C8C4C16-1753-4FD7-B5D3-73D97D1F43A7}.Release|x86.Build.0 = Release|Win32
		{B9FD618C-9811-4080-9EFC-EC13F72C680B}.Debug|x64.ActiveCfg = Debug|x64
		{B9FD618C-9811-4080-9EFC-EC13F72C680B}.Debug|x64.Build.0 = Debug|x64
		{B9FD618C-9811-4080-9EFC-EC13F72C680B}.Debug|x86.ActiveCfg = Debug|Win32
		{B9FD618C-9811-4080-9EFC-EC13F72C680B}.Debug|x86.Build.0 = Debug|Win32
		{B9FD618C-9811-4080-9EFC-EC13F72C680B}.Release|x64.ActiveCfg = Release|x64
		{B9FD618C-9811-4080-9EFC-EC13F72C680B}.Release|x64.Build.0 = Release|x64
		{B9FD618C-9811-4080-9EFC-EC13F72C680B}.Release|x86.ActiveCfg = Release|Win32
		{B9FD618C-9811-4080-9EFC-EC13F72C680B}.Release|x86.Build.0 = Release|Win32
		{0543E5DF-B72F-4B8A-9933-E0169878D61F}.Debug|x64.ActiveCfg = Debug|x64
		{0543E5DF-B72F-4B8A-9933-E0169878D61F}.Debug|x64.Build.0 = Debug|x64
		{0543E5DF-B72F-4B8A-9933-E0169878D61F}.Debug|x86.ActiveCfg = Debug|Win32
		{0543E5DF-B72F-4B8A-9933-E0169878D61F}.Debug|x86.Build.0 = Debug|Win32
		{0543E5DF-B72F-4B8A-9933-E0169878D61F}.Release|x64.ActiveCfg = Release|x64
		{0543E5DF-B72F-4B8A-9933-E0169878D61F}.Release|x64.Build.0 = Release|x64
		{0543E5DF-B72F-4B8A-9933-E0169878D61F}.Release|x86.ActiveCfg = Release|Win32
		{0543E5DF-B72F-4B8A-9933-E0169878D61F}.Release|x86.Build.0 = Release|Win32
		{491FE2E5-131B-4BF1-AEA4-C688D08DF419}.Debug|x64.ActiveCfg = Debug|x64
		{491FE2E5-131B-4BF1-AEA4-C688D08DF419}.Debug|x64.Build.0 = Debug|x64
		{491FE2E5-131B-4BF1-AEA4-C688D08DF419}.Debug|x86.ActiveCfg = Debug|Win32
		{491FE2E5-131B-4BF1-AEA4-C688D08DF419}.Debug|x86.Build.0 = Debug|Win32
		{491FE2E5-131B-4BF1-AEA4-C688D08DF419}.Release|x64.ActiveCfg = Release|x64
		{491FE2E5-131B-4BF1-AEA4-C688D08DF419}.Release|x64.Build.0 = Release|x64
		{491FE2E5-131B-4BF1-AEA4-C688D08DF419}.Release|x86.ActiveCfg = Release|Win32
		{491FE2E5-131B-4BF1-AEA4-C688D08DF419}.Release|x86.Build.0 = Release|Win32
		{4150D169-FB20-4055-932C-427FD13B0A7F}.Debug|x64.ActiveCfg = Debug|x64
		{4150D169-FB20-4055-932C-427FD13B0A7F}.Debug|x64.Build.0 = Debug|x64
		{4150D169-FB20-4055-932C-427FD13B0A7F}.Debug|x86.ActiveCfg = Debug|Win32
		{4150D169-FB20-4055-932C-427FD13B0A7F}.Debug|x86.Build.0 = Debug|Win32
		{4150D169-FB20-4055-932C-427FD13B0A7F}.Release|x64.ActiveCfg = Release|x64
		{4150D169-FB20-4055-932C-427FD13B0A7F}.Release|x64.Build.0 = Release|x64
		{4150D169-FB20-4055-932C-427FD13B0A7F}.Release|x86.ActiveCfg = Release|Win32
		{4150D169-FB20-4055-932C-427FD13B0A7F}.Release|x86.Build.0 = Release|Win32
		{299E1130-6EBA-430D-BB06-AD152C02BC2C}.Debug|x64.ActiveCfg = Debug|x64
		{299E1130-6EBA-430D-BB06-AD152C02BC2C}.Debug|x64.Build.0 = Debug|x64
		{299E1130-6EBA-430D-BB06-AD152C02BC2C}.Debug|x86.ActiveCfg = Debug|Win32
		{299E1130-6EBA-430D-BB06-AD152C02BC2C}.Debug|x86.Build.0 = Debug|Win32
		{299E1130-6EBA-430D-BB06-AD152C02BC2C}.Release|x64.ActiveCfg = Release|x64
		{299E1130-6EBA-430D-BB06-AD152C02BC2C}.Release|x64.Build.0 = Release|x64
		{299E1130-6EBA-430D-BB06-AD152C02BC2C}.Release|x86.ActiveCfg = Release|Win32
		{299E1130-6EBA-430D-BB06-AD152C02BC2C}.Release|x86.Build.0 = Release|Win32
	EndGlobalSection
	GlobalSection(SolutionProperties) = preSolution
		HideSolutionNode = FALSE
	EndGlobalSection
EndGlobal
