
Microsoft Visual Studio Solution File, Format Version 12.00
# Visual Studio 14
VisualStudioVersion = 14.0.25420.1
MinimumVisualStudioVersion = 10.0.40219.1
Project("{8BC9CEB8-8B4A-11D0-8D11-00A0C91BC942}") = "Example08_01", "Chapter08\Chapter08.vcxproj", "{721C247D-DCF6-4AA7-8BEF-DFDB91A91FD4}"
EndProject
Project("{8BC9CEB8-8B4A-11D0-8D11-00A0C91BC942}") = "Example08_21", "Example08_21\Example08_21.vcxproj", "{8DBA4074-B37E-460A-A809-573A3D00D810}"
EndProject
Project("{8BC9CEB8-8B4A-11D0-8D11-00A0C91BC942}") = "Example08_02", "Example08_02\Example08_02.vcxproj", "{B74A0856-96CF-4BAC-B72A-31951D176958}"
EndProject
Project("{8BC9CEB8-8B4A-11D0-8D11-00A0C91BC942}") = "Example08_03", "Example08_03\Example08_03.vcxproj", "{5D811ECA-8601-4397-A141-D16FDC58DE7F}"
EndProject
Project("{8BC9CEB8-8B4A-11D0-8D11-00A0C91BC942}") = "Example08_04", "Example08_04\Example08_04.vcxproj", "{80B3241E-E971-4530-9BB6-B4167408F40C}"
EndProject
Project("{8BC9CEB8-8B4A-11D0-8D11-00A0C91BC942}") = "Example08_05", "Example08_05\Example08_05.vcxproj", "{79A2868C-5A6E-4BCB-8457-B82C122D4315}"
EndProject
Project("{8BC9CEB8-8B4A-11D0-8D11-00A0C91BC942}") = "Example08_06", "Example08_06\Example08_06.vcxproj", "{C1EA3BD3-606B-4C2E-B799-2E115B4567DD}"
EndProject
Project("{8BC9CEB8-8B4A-11D0-8D11-00A0C91BC942}") = "Example08_07", "Example08_07\Example08_07.vcxproj", "{509EF951-5139-4324-9EFB-EE78BB2B696D}"
EndProject
Project("{8BC9CEB8-8B4A-11D0-8D11-00A0C91BC942}") = "Example08_08", "Example08_08\Example08_08.vcxproj", "{01419B8B-C279-411B-B401-F9144F05106F}"
EndProject
Project("{8BC9CEB8-8B4A-11D0-8D11-00A0C91BC942}") = "Example08_09", "Example08_09\Example08_09.vcxproj", "{23308AAD-692E-48A5-A89B-9ADACF8476EF}"
EndProject
Project("{8BC9CEB8-8B4A-11D0-8D11-00A0C91BC942}") = "Example08_10", "Example08_10\Example08_10.vcxproj", "{539EBB66-19A4-475F-992B-F9D60CAC389E}"
EndProject
Project("{8BC9CEB8-8B4A-11D0-8D11-00A0C91BC942}") = "Example08_11", "Example08_11\Example08_11.vcxproj", "{E460E235-829A-47AB-9184-0050F20A7E84}"
EndProject
Project("{8BC9CEB8-8B4A-11D0-8D11-00A0C91BC942}") = "Example08_12", "Example08_12\Example08_12.vcxproj", "{67AC511A-286F-459B-B5D9-6A393C0B894F}"
EndProject
Project("{8BC9CEB8-8B4A-11D0-8D11-00A0C91BC942}") = "Example08_13", "Example08_13\Example08_13.vcxproj", "{3CB2889C-CF3E-4C19-B9C3-C2F9ED125608}"
EndProject
Project("{8BC9CEB8-8B4A-11D0-8D11-00A0C91BC942}") = "Example08_14", "Example08_14\Example08_14.vcxproj", "{8A9C59ED-9212-4CD1-B21A-48DA5518B417}"
EndProject
Project("{8BC9CEB8-8B4A-11D0-8D11-00A0C91BC942}") = "Example08_15", "Example08_15\Example08_15.vcxproj", "{4F01BAA5-B332-471F-978F-750FF471F9BD}"
EndProject
Project("{8BC9CEB8-8B4A-11D0-8D11-00A0C91BC942}") = "Example08_16", "Example08_16\Example08_16.vcxproj", "{3B28126A-10BD-47BA-838E-9D83F7DFF08B}"
EndProject
Project("{8BC9CEB8-8B4A-11D0-8D11-00A0C91BC942}") = "Example08_17", "Example08_17\Example08_17.vcxproj", "{61CAD206-B5DF-4EA7-9BA3-DAEB30275E50}"
EndProject
Project("{8BC9CEB8-8B4A-11D0-8D11-00A0C91BC942}") = "Example08_18", "Example08_18\Example08_18.vcxproj", "{CA5968C4-9DDB-446A-A31E-E45A4E60ECFB}"
EndProject
Project("{8BC9CEB8-8B4A-11D0-8D11-00A0C91BC942}") = "Example08_19", "Example08_19\Example08_19.vcxproj", "{6D62B0CA-97B6-4812-9AF6-535F9201D505}"
EndProject
Project("{8BC9CEB8-8B4A-11D0-8D11-00A0C91BC942}") = "Example08_20", "Example08_20\Example08_20.vcxproj", "{865446C9-FA4C-4EDF-B0AA-210B29470047}"
EndProject
Global
	GlobalSection(SolutionConfigurationPlatforms) = preSolution
		Debug|x64 = Debug|x64
		Debug|x86 = Debug|x86
		Release|x64 = Release|x64
		Release|x86 = Release|x86
	EndGlobalSection
	GlobalSection(ProjectConfigurationPlatforms) = postSolution
		{721C247D-DCF6-4AA7-8BEF-DFDB91A91FD4}.Debug|x64.ActiveCfg = Debug|x64
		{721C247D-DCF6-4AA7-8BEF-DFDB91A91FD4}.Debug|x64.Build.0 = Debug|x64
		{721C247D-DCF6-4AA7-8BEF-DFDB91A91FD4}.Debug|x86.ActiveCfg = Debug|Win32
		{721C247D-DCF6-4AA7-8BEF-DFDB91A91FD4}.Debug|x86.Build.0 = Debug|Win32
		{721C247D-DCF6-4AA7-8BEF-DFDB91A91FD4}.Release|x64.ActiveCfg = Release|x64
		{721C247D-DCF6-4AA7-8BEF-DFDB91A91FD4}.Release|x64.Build.0 = Release|x64
		{721C247D-DCF6-4AA7-8BEF-DFDB91A91FD4}.Release|x86.ActiveCfg = Release|Win32
		{721C247D-DCF6-4AA7-8BEF-DFDB91A91FD4}.Release|x86.Build.0 = Release|Win32
		{8DBA4074-B37E-460A-A809-573A3D00D810}.Debug|x64.ActiveCfg = Debug|x64
		{8DBA4074-B37E-460A-A809-573A3D00D810}.Debug|x64.Build.0 = Debug|x64
		{8DBA4074-B37E-460A-A809-573A3D00D810}.Debug|x86.ActiveCfg = Debug|Win32
		{8DBA4074-B37E-460A-A809-573A3D00D810}.Debug|x86.Build.0 = Debug|Win32
		{8DBA4074-B37E-460A-A809-573A3D00D810}.Release|x64.ActiveCfg = Release|x64
		{8DBA4074-B37E-460A-A809-573A3D00D810}.Release|x64.Build.0 = Release|x64
		{8DBA4074-B37E-460A-A809-573A3D00D810}.Release|x86.ActiveCfg = Release|Win32
		{8DBA4074-B37E-460A-A809-573A3D00D810}.Release|x86.Build.0 = Release|Win32
		{B74A0856-96CF-4BAC-B72A-31951D176958}.Debug|x64.ActiveCfg = Debug|x64
		{B74A0856-96CF-4BAC-B72A-31951D176958}.Debug|x64.Build.0 = Debug|x64
		{B74A0856-96CF-4BAC-B72A-31951D176958}.Debug|x86.ActiveCfg = Debug|Win32
		{B74A0856-96CF-4BAC-B72A-31951D176958}.Debug|x86.Build.0 = Debug|Win32
		{B74A0856-96CF-4BAC-B72A-31951D176958}.Release|x64.ActiveCfg = Release|x64
		{B74A0856-96CF-4BAC-B72A-31951D176958}.Release|x64.Build.0 = Release|x64
		{B74A0856-96CF-4BAC-B72A-31951D176958}.Release|x86.ActiveCfg = Release|Win32
		{B74A0856-96CF-4BAC-B72A-31951D176958}.Release|x86.Build.0 = Release|Win32
		{5D811ECA-8601-4397-A141-D16FDC58DE7F}.Debug|x64.ActiveCfg = Debug|x64
		{5D811ECA-8601-4397-A141-D16FDC58DE7F}.Debug|x64.Build.0 = Debug|x64
		{5D811ECA-8601-4397-A141-D16FDC58DE7F}.Debug|x86.ActiveCfg = Debug|Win32
		{5D811ECA-8601-4397-A141-D16FDC58DE7F}.Debug|x86.Build.0 = Debug|Win32
		{5D811ECA-8601-4397-A141-D16FDC58DE7F}.Release|x64.ActiveCfg = Release|x64
		{5D811ECA-8601-4397-A141-D16FDC58DE7F}.Release|x64.Build.0 = Release|x64
		{5D811ECA-8601-4397-A141-D16FDC58DE7F}.Release|x86.ActiveCfg = Release|Win32
		{5D811ECA-8601-4397-A141-D16FDC58DE7F}.Release|x86.Build.0 = Release|Win32
		{80B3241E-E971-4530-9BB6-B4167408F40C}.Debug|x64.ActiveCfg = Debug|x64
		{80B3241E-E971-4530-9BB6-B4167408F40C}.Debug|x64.Build.0 = Debug|x64
		{80B3241E-E971-4530-9BB6-B4167408F40C}.Debug|x86.ActiveCfg = Debug|Win32
		{80B3241E-E971-4530-9BB6-B4167408F40C}.Debug|x86.Build.0 = Debug|Win32
		{80B3241E-E971-4530-9BB6-B4167408F40C}.Release|x64.ActiveCfg = Release|x64
		{80B3241E-E971-4530-9BB6-B4167408F40C}.Release|x64.Build.0 = Release|x64
		{80B3241E-E971-4530-9BB6-B4167408F40C}.Release|x86.ActiveCfg = Release|Win32
		{80B3241E-E971-4530-9BB6-B4167408F40C}.Release|x86.Build.0 = Release|Win32
		{79A2868C-5A6E-4BCB-8457-B82C122D4315}.Debug|x64.ActiveCfg = Debug|x64
		{79A2868C-5A6E-4BCB-8457-B82C122D4315}.Debug|x64.Build.0 = Debug|x64
		{79A2868C-5A6E-4BCB-8457-B82C122D4315}.Debug|x86.ActiveCfg = Debug|Win32
		{79A2868C-5A6E-4BCB-8457-B82C122D4315}.Debug|x86.Build.0 = Debug|Win32
		{79A2868C-5A6E-4BCB-8457-B82C122D4315}.Release|x64.ActiveCfg = Release|x64
		{79A2868C-5A6E-4BCB-8457-B82C122D4315}.Release|x64.Build.0 = Release|x64
		{79A2868C-5A6E-4BCB-8457-B82C122D4315}.Release|x86.ActiveCfg = Release|Win32
		{79A2868C-5A6E-4BCB-8457-B82C122D4315}.Release|x86.Build.0 = Release|Win32
		{C1EA3BD3-606B-4C2E-B799-2E115B4567DD}.Debug|x64.ActiveCfg = Debug|x64
		{C1EA3BD3-606B-4C2E-B799-2E115B4567DD}.Debug|x64.Build.0 = Debug|x64
		{C1EA3BD3-606B-4C2E-B799-2E115B4567DD}.Debug|x86.ActiveCfg = Debug|Win32
		{C1EA3BD3-606B-4C2E-B799-2E115B4567DD}.Debug|x86.Build.0 = Debug|Win32
		{C1EA3BD3-606B-4C2E-B799-2E115B4567DD}.Release|x64.ActiveCfg = Release|x64
		{C1EA3BD3-606B-4C2E-B799-2E115B4567DD}.Release|x64.Build.0 = Release|x64
		{C1EA3BD3-606B-4C2E-B799-2E115B4567DD}.Release|x86.ActiveCfg = Release|Win32
		{C1EA3BD3-606B-4C2E-B799-2E115B4567DD}.Release|x86.Build.0 = Release|Win32
		{509EF951-5139-4324-9EFB-EE78BB2B696D}.Debug|x64.ActiveCfg = Debug|x64
		{509EF951-5139-4324-9EFB-EE78BB2B696D}.Debug|x64.Build.0 = Debug|x64
		{509EF951-5139-4324-9EFB-EE78BB2B696D}.Debug|x86.ActiveCfg = Debug|Win32
		{509EF951-5139-4324-9EFB-EE78BB2B696D}.Debug|x86.Build.0 = Debug|Win32
		{509EF951-5139-4324-9EFB-EE78BB2B696D}.Release|x64.ActiveCfg = Release|x64
		{509EF951-5139-4324-9EFB-EE78BB2B696D}.Release|x64.Build.0 = Release|x64
		{509EF951-5139-4324-9EFB-EE78BB2B696D}.Release|x86.ActiveCfg = Release|Win32
		{509EF951-5139-4324-9EFB-EE78BB2B696D}.Release|x86.Build.0 = Release|Win32
		{01419B8B-C279-411B-B401-F9144F05106F}.Debug|x64.ActiveCfg = Debug|x64
		{01419B8B-C279-411B-B401-F9144F05106F}.Debug|x64.Build.0 = Debug|x64
		{01419B8B-C279-411B-B401-F9144F05106F}.Debug|x86.ActiveCfg = Debug|Win32
		{01419B8B-C279-411B-B401-F9144F05106F}.Debug|x86.Build.0 = Debug|Win32
		{01419B8B-C279-411B-B401-F9144F05106F}.Release|x64.ActiveCfg = Release|x64
		{01419B8B-C279-411B-B401-F9144F05106F}.Release|x64.Build.0 = Release|x64
		{01419B8B-C279-411B-B401-F9144F05106F}.Release|x86.ActiveCfg = Release|Win32
		{01419B8B-C279-411B-B401-F9144F05106F}.Release|x86.Build.0 = Release|Win32
		{23308AAD-692E-48A5-A89B-9ADACF8476EF}.Debug|x64.ActiveCfg = Debug|x64
		{23308AAD-692E-48A5-A89B-9ADACF8476EF}.Debug|x64.Build.0 = Debug|x64
		{23308AAD-692E-48A5-A89B-9ADACF8476EF}.Debug|x86.ActiveCfg = Debug|Win32
		{23308AAD-692E-48A5-A89B-9ADACF8476EF}.Debug|x86.Build.0 = Debug|Win32
		{23308AAD-692E-48A5-A89B-9ADACF8476EF}.Release|x64.ActiveCfg = Release|x64
		{23308AAD-692E-48A5-A89B-9ADACF8476EF}.Release|x64.Build.0 = Release|x64
		{23308AAD-692E-48A5-A89B-9ADACF8476EF}.Release|x86.ActiveCfg = Release|Win32
		{23308AAD-692E-48A5-A89B-9ADACF8476EF}.Release|x86.Build.0 = Release|Win32
		{539EBB66-19A4-475F-992B-F9D60CAC389E}.Debug|x64.ActiveCfg = Debug|x64
		{539EBB66-19A4-475F-992B-F9D60CAC389E}.Debug|x64.Build.0 = Debug|x64
		{539EBB66-19A4-475F-992B-F9D60CAC389E}.Debug|x86.ActiveCfg = Debug|Win32
		{539EBB66-19A4-475F-992B-F9D60CAC389E}.Debug|x86.Build.0 = Debug|Win32
		{539EBB66-19A4-475F-992B-F9D60CAC389E}.Release|x64.ActiveCfg = Release|x64
		{539EBB66-19A4-475F-992B-F9D60CAC389E}.Release|x64.Build.0 = Release|x64
		{539EBB66-19A4-475F-992B-F9D60CAC389E}.Release|x86.ActiveCfg = Release|Win32
		{539EBB66-19A4-475F-992B-F9D60CAC389E}.Release|x86.Build.0 = Release|Win32
		{E460E235-829A-47AB-9184-0050F20A7E84}.Debug|x64.ActiveCfg = Debug|x64
		{E460E235-829A-47AB-9184-0050F20A7E84}.Debug|x64.Build.0 = Debug|x64
		{E460E235-829A-47AB-9184-0050F20A7E84}.Debug|x86.ActiveCfg = Debug|Win32
		{E460E235-829A-47AB-9184-0050F20A7E84}.Debug|x86.Build.0 = Debug|Win32
		{E460E235-829A-47AB-9184-0050F20A7E84}.Release|x64.ActiveCfg = Release|x64
		{E460E235-829A-47AB-9184-0050F20A7E84}.Release|x64.Build.0 = Release|x64
		{E460E235-829A-47AB-9184-0050F20A7E84}.Release|x86.ActiveCfg = Release|Win32
		{E460E235-829A-47AB-9184-0050F20A7E84}.Release|x86.Build.0 = Release|Win32
		{67AC511A-286F-459B-B5D9-6A393C0B894F}.Debug|x64.ActiveCfg = Debug|x64
		{67AC511A-286F-459B-B5D9-6A393C0B894F}.Debug|x64.Build.0 = Debug|x64
		{67AC511A-286F-459B-B5D9-6A393C0B894F}.Debug|x86.ActiveCfg = Debug|Win32
		{67AC511A-286F-459B-B5D9-6A393C0B894F}.Debug|x86.Build.0 = Debug|Win32
		{67AC511A-286F-459B-B5D9-6A393C0B894F}.Release|x64.ActiveCfg = Release|x64
		{67AC511A-286F-459B-B5D9-6A393C0B894F}.Release|x64.Build.0 = Release|x64
		{67AC511A-286F-459B-B5D9-6A393C0B894F}.Release|x86.ActiveCfg = Release|Win32
		{67AC511A-286F-459B-B5D9-6A393C0B894F}.Release|x86.Build.0 = Release|Win32
		{3CB2889C-CF3E-4C19-B9C3-C2F9ED125608}.Debug|x64.ActiveCfg = Debug|x64
		{3CB2889C-CF3E-4C19-B9C3-C2F9ED125608}.Debug|x64.Build.0 = Debug|x64
		{3CB2889C-CF3E-4C19-B9C3-C2F9ED125608}.Debug|x86.ActiveCfg = Debug|Win32
		{3CB2889C-CF3E-4C19-B9C3-C2F9ED125608}.Debug|x86.Build.0 = Debug|Win32
		{3CB2889C-CF3E-4C19-B9C3-C2F9ED125608}.Release|x64.ActiveCfg = Release|x64
		{3CB2889C-CF3E-4C19-B9C3-C2F9ED125608}.Release|x64.Build.0 = Release|x64
		{3CB2889C-CF3E-4C19-B9C3-C2F9ED125608}.Release|x86.ActiveCfg = Release|Win32
		{3CB2889C-CF3E-4C19-B9C3-C2F9ED125608}.Release|x86.Build.0 = Release|Win32
		{8A9C59ED-9212-4CD1-B21A-48DA5518B417}.Debug|x64.ActiveCfg = Debug|x64
		{8A9C59ED-9212-4CD1-B21A-48DA5518B417}.Debug|x64.Build.0 = Debug|x64
		{8A9C59ED-9212-4CD1-B21A-48DA5518B417}.Debug|x86.ActiveCfg = Debug|Win32
		{8A9C59ED-9212-4CD1-B21A-48DA5518B417}.Debug|x86.Build.0 = Debug|Win32
		{8A9C59ED-9212-4CD1-B21A-48DA5518B417}.Release|x64.ActiveCfg = Release|x64
		{8A9C59ED-9212-4CD1-B21A-48DA5518B417}.Release|x64.Build.0 = Release|x64
		{8A9C59ED-9212-4CD1-B21A-48DA5518B417}.Release|x86.ActiveCfg = Release|Win32
		{8A9C59ED-9212-4CD1-B21A-48DA5518B417}.Release|x86.Build.0 = Release|Win32
		{4F01BAA5-B332-471F-978F-750FF471F9BD}.Debug|x64.ActiveCfg = Debug|x64
		{4F01BAA5-B332-471F-978F-750FF471F9BD}.Debug|x64.Build.0 = Debug|x64
		{4F01BAA5-B332-471F-978F-750FF471F9BD}.Debug|x86.ActiveCfg = Debug|Win32
		{4F01BAA5-B332-471F-978F-750FF471F9BD}.Debug|x86.Build.0 = Debug|Win32
		{4F01BAA5-B332-471F-978F-750FF471F9BD}.Release|x64.ActiveCfg = Release|x64
		{4F01BAA5-B332-471F-978F-750FF471F9BD}.Release|x64.Build.0 = Release|x64
		{4F01BAA5-B332-471F-978F-750FF471F9BD}.Release|x86.ActiveCfg = Release|Win32
		{4F01BAA5-B332-471F-978F-750FF471F9BD}.Release|x86.Build.0 = Release|Win32
		{3B28126A-10BD-47BA-838E-9D83F7DFF08B}.Debug|x64.ActiveCfg = Debug|x64
		{3B28126A-10BD-47BA-838E-9D83F7DFF08B}.Debug|x64.Build.0 = Debug|x64
		{3B28126A-10BD-47BA-838E-9D83F7DFF08B}.Debug|x86.ActiveCfg = Debug|Win32
		{3B28126A-10BD-47BA-838E-9D83F7DFF08B}.Debug|x86.Build.0 = Debug|Win32
		{3B28126A-10BD-47BA-838E-9D83F7DFF08B}.Release|x64.ActiveCfg = Release|x64
		{3B28126A-10BD-47BA-838E-9D83F7DFF08B}.Release|x64.Build.0 = Release|x64
		{3B28126A-10BD-47BA-838E-9D83F7DFF08B}.Release|x86.ActiveCfg = Release|Win32
		{3B28126A-10BD-47BA-838E-9D83F7DFF08B}.Release|x86.Build.0 = Release|Win32
		{61CAD206-B5DF-4EA7-9BA3-DAEB30275E50}.Debug|x64.ActiveCfg = Debug|x64
		{61CAD206-B5DF-4EA7-9BA3-DAEB30275E50}.Debug|x64.Build.0 = Debug|x64
		{61CAD206-B5DF-4EA7-9BA3-DAEB30275E50}.Debug|x86.ActiveCfg = Debug|Win32
		{61CAD206-B5DF-4EA7-9BA3-DAEB30275E50}.Debug|x86.Build.0 = Debug|Win32
		{61CAD206-B5DF-4EA7-9BA3-DAEB30275E50}.Release|x64.ActiveCfg = Release|x64
		{61CAD206-B5DF-4EA7-9BA3-DAEB30275E50}.Release|x64.Build.0 = Release|x64
		{61CAD206-B5DF-4EA7-9BA3-DAEB30275E50}.Release|x86.ActiveCfg = Release|Win32
		{61CAD206-B5DF-4EA7-9BA3-DAEB30275E50}.Release|x86.Build.0 = Release|Win32
		{CA5968C4-9DDB-446A-A31E-E45A4E60ECFB}.Debug|x64.ActiveCfg = Debug|x64
		{CA5968C4-9DDB-446A-A31E-E45A4E60ECFB}.Debug|x64.Build.0 = Debug|x64
		{CA5968C4-9DDB-446A-A31E-E45A4E60ECFB}.Debug|x86.ActiveCfg = Debug|Win32
		{CA5968C4-9DDB-446A-A31E-E45A4E60ECFB}.Debug|x86.Build.0 = Debug|Win32
		{CA5968C4-9DDB-446A-A31E-E45A4E60ECFB}.Release|x64.ActiveCfg = Release|x64
		{CA5968C4-9DDB-446A-A31E-E45A4E60ECFB}.Release|x64.Build.0 = Release|x64
		{CA5968C4-9DDB-446A-A31E-E45A4E60ECFB}.Release|x86.ActiveCfg = Release|Win32
		{CA5968C4-9DDB-446A-A31E-E45A4E60ECFB}.Release|x86.Build.0 = Release|Win32
		{6D62B0CA-97B6-4812-9AF6-535F9201D505}.Debug|x64.ActiveCfg = Debug|x64
		{6D62B0CA-97B6-4812-9AF6-535F9201D505}.Debug|x64.Build.0 = Debug|x64
		{6D62B0CA-97B6-4812-9AF6-535F9201D505}.Debug|x86.ActiveCfg = Debug|Win32
		{6D62B0CA-97B6-4812-9AF6-535F9201D505}.Debug|x86.Build.0 = Debug|Win32
		{6D62B0CA-97B6-4812-9AF6-535F9201D505}.Release|x64.ActiveCfg = Release|x64
		{6D62B0CA-97B6-4812-9AF6-535F9201D505}.Release|x64.Build.0 = Release|x64
		{6D62B0CA-97B6-4812-9AF6-535F9201D505}.Release|x86.ActiveCfg = Release|Win32
		{6D62B0CA-97B6-4812-9AF6-535F9201D505}.Release|x86.Build.0 = Release|Win32
		{865446C9-FA4C-4EDF-B0AA-210B29470047}.Debug|x64.ActiveCfg = Debug|x64
		{865446C9-FA4C-4EDF-B0AA-210B29470047}.Debug|x64.Build.0 = Debug|x64
		{865446C9-FA4C-4EDF-B0AA-210B29470047}.Debug|x86.ActiveCfg = Debug|Win32
		{865446C9-FA4C-4EDF-B0AA-210B29470047}.Debug|x86.Build.0 = Debug|Win32
		{865446C9-FA4C-4EDF-B0AA-210B29470047}.Release|x64.ActiveCfg = Release|x64
		{865446C9-FA4C-4EDF-B0AA-210B29470047}.Release|x64.Build.0 = Release|x64
		{865446C9-FA4C-4EDF-B0AA-210B29470047}.Release|x86.ActiveCfg = Release|Win32
		{865446C9-FA4C-4EDF-B0AA-210B29470047}.Release|x86.Build.0 = Release|Win32
	EndGlobalSection
	GlobalSection(SolutionProperties) = preSolution
		HideSolutionNode = FALSE
	EndGlobalSection
EndGlobal
