
Microsoft Visual Studio Solution File, Format Version 12.00
# Visual Studio 14
VisualStudioVersion = 14.0.24720.0
MinimumVisualStudioVersion = 10.0.40219.1
Project("{8BC9CEB8-8B4A-11D0-8D11-00A0C91BC942}") = "Example02_01", "Chapter02.vcxproj", "{2057D90C-015B-4ED7-8449-E8014F9A6A60}"
EndProject
Project("{8BC9CEB8-8B4A-11D0-8D11-00A0C91BC942}") = "Example02_02", "Example02_02\Example02_02.vcxproj", "{FCB1A55E-5CE3-4A91-B5B1-FCF78B7D41A1}"
EndProject
Project("{8BC9CEB8-8B4A-11D0-8D11-00A0C91BC942}") = "Example02_03", "Example02_03\Example02_03.vcxproj", "{80B12543-EB6F-4E11-AA6F-A14AA328E019}"
EndProject
Project("{8BC9CEB8-8B4A-11D0-8D11-00A0C91BC942}") = "Example02_04", "Example02_04\Example02_04.vcxproj", "{463EAC93-35EA-4277-A28F-19649695136B}"
EndProject
Project("{8BC9CEB8-8B4A-11D0-8D11-00A0C91BC942}") = "Example02_05", "Example02_05\Example02_05.vcxproj", "{B153789E-0B0C-4A33-81B2-3EB460BE5A89}"
EndProject
Project("{8BC9CEB8-8B4A-11D0-8D11-00A0C91BC942}") = "Example02_06", "Example02_06\Example02_06.vcxproj", "{C4EF6611-CCE8-475E-B286-5385B698251C}"
EndProject
Project("{8BC9CEB8-8B4A-11D0-8D11-00A0C91BC942}") = "Example02_07", "Example02_07\Example02_07.vcxproj", "{F8860369-A558-4F7E-963E-4B6747262078}"
EndProject
Project("{8BC9CEB8-8B4A-11D0-8D11-00A0C91BC942}") = "Example02_08", "Example02_08\Example02_08.vcxproj", "{C984F22F-C369-4996-962D-7E6D501741EF}"
EndProject
Project("{8BC9CEB8-8B4A-11D0-8D11-00A0C91BC942}") = "Example02_09", "Example02_09\Example02_09.vcxproj", "{7A15F863-47F4-41B3-AAD1-630BBC06DD17}"
EndProject
Project("{8BC9CEB8-8B4A-11D0-8D11-00A0C91BC942}") = "Example02_10", "Example02_10\Example02_10.vcxproj", "{B3BC17D3-C673-4828-BFB4-E3B183E07D59}"
EndProject
Project("{8BC9CEB8-8B4A-11D0-8D11-00A0C91BC942}") = "Example02_11", "Example02_11\Example02_11.vcxproj", "{A65B96FE-2A44-4F70-BBEB-301769F501CB}"
EndProject
Project("{8BC9CEB8-8B4A-11D0-8D11-00A0C91BC942}") = "Example02_12", "Example02_12\Example02_12.vcxproj", "{D4C05D5F-FF68-40EC-8414-C3433ADBD60D}"
EndProject
Project("{8BC9CEB8-8B4A-11D0-8D11-00A0C91BC942}") = "Example02_13", "Example02_13\Example02_13.vcxproj", "{6C0769D5-AE65-4449-9975-4F83F1270020}"
EndProject
Project("{8BC9CEB8-8B4A-11D0-8D11-00A0C91BC942}") = "Example02_14", "Example02_14\Example02_14.vcxproj", "{87C414E5-0853-470A-8BB4-CAB52CCB61B6}"
EndProject
Project("{8BC9CEB8-8B4A-11D0-8D11-00A0C91BC942}") = "Example02_15", "Example02_15\Example02_15.vcxproj", "{A61B515C-2BE0-4B7E-BD66-0218969F81CF}"
EndProject
Project("{8BC9CEB8-8B4A-11D0-8D11-00A0C91BC942}") = "Example02_16", "Example02_16\Example02_16.vcxproj", "{E07F3ED8-79AA-49C7-A6F4-15D332851406}"
EndProject
Project("{8BC9CEB8-8B4A-11D0-8D11-00A0C91BC942}") = "Example02_17", "Example02_17\Example02_17.vcxproj", "{460641EE-5464-4FFC-8AD5-24623C071181}"
EndProject
Project("{8BC9CEB8-8B4A-11D0-8D11-00A0C91BC942}") = "Example02_18", "Example02_18\Example02_18.vcxproj", "{2F88F28D-3BEF-4B38-9934-55C8FD4278C8}"
EndProject
Project("{8BC9CEB8-8B4A-11D0-8D11-00A0C91BC942}") = "Example02_19", "Example02_19\Example02_19.vcxproj", "{5EE065A4-0850-40DD-BCBD-FCF9C0B55591}"
EndProject
Project("{8BC9CEB8-8B4A-11D0-8D11-00A0C91BC942}") = "Example02_20", "Example02_20\Example02_20.vcxproj", "{B5EDBA28-5DAA-41D3-ACCF-DD41067A0B41}"
EndProject
Project("{8BC9CEB8-8B4A-11D0-8D11-00A0C91BC942}") = "Example02_21", "Example02_21\Example02_21.vcxproj", "{C08D5DF3-FE44-4DE1-AF1A-A2FE525CDCD9}"
EndProject
Global
	GlobalSection(SolutionConfigurationPlatforms) = preSolution
		Debug|x64 = Debug|x64
		Debug|x86 = Debug|x86
		Release|x64 = Release|x64
		Release|x86 = Release|x86
	EndGlobalSection
	GlobalSection(ProjectConfigurationPlatforms) = postSolution
		{2057D90C-015B-4ED7-8449-E8014F9A6A60}.Debug|x64.ActiveCfg = Debug|x64
		{2057D90C-015B-4ED7-8449-E8014F9A6A60}.Debug|x64.Build.0 = Debug|x64
		{2057D90C-015B-4ED7-8449-E8014F9A6A60}.Debug|x86.ActiveCfg = Debug|Win32
		{2057D90C-015B-4ED7-8449-E8014F9A6A60}.Debug|x86.Build.0 = Debug|Win32
		{2057D90C-015B-4ED7-8449-E8014F9A6A60}.Release|x64.ActiveCfg = Release|x64
		{2057D90C-015B-4ED7-8449-E8014F9A6A60}.Release|x64.Build.0 = Release|x64
		{2057D90C-015B-4ED7-8449-E8014F9A6A60}.Release|x86.ActiveCfg = Release|Win32
		{2057D90C-015B-4ED7-8449-E8014F9A6A60}.Release|x86.Build.0 = Release|Win32
		{FCB1A55E-5CE3-4A91-B5B1-FCF78B7D41A1}.Debug|x64.ActiveCfg = Debug|x64
		{FCB1A55E-5CE3-4A91-B5B1-FCF78B7D41A1}.Debug|x64.Build.0 = Debug|x64
		{FCB1A55E-5CE3-4A91-B5B1-FCF78B7D41A1}.Debug|x86.ActiveCfg = Debug|Win32
		{FCB1A55E-5CE3-4A91-B5B1-FCF78B7D41A1}.Debug|x86.Build.0 = Debug|Win32
		{FCB1A55E-5CE3-4A91-B5B1-FCF78B7D41A1}.Release|x64.ActiveCfg = Release|x64
		{FCB1A55E-5CE3-4A91-B5B1-FCF78B7D41A1}.Release|x64.Build.0 = Release|x64
		{FCB1A55E-5CE3-4A91-B5B1-FCF78B7D41A1}.Release|x86.ActiveCfg = Release|Win32
		{FCB1A55E-5CE3-4A91-B5B1-FCF78B7D41A1}.Release|x86.Build.0 = Release|Win32
		{80B12543-EB6F-4E11-AA6F-A14AA328E019}.Debug|x64.ActiveCfg = Debug|x64
		{80B12543-EB6F-4E11-AA6F-A14AA328E019}.Debug|x64.Build.0 = Debug|x64
		{80B12543-EB6F-4E11-AA6F-A14AA328E019}.Debug|x86.ActiveCfg = Debug|Win32
		{80B12543-EB6F-4E11-AA6F-A14AA328E019}.Debug|x86.Build.0 = Debug|Win32
		{80B12543-EB6F-4E11-AA6F-A14AA328E019}.Release|x64.ActiveCfg = Release|x64
		{80B12543-EB6F-4E11-AA6F-A14AA328E019}.Release|x64.Build.0 = Release|x64
		{80B12543-EB6F-4E11-AA6F-A14AA328E019}.Release|x86.ActiveCfg = Release|Win32
		{80B12543-EB6F-4E11-AA6F-A14AA328E019}.Release|x86.Build.0 = Release|Win32
		{463EAC93-35EA-4277-A28F-19649695136B}.Debug|x64.ActiveCfg = Debug|x64
		{463EAC93-35EA-4277-A28F-19649695136B}.Debug|x64.Build.0 = Debug|x64
		{463EAC93-35EA-4277-A28F-19649695136B}.Debug|x86.ActiveCfg = Debug|Win32
		{463EAC93-35EA-4277-A28F-19649695136B}.Debug|x86.Build.0 = Debug|Win32
		{463EAC93-35EA-4277-A28F-19649695136B}.Release|x64.ActiveCfg = Release|x64
		{463EAC93-35EA-4277-A28F-19649695136B}.Release|x64.Build.0 = Release|x64
		{463EAC93-35EA-4277-A28F-19649695136B}.Release|x86.ActiveCfg = Release|Win32
		{463EAC93-35EA-4277-A28F-19649695136B}.Release|x86.Build.0 = Release|Win32
		{B153789E-0B0C-4A33-81B2-3EB460BE5A89}.Debug|x64.ActiveCfg = Debug|x64
		{B153789E-0B0C-4A33-81B2-3EB460BE5A89}.Debug|x64.Build.0 = Debug|x64
		{B153789E-0B0C-4A33-81B2-3EB460BE5A89}.Debug|x86.ActiveCfg = Debug|Win32
		{B153789E-0B0C-4A33-81B2-3EB460BE5A89}.Debug|x86.Build.0 = Debug|Win32
		{B153789E-0B0C-4A33-81B2-3EB460BE5A89}.Release|x64.ActiveCfg = Release|x64
		{B153789E-0B0C-4A33-81B2-3EB460BE5A89}.Release|x64.Build.0 = Release|x64
		{B153789E-0B0C-4A33-81B2-3EB460BE5A89}.Release|x86.ActiveCfg = Release|Win32
		{B153789E-0B0C-4A33-81B2-3EB460BE5A89}.Release|x86.Build.0 = Release|Win32
		{C4EF6611-CCE8-475E-B286-5385B698251C}.Debug|x64.ActiveCfg = Debug|x64
		{C4EF6611-CCE8-475E-B286-5385B698251C}.Debug|x64.Build.0 = Debug|x64
		{C4EF6611-CCE8-475E-B286-5385B698251C}.Debug|x86.ActiveCfg = Debug|Win32
		{C4EF6611-CCE8-475E-B286-5385B698251C}.Debug|x86.Build.0 = Debug|Win32
		{C4EF6611-CCE8-475E-B286-5385B698251C}.Release|x64.ActiveCfg = Release|x64
		{C4EF6611-CCE8-475E-B286-5385B698251C}.Release|x64.Build.0 = Release|x64
		{C4EF6611-CCE8-475E-B286-5385B698251C}.Release|x86.ActiveCfg = Release|Win32
		{C4EF6611-CCE8-475E-B286-5385B698251C}.Release|x86.Build.0 = Release|Win32
		{F8860369-A558-4F7E-963E-4B6747262078}.Debug|x64.ActiveCfg = Debug|x64
		{F8860369-A558-4F7E-963E-4B6747262078}.Debug|x64.Build.0 = Debug|x64
		{F8860369-A558-4F7E-963E-4B6747262078}.Debug|x86.ActiveCfg = Debug|Win32
		{F8860369-A558-4F7E-963E-4B6747262078}.Debug|x86.Build.0 = Debug|Win32
		{F8860369-A558-4F7E-963E-4B6747262078}.Release|x64.ActiveCfg = Release|x64
		{F8860369-A558-4F7E-963E-4B6747262078}.Release|x64.Build.0 = Release|x64
		{F8860369-A558-4F7E-963E-4B6747262078}.Release|x86.ActiveCfg = Release|Win32
		{F8860369-A558-4F7E-963E-4B6747262078}.Release|x86.Build.0 = Release|Win32
		{C984F22F-C369-4996-962D-7E6D501741EF}.Debug|x64.ActiveCfg = Debug|x64
		{C984F22F-C369-4996-962D-7E6D501741EF}.Debug|x64.Build.0 = Debug|x64
		{C984F22F-C369-4996-962D-7E6D501741EF}.Debug|x86.ActiveCfg = Debug|Win32
		{C984F22F-C369-4996-962D-7E6D501741EF}.Debug|x86.Build.0 = Debug|Win32
		{C984F22F-C369-4996-962D-7E6D501741EF}.Release|x64.ActiveCfg = Release|x64
		{C984F22F-C369-4996-962D-7E6D501741EF}.Release|x64.Build.0 = Release|x64
		{C984F22F-C369-4996-962D-7E6D501741EF}.Release|x86.ActiveCfg = Release|Win32
		{C984F22F-C369-4996-962D-7E6D501741EF}.Release|x86.Build.0 = Release|Win32
		{7A15F863-47F4-41B3-AAD1-630BBC06DD17}.Debug|x64.ActiveCfg = Debug|x64
		{7A15F863-47F4-41B3-AAD1-630BBC06DD17}.Debug|x64.Build.0 = Debug|x64
		{7A15F863-47F4-41B3-AAD1-630BBC06DD17}.Debug|x86.ActiveCfg = Debug|Win32
		{7A15F863-47F4-41B3-AAD1-630BBC06DD17}.Debug|x86.Build.0 = Debug|Win32
		{7A15F863-47F4-41B3-AAD1-630BBC06DD17}.Release|x64.ActiveCfg = Release|x64
		{7A15F863-47F4-41B3-AAD1-630BBC06DD17}.Release|x64.Build.0 = Release|x64
		{7A15F863-47F4-41B3-AAD1-630BBC06DD17}.Release|x86.ActiveCfg = Release|Win32
		{7A15F863-47F4-41B3-AAD1-630BBC06DD17}.Release|x86.Build.0 = Release|Win32
		{B3BC17D3-C673-4828-BFB4-E3B183E07D59}.Debug|x64.ActiveCfg = Debug|x64
		{B3BC17D3-C673-4828-BFB4-E3B183E07D59}.Debug|x64.Build.0 = Debug|x64
		{B3BC17D3-C673-4828-BFB4-E3B183E07D59}.Debug|x86.ActiveCfg = Debug|Win32
		{B3BC17D3-C673-4828-BFB4-E3B183E07D59}.Debug|x86.Build.0 = Debug|Win32
		{B3BC17D3-C673-4828-BFB4-E3B183E07D59}.Release|x64.ActiveCfg = Release|x64
		{B3BC17D3-C673-4828-BFB4-E3B183E07D59}.Release|x64.Build.0 = Release|x64
		{B3BC17D3-C673-4828-BFB4-E3B183E07D59}.Release|x86.ActiveCfg = Release|Win32
		{B3BC17D3-C673-4828-BFB4-E3B183E07D59}.Release|x86.Build.0 = Release|Win32
		{A65B96FE-2A44-4F70-BBEB-301769F501CB}.Debug|x64.ActiveCfg = Debug|x64
		{A65B96FE-2A44-4F70-BBEB-301769F501CB}.Debug|x64.Build.0 = Debug|x64
		{A65B96FE-2A44-4F70-BBEB-301769F501CB}.Debug|x86.ActiveCfg = Debug|Win32
		{A65B96FE-2A44-4F70-BBEB-301769F501CB}.Debug|x86.Build.0 = Debug|Win32
		{A65B96FE-2A44-4F70-BBEB-301769F501CB}.Release|x64.ActiveCfg = Release|x64
		{A65B96FE-2A44-4F70-BBEB-301769F501CB}.Release|x64.Build.0 = Release|x64
		{A65B96FE-2A44-4F70-BBEB-301769F501CB}.Release|x86.ActiveCfg = Release|Win32
		{A65B96FE-2A44-4F70-BBEB-301769F501CB}.Release|x86.Build.0 = Release|Win32
		{D4C05D5F-FF68-40EC-8414-C3433ADBD60D}.Debug|x64.ActiveCfg = Debug|x64
		{D4C05D5F-FF68-40EC-8414-C3433ADBD60D}.Debug|x64.Build.0 = Debug|x64
		{D4C05D5F-FF68-40EC-8414-C3433ADBD60D}.Debug|x86.ActiveCfg = Debug|Win32
		{D4C05D5F-FF68-40EC-8414-C3433ADBD60D}.Debug|x86.Build.0 = Debug|Win32
		{D4C05D5F-FF68-40EC-8414-C3433ADBD60D}.Release|x64.ActiveCfg = Release|x64
		{D4C05D5F-FF68-40EC-8414-C3433ADBD60D}.Release|x64.Build.0 = Release|x64
		{D4C05D5F-FF68-40EC-8414-C3433ADBD60D}.Release|x86.ActiveCfg = Release|Win32
		{D4C05D5F-FF68-40EC-8414-C3433ADBD60D}.Release|x86.Build.0 = Release|Win32
		{6C0769D5-AE65-4449-9975-4F83F1270020}.Debug|x64.ActiveCfg = Debug|x64
		{6C0769D5-AE65-4449-9975-4F83F1270020}.Debug|x64.Build.0 = Debug|x64
		{6C0769D5-AE65-4449-9975-4F83F1270020}.Debug|x86.ActiveCfg = Debug|Win32
		{6C0769D5-AE65-4449-9975-4F83F1270020}.Debug|x86.Build.0 = Debug|Win32
		{6C0769D5-AE65-4449-9975-4F83F1270020}.Release|x64.ActiveCfg = Release|x64
		{6C0769D5-AE65-4449-9975-4F83F1270020}.Release|x64.Build.0 = Release|x64
		{6C0769D5-AE65-4449-9975-4F83F1270020}.Release|x86.ActiveCfg = Release|Win32
		{6C0769D5-AE65-4449-9975-4F83F1270020}.Release|x86.Build.0 = Release|Win32
		{87C414E5-0853-470A-8BB4-CAB52CCB61B6}.Debug|x64.ActiveCfg = Debug|x64
		{87C414E5-0853-470A-8BB4-CAB52CCB61B6}.Debug|x64.Build.0 = Debug|x64
		{87C414E5-0853-470A-8BB4-CAB52CCB61B6}.Debug|x86.ActiveCfg = Debug|Win32
		{87C414E5-0853-470A-8BB4-CAB52CCB61B6}.Debug|x86.Build.0 = Debug|Win32
		{87C414E5-0853-470A-8BB4-CAB52CCB61B6}.Release|x64.ActiveCfg = Release|x64
		{87C414E5-0853-470A-8BB4-CAB52CCB61B6}.Release|x64.Build.0 = Release|x64
		{87C414E5-0853-470A-8BB4-CAB52CCB61B6}.Release|x86.ActiveCfg = Release|Win32
		{87C414E5-0853-470A-8BB4-CAB52CCB61B6}.Release|x86.Build.0 = Release|Win32
		{A61B515C-2BE0-4B7E-BD66-0218969F81CF}.Debug|x64.ActiveCfg = Debug|x64
		{A61B515C-2BE0-4B7E-BD66-0218969F81CF}.Debug|x64.Build.0 = Debug|x64
		{A61B515C-2BE0-4B7E-BD66-0218969F81CF}.Debug|x86.ActiveCfg = Debug|Win32
		{A61B515C-2BE0-4B7E-BD66-0218969F81CF}.Debug|x86.Build.0 = Debug|Win32
		{A61B515C-2BE0-4B7E-BD66-0218969F81CF}.Release|x64.ActiveCfg = Release|x64
		{A61B515C-2BE0-4B7E-BD66-0218969F81CF}.Release|x64.Build.0 = Release|x64
		{A61B515C-2BE0-4B7E-BD66-0218969F81CF}.Release|x86.ActiveCfg = Release|Win32
		{A61B515C-2BE0-4B7E-BD66-0218969F81CF}.Release|x86.Build.0 = Release|Win32
		{E07F3ED8-79AA-49C7-A6F4-15D332851406}.Debug|x64.ActiveCfg = Debug|x64
		{E07F3ED8-79AA-49C7-A6F4-15D332851406}.Debug|x64.Build.0 = Debug|x64
		{E07F3ED8-79AA-49C7-A6F4-15D332851406}.Debug|x86.ActiveCfg = Debug|Win32
		{E07F3ED8-79AA-49C7-A6F4-15D332851406}.Debug|x86.Build.0 = Debug|Win32
		{E07F3ED8-79AA-49C7-A6F4-15D332851406}.Release|x64.ActiveCfg = Release|x64
		{E07F3ED8-79AA-49C7-A6F4-15D332851406}.Release|x64.Build.0 = Release|x64
		{E07F3ED8-79AA-49C7-A6F4-15D332851406}.Release|x86.ActiveCfg = Release|Win32
		{E07F3ED8-79AA-49C7-A6F4-15D332851406}.Release|x86.Build.0 = Release|Win32
		{460641EE-5464-4FFC-8AD5-24623C071181}.Debug|x64.ActiveCfg = Debug|x64
		{460641EE-5464-4FFC-8AD5-24623C071181}.Debug|x64.Build.0 = Debug|x64
		{460641EE-5464-4FFC-8AD5-24623C071181}.Debug|x86.ActiveCfg = Debug|Win32
		{460641EE-5464-4FFC-8AD5-24623C071181}.Debug|x86.Build.0 = Debug|Win32
		{460641EE-5464-4FFC-8AD5-24623C071181}.Release|x64.ActiveCfg = Release|x64
		{460641EE-5464-4FFC-8AD5-24623C071181}.Release|x64.Build.0 = Release|x64
		{460641EE-5464-4FFC-8AD5-24623C071181}.Release|x86.ActiveCfg = Release|Win32
		{460641EE-5464-4FFC-8AD5-24623C071181}.Release|x86.Build.0 = Release|Win32
		{2F88F28D-3BEF-4B38-9934-55C8FD4278C8}.Debug|x64.ActiveCfg = Debug|x64
		{2F88F28D-3BEF-4B38-9934-55C8FD4278C8}.Debug|x64.Build.0 = Debug|x64
		{2F88F28D-3BEF-4B38-9934-55C8FD4278C8}.Debug|x86.ActiveCfg = Debug|Win32
		{2F88F28D-3BEF-4B38-9934-55C8FD4278C8}.Debug|x86.Build.0 = Debug|Win32
		{2F88F28D-3BEF-4B38-9934-55C8FD4278C8}.Release|x64.ActiveCfg = Release|x64
		{2F88F28D-3BEF-4B38-9934-55C8FD4278C8}.Release|x64.Build.0 = Release|x64
		{2F88F28D-3BEF-4B38-9934-55C8FD4278C8}.Release|x86.ActiveCfg = Release|Win32
		{2F88F28D-3BEF-4B38-9934-55C8FD4278C8}.Release|x86.Build.0 = Release|Win32
		{5EE065A4-0850-40DD-BCBD-FCF9C0B55591}.Debug|x64.ActiveCfg = Debug|x64
		{5EE065A4-0850-40DD-BCBD-FCF9C0B55591}.Debug|x64.Build.0 = Debug|x64
		{5EE065A4-0850-40DD-BCBD-FCF9C0B55591}.Debug|x86.ActiveCfg = Debug|Win32
		{5EE065A4-0850-40DD-BCBD-FCF9C0B55591}.Debug|x86.Build.0 = Debug|Win32
		{5EE065A4-0850-40DD-BCBD-FCF9C0B55591}.Release|x64.ActiveCfg = Release|x64
		{5EE065A4-0850-40DD-BCBD-FCF9C0B55591}.Release|x64.Build.0 = Release|x64
		{5EE065A4-0850-40DD-BCBD-FCF9C0B55591}.Release|x86.ActiveCfg = Release|Win32
		{5EE065A4-0850-40DD-BCBD-FCF9C0B55591}.Release|x86.Build.0 = Release|Win32
		{B5EDBA28-5DAA-41D3-ACCF-DD41067A0B41}.Debug|x64.ActiveCfg = Debug|x64
		{B5EDBA28-5DAA-41D3-ACCF-DD41067A0B41}.Debug|x64.Build.0 = Debug|x64
		{B5EDBA28-5DAA-41D3-ACCF-DD41067A0B41}.Debug|x86.ActiveCfg = Debug|Win32
		{B5EDBA28-5DAA-41D3-ACCF-DD41067A0B41}.Debug|x86.Build.0 = Debug|Win32
		{B5EDBA28-5DAA-41D3-ACCF-DD41067A0B41}.Release|x64.ActiveCfg = Release|x64
		{B5EDBA28-5DAA-41D3-ACCF-DD41067A0B41}.Release|x64.Build.0 = Release|x64
		{B5EDBA28-5DAA-41D3-ACCF-DD41067A0B41}.Release|x86.ActiveCfg = Release|Win32
		{B5EDBA28-5DAA-41D3-ACCF-DD41067A0B41}.Release|x86.Build.0 = Release|Win32
		{C08D5DF3-FE44-4DE1-AF1A-A2FE525CDCD9}.Debug|x64.ActiveCfg = Debug|x64
		{C08D5DF3-FE44-4DE1-AF1A-A2FE525CDCD9}.Debug|x64.Build.0 = Debug|x64
		{C08D5DF3-FE44-4DE1-AF1A-A2FE525CDCD9}.Debug|x86.ActiveCfg = Debug|Win32
		{C08D5DF3-FE44-4DE1-AF1A-A2FE525CDCD9}.Debug|x86.Build.0 = Debug|Win32
		{C08D5DF3-FE44-4DE1-AF1A-A2FE525CDCD9}.Release|x64.ActiveCfg = Release|x64
		{C08D5DF3-FE44-4DE1-AF1A-A2FE525CDCD9}.Release|x64.Build.0 = Release|x64
		{C08D5DF3-FE44-4DE1-AF1A-A2FE525CDCD9}.Release|x86.ActiveCfg = Release|Win32
		{C08D5DF3-FE44-4DE1-AF1A-A2FE525CDCD9}.Release|x86.Build.0 = Release|Win32
	EndGlobalSection
	GlobalSection(SolutionProperties) = preSolution
		HideSolutionNode = FALSE
	EndGlobalSection
EndGlobal
