
Microsoft Visual Studio Solution File, Format Version 12.00
# Visual Studio 15
VisualStudioVersion = 15.0.26228.9
MinimumVisualStudioVersion = 10.0.40219.1
Project("{8BC9CEB8-8B4A-11D0-8D11-00A0C91BC942}") = "Example12_15", "Chapter12\Chapter12.vcxproj", "{6956C928-FE93-4040-9E99-B616D55B31B2}"
EndProject
Project("{8BC9CEB8-8B4A-11D0-8D11-00A0C91BC942}") = "Example12_14", "Example12_14\Example12_14.vcxproj", "{59AB4C93-33F3-4AE9-8485-2506B5231C73}"
EndProject
Project("{8BC9CEB8-8B4A-11D0-8D11-00A0C91BC942}") = "Example12_13", "Example12_13\Example12_13.vcxproj", "{0FC5B977-3EB5-4D4A-835A-8BEAAFC94780}"
EndProject
Project("{8BC9CEB8-8B4A-11D0-8D11-00A0C91BC942}") = "Example12_12", "Example12_12\Example12_12.vcxproj", "{7DD7903A-341F-435C-91D4-0EC14DF84339}"
EndProject
Project("{8BC9CEB8-8B4A-11D0-8D11-00A0C91BC942}") = "Example12_11", "Example12_11\Example12_11.vcxproj", "{DF9BC7C3-00C7-47EA-8CC4-75A9B824033A}"
EndProject
Project("{8BC9CEB8-8B4A-11D0-8D11-00A0C91BC942}") = "Example12_10", "Example12_10\Example12_10.vcxproj", "{E750B96D-21F9-43FC-858F-12BD612C99E7}"
EndProject
Project("{8BC9CEB8-8B4A-11D0-8D11-00A0C91BC942}") = "Example12_09", "Example12_09\Example12_09.vcxproj", "{06653795-7BA5-4C14-B263-906773271547}"
EndProject
Project("{8BC9CEB8-8B4A-11D0-8D11-00A0C91BC942}") = "Example12_08", "Example12_08\Example12_08.vcxproj", "{1364D374-529A-4585-BE47-331394C589AC}"
EndProject
Project("{8BC9CEB8-8B4A-11D0-8D11-00A0C91BC942}") = "Example12_07", "Example12_07\Example12_07.vcxproj", "{85781639-9A05-4CA2-9B8B-E00E0B729E9D}"
EndProject
Project("{8BC9CEB8-8B4A-11D0-8D11-00A0C91BC942}") = "Example12_06", "Example12_06\Example12_06.vcxproj", "{56A74780-4F97-4522-BD57-DB8E56997DBA}"
EndProject
Project("{8BC9CEB8-8B4A-11D0-8D11-00A0C91BC942}") = "Example12_05", "Example12_05\Example12_05.vcxproj", "{3631E250-7FE9-40E7-AFF4-8F76873B0072}"
EndProject
Project("{8BC9CEB8-8B4A-11D0-8D11-00A0C91BC942}") = "Example12_04", "Example12_04\Example12_04.vcxproj", "{C42BE74A-C733-4621-9190-EC76A758BCFD}"
EndProject
Project("{8BC9CEB8-8B4A-11D0-8D11-00A0C91BC942}") = "Example12_03", "Example12_03\Example12_03.vcxproj", "{D4C9D84E-A360-4547-90FA-322869C13D65}"
EndProject
Project("{8BC9CEB8-8B4A-11D0-8D11-00A0C91BC942}") = "Example12_02", "Example12_02\Example12_02.vcxproj", "{F2C7EDBC-6ABF-45FE-B45F-7ED09E4B3437}"
EndProject
Project("{8BC9CEB8-8B4A-11D0-8D11-00A0C91BC942}") = "Example12_01", "Example12_01\Example12_01.vcxproj", "{34F60A85-B658-4044-B7ED-86DC25836627}"
EndProject
Global
	GlobalSection(SolutionConfigurationPlatforms) = preSolution
		Debug|x64 = Debug|x64
		Debug|x86 = Debug|x86
		Release|x64 = Release|x64
		Release|x86 = Release|x86
	EndGlobalSection
	GlobalSection(ProjectConfigurationPlatforms) = postSolution
		{6956C928-FE93-4040-9E99-B616D55B31B2}.Debug|x64.ActiveCfg = Debug|x64
		{6956C928-FE93-4040-9E99-B616D55B31B2}.Debug|x64.Build.0 = Debug|x64
		{6956C928-FE93-4040-9E99-B616D55B31B2}.Debug|x86.ActiveCfg = Debug|Win32
		{6956C928-FE93-4040-9E99-B616D55B31B2}.Debug|x86.Build.0 = Debug|Win32
		{6956C928-FE93-4040-9E99-B616D55B31B2}.Release|x64.ActiveCfg = Release|x64
		{6956C928-FE93-4040-9E99-B616D55B31B2}.Release|x64.Build.0 = Release|x64
		{6956C928-FE93-4040-9E99-B616D55B31B2}.Release|x86.ActiveCfg = Release|Win32
		{6956C928-FE93-4040-9E99-B616D55B31B2}.Release|x86.Build.0 = Release|Win32
		{59AB4C93-33F3-4AE9-8485-2506B5231C73}.Debug|x64.ActiveCfg = Debug|x64
		{59AB4C93-33F3-4AE9-8485-2506B5231C73}.Debug|x64.Build.0 = Debug|x64
		{59AB4C93-33F3-4AE9-8485-2506B5231C73}.Debug|x86.ActiveCfg = Debug|Win32
		{59AB4C93-33F3-4AE9-8485-2506B5231C73}.Debug|x86.Build.0 = Debug|Win32
		{59AB4C93-33F3-4AE9-8485-2506B5231C73}.Release|x64.ActiveCfg = Release|x64
		{59AB4C93-33F3-4AE9-8485-2506B5231C73}.Release|x64.Build.0 = Release|x64
		{59AB4C93-33F3-4AE9-8485-2506B5231C73}.Release|x86.ActiveCfg = Release|Win32
		{59AB4C93-33F3-4AE9-8485-2506B5231C73}.Release|x86.Build.0 = Release|Win32
		{0FC5B977-3EB5-4D4A-835A-8BEAAFC94780}.Debug|x64.ActiveCfg = Debug|x64
		{0FC5B977-3EB5-4D4A-835A-8BEAAFC94780}.Debug|x64.Build.0 = Debug|x64
		{0FC5B977-3EB5-4D4A-835A-8BEAAFC94780}.Debug|x86.ActiveCfg = Debug|Win32
		{0FC5B977-3EB5-4D4A-835A-8BEAAFC94780}.Debug|x86.Build.0 = Debug|Win32
		{0FC5B977-3EB5-4D4A-835A-8BEAAFC94780}.Release|x64.ActiveCfg = Release|x64
		{0FC5B977-3EB5-4D4A-835A-8BEAAFC94780}.Release|x64.Build.0 = Release|x64
		{0FC5B977-3EB5-4D4A-835A-8BEAAFC94780}.Release|x86.ActiveCfg = Release|Win32
		{0FC5B977-3EB5-4D4A-835A-8BEAAFC94780}.Release|x86.Build.0 = Release|Win32
		{7DD7903A-341F-435C-91D4-0EC14DF84339}.Debug|x64.ActiveCfg = Debug|x64
		{7DD7903A-341F-435C-91D4-0EC14DF84339}.Debug|x64.Build.0 = Debug|x64
		{7DD7903A-341F-435C-91D4-0EC14DF84339}.Debug|x86.ActiveCfg = Debug|Win32
		{7DD7903A-341F-435C-91D4-0EC14DF84339}.Debug|x86.Build.0 = Debug|Win32
		{7DD7903A-341F-435C-91D4-0EC14DF84339}.Release|x64.ActiveCfg = Release|x64
		{7DD7903A-341F-435C-91D4-0EC14DF84339}.Release|x64.Build.0 = Release|x64
		{7DD7903A-341F-435C-91D4-0EC14DF84339}.Release|x86.ActiveCfg = Release|Win32
		{7DD7903A-341F-435C-91D4-0EC14DF84339}.Release|x86.Build.0 = Release|Win32
		{DF9BC7C3-00C7-47EA-8CC4-75A9B824033A}.Debug|x64.ActiveCfg = Debug|x64
		{DF9BC7C3-00C7-47EA-8CC4-75A9B824033A}.Debug|x64.Build.0 = Debug|x64
		{DF9BC7C3-00C7-47EA-8CC4-75A9B824033A}.Debug|x86.ActiveCfg = Debug|Win32
		{DF9BC7C3-00C7-47EA-8CC4-75A9B824033A}.Debug|x86.Build.0 = Debug|Win32
		{DF9BC7C3-00C7-47EA-8CC4-75A9B824033A}.Release|x64.ActiveCfg = Release|x64
		{DF9BC7C3-00C7-47EA-8CC4-75A9B824033A}.Release|x64.Build.0 = Release|x64
		{DF9BC7C3-00C7-47EA-8CC4-75A9B824033A}.Release|x86.ActiveCfg = Release|Win32
		{DF9BC7C3-00C7-47EA-8CC4-75A9B824033A}.Release|x86.Build.0 = Release|Win32
		{E750B96D-21F9-43FC-858F-12BD612C99E7}.Debug|x64.ActiveCfg = Debug|x64
		{E750B96D-21F9-43FC-858F-12BD612C99E7}.Debug|x64.Build.0 = Debug|x64
		{E750B96D-21F9-43FC-858F-12BD612C99E7}.Debug|x86.ActiveCfg = Debug|Win32
		{E750B96D-21F9-43FC-858F-12BD612C99E7}.Debug|x86.Build.0 = Debug|Win32
		{E750B96D-21F9-43FC-858F-12BD612C99E7}.Release|x64.ActiveCfg = Release|x64
		{E750B96D-21F9-43FC-858F-12BD612C99E7}.Release|x64.Build.0 = Release|x64
		{E750B96D-21F9-43FC-858F-12BD612C99E7}.Release|x86.ActiveCfg = Release|Win32
		{E750B96D-21F9-43FC-858F-12BD612C99E7}.Release|x86.Build.0 = Release|Win32
		{06653795-7BA5-4C14-B263-906773271547}.Debug|x64.ActiveCfg = Debug|x64
		{06653795-7BA5-4C14-B263-906773271547}.Debug|x64.Build.0 = Debug|x64
		{06653795-7BA5-4C14-B263-906773271547}.Debug|x86.ActiveCfg = Debug|Win32
		{06653795-7BA5-4C14-B263-906773271547}.Debug|x86.Build.0 = Debug|Win32
		{06653795-7BA5-4C14-B263-906773271547}.Release|x64.ActiveCfg = Release|x64
		{06653795-7BA5-4C14-B263-906773271547}.Release|x64.Build.0 = Release|x64
		{06653795-7BA5-4C14-B263-906773271547}.Release|x86.ActiveCfg = Release|Win32
		{06653795-7BA5-4C14-B263-906773271547}.Release|x86.Build.0 = Release|Win32
		{1364D374-529A-4585-BE47-331394C589AC}.Debug|x64.ActiveCfg = Debug|x64
		{1364D374-529A-4585-BE47-331394C589AC}.Debug|x64.Build.0 = Debug|x64
		{1364D374-529A-4585-BE47-331394C589AC}.Debug|x86.ActiveCfg = Debug|Win32
		{1364D374-529A-4585-BE47-331394C589AC}.Debug|x86.Build.0 = Debug|Win32
		{1364D374-529A-4585-BE47-331394C589AC}.Release|x64.ActiveCfg = Release|x64
		{1364D374-529A-4585-BE47-331394C589AC}.Release|x64.Build.0 = Release|x64
		{1364D374-529A-4585-BE47-331394C589AC}.Release|x86.ActiveCfg = Release|Win32
		{1364D374-529A-4585-BE47-331394C589AC}.Release|x86.Build.0 = Release|Win32
		{85781639-9A05-4CA2-9B8B-E00E0B729E9D}.Debug|x64.ActiveCfg = Debug|x64
		{85781639-9A05-4CA2-9B8B-E00E0B729E9D}.Debug|x64.Build.0 = Debug|x64
		{85781639-9A05-4CA2-9B8B-E00E0B729E9D}.Debug|x86.ActiveCfg = Debug|Win32
		{85781639-9A05-4CA2-9B8B-E00E0B729E9D}.Debug|x86.Build.0 = Debug|Win32
		{85781639-9A05-4CA2-9B8B-E00E0B729E9D}.Release|x64.ActiveCfg = Release|x64
		{85781639-9A05-4CA2-9B8B-E00E0B729E9D}.Release|x64.Build.0 = Release|x64
		{85781639-9A05-4CA2-9B8B-E00E0B729E9D}.Release|x86.ActiveCfg = Release|Win32
		{85781639-9A05-4CA2-9B8B-E00E0B729E9D}.Release|x86.Build.0 = Release|Win32
		{56A74780-4F97-4522-BD57-DB8E56997DBA}.Debug|x64.ActiveCfg = Debug|x64
		{56A74780-4F97-4522-BD57-DB8E56997DBA}.Debug|x64.Build.0 = Debug|x64
		{56A74780-4F97-4522-BD57-DB8E56997DBA}.Debug|x86.ActiveCfg = Debug|Win32
		{56A74780-4F97-4522-BD57-DB8E56997DBA}.Debug|x86.Build.0 = Debug|Win32
		{56A74780-4F97-4522-BD57-DB8E56997DBA}.Release|x64.ActiveCfg = Release|x64
		{56A74780-4F97-4522-BD57-DB8E56997DBA}.Release|x64.Build.0 = Release|x64
		{56A74780-4F97-4522-BD57-DB8E56997DBA}.Release|x86.ActiveCfg = Release|Win32
		{56A74780-4F97-4522-BD57-DB8E56997DBA}.Release|x86.Build.0 = Release|Win32
		{3631E250-7FE9-40E7-AFF4-8F76873B0072}.Debug|x64.ActiveCfg = Debug|x64
		{3631E250-7FE9-40E7-AFF4-8F76873B0072}.Debug|x64.Build.0 = Debug|x64
		{3631E250-7FE9-40E7-AFF4-8F76873B0072}.Debug|x86.ActiveCfg = Debug|Win32
		{3631E250-7FE9-40E7-AFF4-8F76873B0072}.Debug|x86.Build.0 = Debug|Win32
		{3631E250-7FE9-40E7-AFF4-8F76873B0072}.Release|x64.ActiveCfg = Release|x64
		{3631E250-7FE9-40E7-AFF4-8F76873B0072}.Release|x64.Build.0 = Release|x64
		{3631E250-7FE9-40E7-AFF4-8F76873B0072}.Release|x86.ActiveCfg = Release|Win32
		{3631E250-7FE9-40E7-AFF4-8F76873B0072}.Release|x86.Build.0 = Release|Win32
		{C42BE74A-C733-4621-9190-EC76A758BCFD}.Debug|x64.ActiveCfg = Debug|x64
		{C42BE74A-C733-4621-9190-EC76A758BCFD}.Debug|x64.Build.0 = Debug|x64
		{C42BE74A-C733-4621-9190-EC76A758BCFD}.Debug|x86.ActiveCfg = Debug|Win32
		{C42BE74A-C733-4621-9190-EC76A758BCFD}.Debug|x86.Build.0 = Debug|Win32
		{C42BE74A-C733-4621-9190-EC76A758BCFD}.Release|x64.ActiveCfg = Release|x64
		{C42BE74A-C733-4621-9190-EC76A758BCFD}.Release|x64.Build.0 = Release|x64
		{C42BE74A-C733-4621-9190-EC76A758BCFD}.Release|x86.ActiveCfg = Release|Win32
		{C42BE74A-C733-4621-9190-EC76A758BCFD}.Release|x86.Build.0 = Release|Win32
		{D4C9D84E-A360-4547-90FA-322869C13D65}.Debug|x64.ActiveCfg = Debug|x64
		{D4C9D84E-A360-4547-90FA-322869C13D65}.Debug|x64.Build.0 = Debug|x64
		{D4C9D84E-A360-4547-90FA-322869C13D65}.Debug|x86.ActiveCfg = Debug|Win32
		{D4C9D84E-A360-4547-90FA-322869C13D65}.Debug|x86.Build.0 = Debug|Win32
		{D4C9D84E-A360-4547-90FA-322869C13D65}.Release|x64.ActiveCfg = Release|x64
		{D4C9D84E-A360-4547-90FA-322869C13D65}.Release|x64.Build.0 = Release|x64
		{D4C9D84E-A360-4547-90FA-322869C13D65}.Release|x86.ActiveCfg = Release|Win32
		{D4C9D84E-A360-4547-90FA-322869C13D65}.Release|x86.Build.0 = Release|Win32
		{F2C7EDBC-6ABF-45FE-B45F-7ED09E4B3437}.Debug|x64.ActiveCfg = Debug|x64
		{F2C7EDBC-6ABF-45FE-B45F-7ED09E4B3437}.Debug|x64.Build.0 = Debug|x64
		{F2C7EDBC-6ABF-45FE-B45F-7ED09E4B3437}.Debug|x86.ActiveCfg = Debug|Win32
		{F2C7EDBC-6ABF-45FE-B45F-7ED09E4B3437}.Debug|x86.Build.0 = Debug|Win32
		{F2C7EDBC-6ABF-45FE-B45F-7ED09E4B3437}.Release|x64.ActiveCfg = Release|x64
		{F2C7EDBC-6ABF-45FE-B45F-7ED09E4B3437}.Release|x64.Build.0 = Release|x64
		{F2C7EDBC-6ABF-45FE-B45F-7ED09E4B3437}.Release|x86.ActiveCfg = Release|Win32
		{F2C7EDBC-6ABF-45FE-B45F-7ED09E4B3437}.Release|x86.Build.0 = Release|Win32
		{34F60A85-B658-4044-B7ED-86DC25836627}.Debug|x64.ActiveCfg = Debug|x64
		{34F60A85-B658-4044-B7ED-86DC25836627}.Debug|x64.Build.0 = Debug|x64
		{34F60A85-B658-4044-B7ED-86DC25836627}.Debug|x86.ActiveCfg = Debug|Win32
		{34F60A85-B658-4044-B7ED-86DC25836627}.Debug|x86.Build.0 = Debug|Win32
		{34F60A85-B658-4044-B7ED-86DC25836627}.Release|x64.ActiveCfg = Release|x64
		{34F60A85-B658-4044-B7ED-86DC25836627}.Release|x64.Build.0 = Release|x64
		{34F60A85-B658-4044-B7ED-86DC25836627}.Release|x86.ActiveCfg = Release|Win32
		{34F60A85-B658-4044-B7ED-86DC25836627}.Release|x86.Build.0 = Release|Win32
	EndGlobalSection
	GlobalSection(SolutionProperties) = preSolution
		HideSolutionNode = FALSE
	EndGlobalSection
EndGlobal
