
Microsoft Visual Studio Solution File, Format Version 12.00
# Visual Studio 15
VisualStudioVersion = 15.0.26228.9
MinimumVisualStudioVersion = 10.0.40219.1
Project("{8BC9CEB8-8B4A-11D0-8D11-00A0C91BC942}") = "Example11_01", "Chapter11\Chapter11.vcxproj", "{AA4582B9-85BA-46AC-B221-1C4B7537A017}"
EndProject
Project("{8BC9CEB8-8B4A-11D0-8D11-00A0C91BC942}") = "Example11_17", "Example11_17\Example11_17.vcxproj", "{033B9079-ED29-4D2F-9786-2A62F3C08569}"
EndProject
Project("{8BC9CEB8-8B4A-11D0-8D11-00A0C91BC942}") = "Example11_16", "Example11_16\Example11_16.vcxproj", "{8A7BE75C-E837-4C5D-B1F4-A248EB6F15B2}"
EndProject
Project("{8BC9CEB8-8B4A-11D0-8D11-00A0C91BC942}") = "Example11_15", "Example11_15\Example11_15.vcxproj", "{C94EEDD5-F0F3-4315-90F5-856B574E56F7}"
EndProject
Project("{8BC9CEB8-8B4A-11D0-8D11-00A0C91BC942}") = "Example11_14", "Example11_14\Example11_14.vcxproj", "{EE872BE5-5B4E-49D5-A5EF-E1EB0D722A95}"
EndProject
Project("{8BC9CEB8-8B4A-11D0-8D11-00A0C91BC942}") = "Example11_13", "Example11_13\Example11_13.vcxproj", "{7ED5347B-4B46-4B5B-A3EB-DC6C5F83CF07}"
EndProject
Project("{8BC9CEB8-8B4A-11D0-8D11-00A0C91BC942}") = "Example11_12", "Example11_12\Example11_12.vcxproj", "{2713A4BF-94F6-42DA-9F4F-D610A7CC8D34}"
EndProject
Project("{8BC9CEB8-8B4A-11D0-8D11-00A0C91BC942}") = "Example11_11", "Example11_11\Example11_11.vcxproj", "{5A86D12C-4665-4FCC-8D8D-1158A5D1B394}"
EndProject
Project("{8BC9CEB8-8B4A-11D0-8D11-00A0C91BC942}") = "Example11_10", "Example11_10\Example11_10.vcxproj", "{56A768E6-33CD-4CA7-85D7-200B7D099445}"
EndProject
Project("{8BC9CEB8-8B4A-11D0-8D11-00A0C91BC942}") = "Example11_09", "Example11_09\Example11_09.vcxproj", "{D39A73CE-6969-45BA-AF20-0FA2C2E1AC1C}"
EndProject
Project("{8BC9CEB8-8B4A-11D0-8D11-00A0C91BC942}") = "Example11_08", "Example11_08\Example11_08.vcxproj", "{9CDC8F0F-AF84-495F-A0FA-312590DD5430}"
EndProject
Project("{8BC9CEB8-8B4A-11D0-8D11-00A0C91BC942}") = "Example11_07", "Example11_07\Example11_07.vcxproj", "{494415F5-B734-4740-A77B-BCCC537686D1}"
EndProject
Project("{8BC9CEB8-8B4A-11D0-8D11-00A0C91BC942}") = "Example11_06", "Example11_06\Example11_06.vcxproj", "{06105E66-8766-4C61-96D9-EBA49E7E30CB}"
EndProject
Project("{8BC9CEB8-8B4A-11D0-8D11-00A0C91BC942}") = "Example11_05", "Example11_05\Example11_05.vcxproj", "{5EF3B060-8890-48B3-B1CF-C3F0038683A2}"
EndProject
Project("{8BC9CEB8-8B4A-11D0-8D11-00A0C91BC942}") = "Example11_04", "Example11_04\Example11_04.vcxproj", "{402322F6-9DDB-4BFB-AC94-D86DD46057FE}"
EndProject
Project("{8BC9CEB8-8B4A-11D0-8D11-00A0C91BC942}") = "Example11_03", "Example11_03\Example11_03.vcxproj", "{75837802-4159-424A-84DB-412653E1494B}"
EndProject
Project("{8BC9CEB8-8B4A-11D0-8D11-00A0C91BC942}") = "Example11_02", "Example11_02\Example11_02.vcxproj", "{81BF8DD1-ECA1-4251-BB86-1F1097170EE8}"
EndProject
Global
	GlobalSection(SolutionConfigurationPlatforms) = preSolution
		Debug|x64 = Debug|x64
		Debug|x86 = Debug|x86
		Release|x64 = Release|x64
		Release|x86 = Release|x86
	EndGlobalSection
	GlobalSection(ProjectConfigurationPlatforms) = postSolution
		{AA4582B9-85BA-46AC-B221-1C4B7537A017}.Debug|x64.ActiveCfg = Debug|x64
		{AA4582B9-85BA-46AC-B221-1C4B7537A017}.Debug|x64.Build.0 = Debug|x64
		{AA4582B9-85BA-46AC-B221-1C4B7537A017}.Debug|x86.ActiveCfg = Debug|Win32
		{AA4582B9-85BA-46AC-B221-1C4B7537A017}.Debug|x86.Build.0 = Debug|Win32
		{AA4582B9-85BA-46AC-B221-1C4B7537A017}.Release|x64.ActiveCfg = Release|x64
		{AA4582B9-85BA-46AC-B221-1C4B7537A017}.Release|x64.Build.0 = Release|x64
		{AA4582B9-85BA-46AC-B221-1C4B7537A017}.Release|x86.ActiveCfg = Release|Win32
		{AA4582B9-85BA-46AC-B221-1C4B7537A017}.Release|x86.Build.0 = Release|Win32
		{033B9079-ED29-4D2F-9786-2A62F3C08569}.Debug|x64.ActiveCfg = Debug|x64
		{033B9079-ED29-4D2F-9786-2A62F3C08569}.Debug|x64.Build.0 = Debug|x64
		{033B9079-ED29-4D2F-9786-2A62F3C08569}.Debug|x86.ActiveCfg = Debug|Win32
		{033B9079-ED29-4D2F-9786-2A62F3C08569}.Debug|x86.Build.0 = Debug|Win32
		{033B9079-ED29-4D2F-9786-2A62F3C08569}.Release|x64.ActiveCfg = Release|x64
		{033B9079-ED29-4D2F-9786-2A62F3C08569}.Release|x64.Build.0 = Release|x64
		{033B9079-ED29-4D2F-9786-2A62F3C08569}.Release|x86.ActiveCfg = Release|Win32
		{033B9079-ED29-4D2F-9786-2A62F3C08569}.Release|x86.Build.0 = Release|Win32
		{8A7BE75C-E837-4C5D-B1F4-A248EB6F15B2}.Debug|x64.ActiveCfg = Debug|x64
		{8A7BE75C-E837-4C5D-B1F4-A248EB6F15B2}.Debug|x64.Build.0 = Debug|x64
		{8A7BE75C-E837-4C5D-B1F4-A248EB6F15B2}.Debug|x86.ActiveCfg = Debug|Win32
		{8A7BE75C-E837-4C5D-B1F4-A248EB6F15B2}.Debug|x86.Build.0 = Debug|Win32
		{8A7BE75C-E837-4C5D-B1F4-A248EB6F15B2}.Release|x64.ActiveCfg = Release|x64
		{8A7BE75C-E837-4C5D-B1F4-A248EB6F15B2}.Release|x64.Build.0 = Release|x64
		{8A7BE75C-E837-4C5D-B1F4-A248EB6F15B2}.Release|x86.ActiveCfg = Release|Win32
		{8A7BE75C-E837-4C5D-B1F4-A248EB6F15B2}.Release|x86.Build.0 = Release|Win32
		{C94EEDD5-F0F3-4315-90F5-856B574E56F7}.Debug|x64.ActiveCfg = Debug|x64
		{C94EEDD5-F0F3-4315-90F5-856B574E56F7}.Debug|x64.Build.0 = Debug|x64
		{C94EEDD5-F0F3-4315-90F5-856B574E56F7}.Debug|x86.ActiveCfg = Debug|Win32
		{C94EEDD5-F0F3-4315-90F5-856B574E56F7}.Debug|x86.Build.0 = Debug|Win32
		{C94EEDD5-F0F3-4315-90F5-856B574E56F7}.Release|x64.ActiveCfg = Release|x64
		{C94EEDD5-F0F3-4315-90F5-856B574E56F7}.Release|x64.Build.0 = Release|x64
		{C94EEDD5-F0F3-4315-90F5-856B574E56F7}.Release|x86.ActiveCfg = Release|Win32
		{C94EEDD5-F0F3-4315-90F5-856B574E56F7}.Release|x86.Build.0 = Release|Win32
		{EE872BE5-5B4E-49D5-A5EF-E1EB0D722A95}.Debug|x64.ActiveCfg = Debug|x64
		{EE872BE5-5B4E-49D5-A5EF-E1EB0D722A95}.Debug|x64.Build.0 = Debug|x64
		{EE872BE5-5B4E-49D5-A5EF-E1EB0D722A95}.Debug|x86.ActiveCfg = Debug|Win32
		{EE872BE5-5B4E-49D5-A5EF-E1EB0D722A95}.Debug|x86.Build.0 = Debug|Win32
		{EE872BE5-5B4E-49D5-A5EF-E1EB0D722A95}.Release|x64.ActiveCfg = Release|x64
		{EE872BE5-5B4E-49D5-A5EF-E1EB0D722A95}.Release|x64.Build.0 = Release|x64
		{EE872BE5-5B4E-49D5-A5EF-E1EB0D722A95}.Release|x86.ActiveCfg = Release|Win32
		{EE872BE5-5B4E-49D5-A5EF-E1EB0D722A95}.Release|x86.Build.0 = Release|Win32
		{7ED5347B-4B46-4B5B-A3EB-DC6C5F83CF07}.Debug|x64.ActiveCfg = Debug|x64
		{7ED5347B-4B46-4B5B-A3EB-DC6C5F83CF07}.Debug|x64.Build.0 = Debug|x64
		{7ED5347B-4B46-4B5B-A3EB-DC6C5F83CF07}.Debug|x86.ActiveCfg = Debug|Win32
		{7ED5347B-4B46-4B5B-A3EB-DC6C5F83CF07}.Debug|x86.Build.0 = Debug|Win32
		{7ED5347B-4B46-4B5B-A3EB-DC6C5F83CF07}.Release|x64.ActiveCfg = Release|x64
		{7ED5347B-4B46-4B5B-A3EB-DC6C5F83CF07}.Release|x64.Build.0 = Release|x64
		{7ED5347B-4B46-4B5B-A3EB-DC6C5F83CF07}.Release|x86.ActiveCfg = Release|Win32
		{7ED5347B-4B46-4B5B-A3EB-DC6C5F83CF07}.Release|x86.Build.0 = Release|Win32
		{2713A4BF-94F6-42DA-9F4F-D610A7CC8D34}.Debug|x64.ActiveCfg = Debug|x64
		{2713A4BF-94F6-42DA-9F4F-D610A7CC8D34}.Debug|x64.Build.0 = Debug|x64
		{2713A4BF-94F6-42DA-9F4F-D610A7CC8D34}.Debug|x86.ActiveCfg = Debug|Win32
		{2713A4BF-94F6-42DA-9F4F-D610A7CC8D34}.Debug|x86.Build.0 = Debug|Win32
		{2713A4BF-94F6-42DA-9F4F-D610A7CC8D34}.Release|x64.ActiveCfg = Release|x64
		{2713A4BF-94F6-42DA-9F4F-D610A7CC8D34}.Release|x64.Build.0 = Release|x64
		{2713A4BF-94F6-42DA-9F4F-D610A7CC8D34}.Release|x86.ActiveCfg = Release|Win32
		{2713A4BF-94F6-42DA-9F4F-D610A7CC8D34}.Release|x86.Build.0 = Release|Win32
		{5A86D12C-4665-4FCC-8D8D-1158A5D1B394}.Debug|x64.ActiveCfg = Debug|x64
		{5A86D12C-4665-4FCC-8D8D-1158A5D1B394}.Debug|x64.Build.0 = Debug|x64
		{5A86D12C-4665-4FCC-8D8D-1158A5D1B394}.Debug|x86.ActiveCfg = Debug|Win32
		{5A86D12C-4665-4FCC-8D8D-1158A5D1B394}.Debug|x86.Build.0 = Debug|Win32
		{5A86D12C-4665-4FCC-8D8D-1158A5D1B394}.Release|x64.ActiveCfg = Release|x64
		{5A86D12C-4665-4FCC-8D8D-1158A5D1B394}.Release|x64.Build.0 = Release|x64
		{5A86D12C-4665-4FCC-8D8D-1158A5D1B394}.Release|x86.ActiveCfg = Release|Win32
		{5A86D12C-4665-4FCC-8D8D-1158A5D1B394}.Release|x86.Build.0 = Release|Win32
		{56A768E6-33CD-4CA7-85D7-200B7D099445}.Debug|x64.ActiveCfg = Debug|x64
		{56A768E6-33CD-4CA7-85D7-200B7D099445}.Debug|x64.Build.0 = Debug|x64
		{56A768E6-33CD-4CA7-85D7-200B7D099445}.Debug|x86.ActiveCfg = Debug|Win32
		{56A768E6-33CD-4CA7-85D7-200B7D099445}.Debug|x86.Build.0 = Debug|Win32
		{56A768E6-33CD-4CA7-85D7-200B7D099445}.Release|x64.ActiveCfg = Release|x64
		{56A768E6-33CD-4CA7-85D7-200B7D099445}.Release|x64.Build.0 = Release|x64
		{56A768E6-33CD-4CA7-85D7-200B7D099445}.Release|x86.ActiveCfg = Release|Win32
		{56A768E6-33CD-4CA7-85D7-200B7D099445}.Release|x86.Build.0 = Release|Win32
		{D39A73CE-6969-45BA-AF20-0FA2C2E1AC1C}.Debug|x64.ActiveCfg = Debug|x64
		{D39A73CE-6969-45BA-AF20-0FA2C2E1AC1C}.Debug|x64.Build.0 = Debug|x64
		{D39A73CE-6969-45BA-AF20-0FA2C2E1AC1C}.Debug|x86.ActiveCfg = Debug|Win32
		{D39A73CE-6969-45BA-AF20-0FA2C2E1AC1C}.Debug|x86.Build.0 = Debug|Win32
		{D39A73CE-6969-45BA-AF20-0FA2C2E1AC1C}.Release|x64.ActiveCfg = Release|x64
		{D39A73CE-6969-45BA-AF20-0FA2C2E1AC1C}.Release|x64.Build.0 = Release|x64
		{D39A73CE-6969-45BA-AF20-0FA2C2E1AC1C}.Release|x86.ActiveCfg = Release|Win32
		{D39A73CE-6969-45BA-AF20-0FA2C2E1AC1C}.Release|x86.Build.0 = Release|Win32
		{9CDC8F0F-AF84-495F-A0FA-312590DD5430}.Debug|x64.ActiveCfg = Debug|x64
		{9CDC8F0F-AF84-495F-A0FA-312590DD5430}.Debug|x64.Build.0 = Debug|x64
		{9CDC8F0F-AF84-495F-A0FA-312590DD5430}.Debug|x86.ActiveCfg = Debug|Win32
		{9CDC8F0F-AF84-495F-A0FA-312590DD5430}.Debug|x86.Build.0 = Debug|Win32
		{9CDC8F0F-AF84-495F-A0FA-312590DD5430}.Release|x64.ActiveCfg = Release|x64
		{9CDC8F0F-AF84-495F-A0FA-312590DD5430}.Release|x64.Build.0 = Release|x64
		{9CDC8F0F-AF84-495F-A0FA-312590DD5430}.Release|x86.ActiveCfg = Release|Win32
		{9CDC8F0F-AF84-495F-A0FA-312590DD5430}.Release|x86.Build.0 = Release|Win32
		{494415F5-B734-4740-A77B-BCCC537686D1}.Debug|x64.ActiveCfg = Debug|x64
		{494415F5-B734-4740-A77B-BCCC537686D1}.Debug|x64.Build.0 = Debug|x64
		{494415F5-B734-4740-A77B-BCCC537686D1}.Debug|x86.ActiveCfg = Debug|Win32
		{494415F5-B734-4740-A77B-BCCC537686D1}.Debug|x86.Build.0 = Debug|Win32
		{494415F5-B734-4740-A77B-BCCC537686D1}.Release|x64.ActiveCfg = Release|x64
		{494415F5-B734-4740-A77B-BCCC537686D1}.Release|x64.Build.0 = Release|x64
		{494415F5-B734-4740-A77B-BCCC537686D1}.Release|x86.ActiveCfg = Release|Win32
		{494415F5-B734-4740-A77B-BCCC537686D1}.Release|x86.Build.0 = Release|Win32
		{06105E66-8766-4C61-96D9-EBA49E7E30CB}.Debug|x64.ActiveCfg = Debug|x64
		{06105E66-8766-4C61-96D9-EBA49E7E30CB}.Debug|x64.Build.0 = Debug|x64
		{06105E66-8766-4C61-96D9-EBA49E7E30CB}.Debug|x86.ActiveCfg = Debug|Win32
		{06105E66-8766-4C61-96D9-EBA49E7E30CB}.Debug|x86.Build.0 = Debug|Win32
		{06105E66-8766-4C61-96D9-EBA49E7E30CB}.Release|x64.ActiveCfg = Release|x64
		{06105E66-8766-4C61-96D9-EBA49E7E30CB}.Release|x64.Build.0 = Release|x64
		{06105E66-8766-4C61-96D9-EBA49E7E30CB}.Release|x86.ActiveCfg = Release|Win32
		{06105E66-8766-4C61-96D9-EBA49E7E30CB}.Release|x86.Build.0 = Release|Win32
		{5EF3B060-8890-48B3-B1CF-C3F0038683A2}.Debug|x64.ActiveCfg = Debug|x64
		{5EF3B060-8890-48B3-B1CF-C3F0038683A2}.Debug|x64.Build.0 = Debug|x64
		{5EF3B060-8890-48B3-B1CF-C3F0038683A2}.Debug|x86.ActiveCfg = Debug|Win32
		{5EF3B060-8890-48B3-B1CF-C3F0038683A2}.Debug|x86.Build.0 = Debug|Win32
		{5EF3B060-8890-48B3-B1CF-C3F0038683A2}.Release|x64.ActiveCfg = Release|x64
		{5EF3B060-8890-48B3-B1CF-C3F0038683A2}.Release|x64.Build.0 = Release|x64
		{5EF3B060-8890-48B3-B1CF-C3F0038683A2}.Release|x86.ActiveCfg = Release|Win32
		{5EF3B060-8890-48B3-B1CF-C3F0038683A2}.Release|x86.Build.0 = Release|Win32
		{402322F6-9DDB-4BFB-AC94-D86DD46057FE}.Debug|x64.ActiveCfg = Debug|x64
		{402322F6-9DDB-4BFB-AC94-D86DD46057FE}.Debug|x64.Build.0 = Debug|x64
		{402322F6-9DDB-4BFB-AC94-D86DD46057FE}.Debug|x86.ActiveCfg = Debug|Win32
		{402322F6-9DDB-4BFB-AC94-D86DD46057FE}.Debug|x86.Build.0 = Debug|Win32
		{402322F6-9DDB-4BFB-AC94-D86DD46057FE}.Release|x64.ActiveCfg = Release|x64
		{402322F6-9DDB-4BFB-AC94-D86DD46057FE}.Release|x64.Build.0 = Release|x64
		{402322F6-9DDB-4BFB-AC94-D86DD46057FE}.Release|x86.ActiveCfg = Release|Win32
		{402322F6-9DDB-4BFB-AC94-D86DD46057FE}.Release|x86.Build.0 = Release|Win32
		{75837802-4159-424A-84DB-412653E1494B}.Debug|x64.ActiveCfg = Debug|x64
		{75837802-4159-424A-84DB-412653E1494B}.Debug|x64.Build.0 = Debug|x64
		{75837802-4159-424A-84DB-412653E1494B}.Debug|x86.ActiveCfg = Debug|Win32
		{75837802-4159-424A-84DB-412653E1494B}.Debug|x86.Build.0 = Debug|Win32
		{75837802-4159-424A-84DB-412653E1494B}.Release|x64.ActiveCfg = Release|x64
		{75837802-4159-424A-84DB-412653E1494B}.Release|x64.Build.0 = Release|x64
		{75837802-4159-424A-84DB-412653E1494B}.Release|x86.ActiveCfg = Release|Win32
		{75837802-4159-424A-84DB-412653E1494B}.Release|x86.Build.0 = Release|Win32
		{81BF8DD1-ECA1-4251-BB86-1F1097170EE8}.Debug|x64.ActiveCfg = Debug|x64
		{81BF8DD1-ECA1-4251-BB86-1F1097170EE8}.Debug|x64.Build.0 = Debug|x64
		{81BF8DD1-ECA1-4251-BB86-1F1097170EE8}.Debug|x86.ActiveCfg = Debug|Win32
		{81BF8DD1-ECA1-4251-BB86-1F1097170EE8}.Debug|x86.Build.0 = Debug|Win32
		{81BF8DD1-ECA1-4251-BB86-1F1097170EE8}.Release|x64.ActiveCfg = Release|x64
		{81BF8DD1-ECA1-4251-BB86-1F1097170EE8}.Release|x64.Build.0 = Release|x64
		{81BF8DD1-ECA1-4251-BB86-1F1097170EE8}.Release|x86.ActiveCfg = Release|Win32
		{81BF8DD1-ECA1-4251-BB86-1F1097170EE8}.Release|x86.Build.0 = Release|Win32
	EndGlobalSection
	GlobalSection(SolutionProperties) = preSolution
		HideSolutionNode = FALSE
	EndGlobalSection
EndGlobal
