
Microsoft Visual Studio Solution File, Format Version 12.00
# Visual Studio 14
VisualStudioVersion = 14.0.25420.1
MinimumVisualStudioVersion = 10.0.40219.1
Project("{8BC9CEB8-8B4A-11D0-8D11-00A0C91BC942}") = "Example00_01", "IOandFiles\IOandFiles.vcxproj", "{6750A3DD-B1E6-4A83-BE9A-F1B7FA9C8DAC}"
EndProject
Project("{8BC9CEB8-8B4A-11D0-8D11-00A0C91BC942}") = "Example00_02", "Example00_02\Example00_02.vcxproj", "{8674DC54-DBBC-484D-9980-E50FA2BB8085}"
EndProject
Project("{8BC9CEB8-8B4A-11D0-8D11-00A0C91BC942}") = "Example00_03", "Example00_03\Example00_03.vcxproj", "{BF5043CC-071E-4F87-AF1C-E3ECF5A2B6BB}"
EndProject
Project("{8BC9CEB8-8B4A-11D0-8D11-00A0C91BC942}") = "Example00_04", "Example00_04\Example00_04.vcxproj", "{DAE378BC-2BCD-4F7B-ADC9-60AA9F4DF733}"
EndProject
Project("{8BC9CEB8-8B4A-11D0-8D11-00A0C91BC942}") = "Example00_05", "Example00_05\Example00_05.vcxproj", "{DB63DA14-5552-42B3-B3CF-30CFBB462177}"
EndProject
Project("{8BC9CEB8-8B4A-11D0-8D11-00A0C91BC942}") = "Example00_06", "Example00_06\Example00_06.vcxproj", "{523AD1C2-2943-4C87-9C8C-189652895D9F}"
EndProject
Project("{8BC9CEB8-8B4A-11D0-8D11-00A0C91BC942}") = "Example00_07", "Example00_07\Example00_07.vcxproj", "{F79E69EB-131E-487E-ABAB-2C7BD2749BD0}"
EndProject
Project("{8BC9CEB8-8B4A-11D0-8D11-00A0C91BC942}") = "Example00_09", "Example00_09\Example00_09.vcxproj", "{40025457-9835-46D1-BEF3-A954FA968675}"
EndProject
Project("{8BC9CEB8-8B4A-11D0-8D11-00A0C91BC942}") = "Example00_08", "Example00_08\Example00_08.vcxproj", "{60C1F43D-114E-4651-8386-9A1A44208397}"
EndProject
Project("{8BC9CEB8-8B4A-11D0-8D11-00A0C91BC942}") = "Example00_10", "Example00_10\Example00_10.vcxproj", "{06148D49-A548-40D4-89EF-83256967765E}"
EndProject
Project("{8BC9CEB8-8B4A-11D0-8D11-00A0C91BC942}") = "Example00_11", "Example00_11\Example00_11.vcxproj", "{4CB95620-55D6-4F92-BE26-733B9115DA48}"
EndProject
Project("{8BC9CEB8-8B4A-11D0-8D11-00A0C91BC942}") = "Example00_12", "Example00_12\Example00_12.vcxproj", "{062E1FA1-DEF7-48B0-80CD-E906C21EB623}"
EndProject
Global
	GlobalSection(SolutionConfigurationPlatforms) = preSolution
		Debug|x64 = Debug|x64
		Debug|x86 = Debug|x86
		Release|x64 = Release|x64
		Release|x86 = Release|x86
	EndGlobalSection
	GlobalSection(ProjectConfigurationPlatforms) = postSolution
		{6750A3DD-B1E6-4A83-BE9A-F1B7FA9C8DAC}.Debug|x64.ActiveCfg = Debug|x64
		{6750A3DD-B1E6-4A83-BE9A-F1B7FA9C8DAC}.Debug|x64.Build.0 = Debug|x64
		{6750A3DD-B1E6-4A83-BE9A-F1B7FA9C8DAC}.Debug|x86.ActiveCfg = Debug|Win32
		{6750A3DD-B1E6-4A83-BE9A-F1B7FA9C8DAC}.Debug|x86.Build.0 = Debug|Win32
		{6750A3DD-B1E6-4A83-BE9A-F1B7FA9C8DAC}.Release|x64.ActiveCfg = Release|x64
		{6750A3DD-B1E6-4A83-BE9A-F1B7FA9C8DAC}.Release|x64.Build.0 = Release|x64
		{6750A3DD-B1E6-4A83-BE9A-F1B7FA9C8DAC}.Release|x86.ActiveCfg = Release|Win32
		{6750A3DD-B1E6-4A83-BE9A-F1B7FA9C8DAC}.Release|x86.Build.0 = Release|Win32
		{8674DC54-DBBC-484D-9980-E50FA2BB8085}.Debug|x64.ActiveCfg = Debug|x64
		{8674DC54-DBBC-484D-9980-E50FA2BB8085}.Debug|x64.Build.0 = Debug|x64
		{8674DC54-DBBC-484D-9980-E50FA2BB8085}.Debug|x86.ActiveCfg = Debug|Win32
		{8674DC54-DBBC-484D-9980-E50FA2BB8085}.Debug|x86.Build.0 = Debug|Win32
		{8674DC54-DBBC-484D-9980-E50FA2BB8085}.Release|x64.ActiveCfg = Release|x64
		{8674DC54-DBBC-484D-9980-E50FA2BB8085}.Release|x64.Build.0 = Release|x64
		{8674DC54-DBBC-484D-9980-E50FA2BB8085}.Release|x86.ActiveCfg = Release|Win32
		{8674DC54-DBBC-484D-9980-E50FA2BB8085}.Release|x86.Build.0 = Release|Win32
		{BF5043CC-071E-4F87-AF1C-E3ECF5A2B6BB}.Debug|x64.ActiveCfg = Debug|x64
		{BF5043CC-071E-4F87-AF1C-E3ECF5A2B6BB}.Debug|x64.Build.0 = Debug|x64
		{BF5043CC-071E-4F87-AF1C-E3ECF5A2B6BB}.Debug|x86.ActiveCfg = Debug|Win32
		{BF5043CC-071E-4F87-AF1C-E3ECF5A2B6BB}.Debug|x86.Build.0 = Debug|Win32
		{BF5043CC-071E-4F87-AF1C-E3ECF5A2B6BB}.Release|x64.ActiveCfg = Release|x64
		{BF5043CC-071E-4F87-AF1C-E3ECF5A2B6BB}.Release|x64.Build.0 = Release|x64
		{BF5043CC-071E-4F87-AF1C-E3ECF5A2B6BB}.Release|x86.ActiveCfg = Release|Win32
		{BF5043CC-071E-4F87-AF1C-E3ECF5A2B6BB}.Release|x86.Build.0 = Release|Win32
		{DAE378BC-2BCD-4F7B-ADC9-60AA9F4DF733}.Debug|x64.ActiveCfg = Debug|x64
		{DAE378BC-2BCD-4F7B-ADC9-60AA9F4DF733}.Debug|x64.Build.0 = Debug|x64
		{DAE378BC-2BCD-4F7B-ADC9-60AA9F4DF733}.Debug|x86.ActiveCfg = Debug|Win32
		{DAE378BC-2BCD-4F7B-ADC9-60AA9F4DF733}.Debug|x86.Build.0 = Debug|Win32
		{DAE378BC-2BCD-4F7B-ADC9-60AA9F4DF733}.Release|x64.ActiveCfg = Release|x64
		{DAE378BC-2BCD-4F7B-ADC9-60AA9F4DF733}.Release|x64.Build.0 = Release|x64
		{DAE378BC-2BCD-4F7B-ADC9-60AA9F4DF733}.Release|x86.ActiveCfg = Release|Win32
		{DAE378BC-2BCD-4F7B-ADC9-60AA9F4DF733}.Release|x86.Build.0 = Release|Win32
		{DB63DA14-5552-42B3-B3CF-30CFBB462177}.Debug|x64.ActiveCfg = Debug|x64
		{DB63DA14-5552-42B3-B3CF-30CFBB462177}.Debug|x64.Build.0 = Debug|x64
		{DB63DA14-5552-42B3-B3CF-30CFBB462177}.Debug|x86.ActiveCfg = Debug|Win32
		{DB63DA14-5552-42B3-B3CF-30CFBB462177}.Debug|x86.Build.0 = Debug|Win32
		{DB63DA14-5552-42B3-B3CF-30CFBB462177}.Release|x64.ActiveCfg = Release|x64
		{DB63DA14-5552-42B3-B3CF-30CFBB462177}.Release|x64.Build.0 = Release|x64
		{DB63DA14-5552-42B3-B3CF-30CFBB462177}.Release|x86.ActiveCfg = Release|Win32
		{DB63DA14-5552-42B3-B3CF-30CFBB462177}.Release|x86.Build.0 = Release|Win32
		{523AD1C2-2943-4C87-9C8C-189652895D9F}.Debug|x64.ActiveCfg = Debug|x64
		{523AD1C2-2943-4C87-9C8C-189652895D9F}.Debug|x64.Build.0 = Debug|x64
		{523AD1C2-2943-4C87-9C8C-189652895D9F}.Debug|x86.ActiveCfg = Debug|Win32
		{523AD1C2-2943-4C87-9C8C-189652895D9F}.Debug|x86.Build.0 = Debug|Win32
		{523AD1C2-2943-4C87-9C8C-189652895D9F}.Release|x64.ActiveCfg = Release|x64
		{523AD1C2-2943-4C87-9C8C-189652895D9F}.Release|x64.Build.0 = Release|x64
		{523AD1C2-2943-4C87-9C8C-189652895D9F}.Release|x86.ActiveCfg = Release|Win32
		{523AD1C2-2943-4C87-9C8C-189652895D9F}.Release|x86.Build.0 = Release|Win32
		{F79E69EB-131E-487E-ABAB-2C7BD2749BD0}.Debug|x64.ActiveCfg = Debug|x64
		{F79E69EB-131E-487E-ABAB-2C7BD2749BD0}.Debug|x64.Build.0 = Debug|x64
		{F79E69EB-131E-487E-ABAB-2C7BD2749BD0}.Debug|x86.ActiveCfg = Debug|Win32
		{F79E69EB-131E-487E-ABAB-2C7BD2749BD0}.Debug|x86.Build.0 = Debug|Win32
		{F79E69EB-131E-487E-ABAB-2C7BD2749BD0}.Release|x64.ActiveCfg = Release|x64
		{F79E69EB-131E-487E-ABAB-2C7BD2749BD0}.Release|x64.Build.0 = Release|x64
		{F79E69EB-131E-487E-ABAB-2C7BD2749BD0}.Release|x86.ActiveCfg = Release|Win32
		{F79E69EB-131E-487E-ABAB-2C7BD2749BD0}.Release|x86.Build.0 = Release|Win32
		{40025457-9835-46D1-BEF3-A954FA968675}.Debug|x64.ActiveCfg = Debug|x64
		{40025457-9835-46D1-BEF3-A954FA968675}.Debug|x64.Build.0 = Debug|x64
		{40025457-9835-46D1-BEF3-A954FA968675}.Debug|x86.ActiveCfg = Debug|Win32
		{40025457-9835-46D1-BEF3-A954FA968675}.Debug|x86.Build.0 = Debug|Win32
		{40025457-9835-46D1-BEF3-A954FA968675}.Release|x64.ActiveCfg = Release|x64
		{40025457-9835-46D1-BEF3-A954FA968675}.Release|x64.Build.0 = Release|x64
		{40025457-9835-46D1-BEF3-A954FA968675}.Release|x86.ActiveCfg = Release|Win32
		{40025457-9835-46D1-BEF3-A954FA968675}.Release|x86.Build.0 = Release|Win32
		{60C1F43D-114E-4651-8386-9A1A44208397}.Debug|x64.ActiveCfg = Debug|x64
		{60C1F43D-114E-4651-8386-9A1A44208397}.Debug|x64.Build.0 = Debug|x64
		{60C1F43D-114E-4651-8386-9A1A44208397}.Debug|x86.ActiveCfg = Debug|Win32
		{60C1F43D-114E-4651-8386-9A1A44208397}.Debug|x86.Build.0 = Debug|Win32
		{60C1F43D-114E-4651-8386-9A1A44208397}.Release|x64.ActiveCfg = Release|x64
		{60C1F43D-114E-4651-8386-9A1A44208397}.Release|x64.Build.0 = Release|x64
		{60C1F43D-114E-4651-8386-9A1A44208397}.Release|x86.ActiveCfg = Release|Win32
		{60C1F43D-114E-4651-8386-9A1A44208397}.Release|x86.Build.0 = Release|Win32
		{06148D49-A548-40D4-89EF-83256967765E}.Debug|x64.ActiveCfg = Debug|x64
		{06148D49-A548-40D4-89EF-83256967765E}.Debug|x64.Build.0 = Debug|x64
		{06148D49-A548-40D4-89EF-83256967765E}.Debug|x86.ActiveCfg = Debug|Win32
		{06148D49-A548-40D4-89EF-83256967765E}.Debug|x86.Build.0 = Debug|Win32
		{06148D49-A548-40D4-89EF-83256967765E}.Release|x64.ActiveCfg = Release|x64
		{06148D49-A548-40D4-89EF-83256967765E}.Release|x64.Build.0 = Release|x64
		{06148D49-A548-40D4-89EF-83256967765E}.Release|x86.ActiveCfg = Release|Win32
		{06148D49-A548-40D4-89EF-83256967765E}.Release|x86.Build.0 = Release|Win32
		{4CB95620-55D6-4F92-BE26-733B9115DA48}.Debug|x64.ActiveCfg = Debug|x64
		{4CB95620-55D6-4F92-BE26-733B9115DA48}.Debug|x64.Build.0 = Debug|x64
		{4CB95620-55D6-4F92-BE26-733B9115DA48}.Debug|x86.ActiveCfg = Debug|Win32
		{4CB95620-55D6-4F92-BE26-733B9115DA48}.Debug|x86.Build.0 = Debug|Win32
		{4CB95620-55D6-4F92-BE26-733B9115DA48}.Release|x64.ActiveCfg = Release|x64
		{4CB95620-55D6-4F92-BE26-733B9115DA48}.Release|x64.Build.0 = Release|x64
		{4CB95620-55D6-4F92-BE26-733B9115DA48}.Release|x86.ActiveCfg = Release|Win32
		{4CB95620-55D6-4F92-BE26-733B9115DA48}.Release|x86.Build.0 = Release|Win32
		{062E1FA1-DEF7-48B0-80CD-E906C21EB623}.Debug|x64.ActiveCfg = Debug|x64
		{062E1FA1-DEF7-48B0-80CD-E906C21EB623}.Debug|x64.Build.0 = Debug|x64
		{062E1FA1-DEF7-48B0-80CD-E906C21EB623}.Debug|x86.ActiveCfg = Debug|Win32
		{062E1FA1-DEF7-48B0-80CD-E906C21EB623}.Debug|x86.Build.0 = Debug|Win32
		{062E1FA1-DEF7-48B0-80CD-E906C21EB623}.Release|x64.ActiveCfg = Release|x64
		{062E1FA1-DEF7-48B0-80CD-E906C21EB623}.Release|x64.Build.0 = Release|x64
		{062E1FA1-DEF7-48B0-80CD-E906C21EB623}.Release|x86.ActiveCfg = Release|Win32
		{062E1FA1-DEF7-48B0-80CD-E906C21EB623}.Release|x86.Build.0 = Release|Win32
	EndGlobalSection
	GlobalSection(SolutionProperties) = preSolution
		HideSolutionNode = FALSE
	EndGlobalSection
EndGlobal
